{
    "version": 3,
    "terraform_version": "0.11.12",
    "serial": 7,
    "lineage": "a7aecad4-3800-495e-a84c-c2958e0664fb",
    "modules": [
        {
            "path": [
                "root"
            ],
            "outputs": {},
            "resources": {
                "data.vsphere_datacenter.dc": {
                    "type": "vsphere_datacenter",
                    "depends_on": [],
                    "primary": {
                        "id": "datacenter-21",
                        "attributes": {
                            "id": "datacenter-21",
                            "name": "OKR01-M01"
                        },
                        "meta": {},
                        "tainted": false
                    },
                    "deposed": [],
                    "provider": "provider.vsphere"
                }
            },
            "depends_on": []
        },
        {
            "path": [
                "root",
                "bootstrap"
            ],
            "outputs": {
                "ip_addresses": {
                    "sensitive": false,
                    "type": "list",
                    "value": [
                        "172.25.0.34"
                    ]
                }
            },
            "resources": {
                "data.ignition_config.ign": {
                    "type": "ignition_config",
                    "depends_on": [
                        "data.ignition_file.hostname.*",
                        "data.ignition_file.static_ip.*",
                        "data.ignition_systemd_unit.restart.*",
                        "local.ignition_encoded"
                    ],
                    "primary": {
                        "id": "dbdaab75c37926c96b61479b26bd613662665e2b603b9b874f4967ea6e130535",
                        "attributes": {
                            "append.#": "1",
                            "append.0.source": "https://oakridge-ocp-bootstrap-ign.s3.amazonaws.com/bootstrap.ign",
                            "append.0.verification": "",
                            "files.#": "2",
                            "files.0": "5f92e4f010d05e79395491624b4dddf7278ff3404ed54bf13e4850f1ac806e6b",
                            "files.1": "871613a9ab4691fc7f5d9fedf144690879e1d38b07c5a8fc9ba17be6ce55aadf",
                            "id": "dbdaab75c37926c96b61479b26bd613662665e2b603b9b874f4967ea6e130535",
                            "rendered": "{\"ignition\":{\"config\":{\"append\":[{\"source\":\"https://oakridge-ocp-bootstrap-ign.s3.amazonaws.com/bootstrap.ign\",\"verification\":{}}]},\"timeouts\":{},\"version\":\"2.1.0\"},\"networkd\":{},\"passwd\":{},\"storage\":{\"files\":[{\"filesystem\":\"root\",\"group\":{},\"path\":\"/etc/hostname\",\"user\":{},\"contents\":{\"source\":\"data:text/plain;charset=utf-8;base64,Q05QLU9DUC1CT09UMDE=\",\"verification\":{}},\"mode\":420},{\"filesystem\":\"root\",\"group\":{},\"path\":\"/etc/sysconfig/network-scripts/ifcfg-ens192\",\"user\":{},\"contents\":{\"source\":\"data:text/plain;charset=utf-8;base64,VFlQRT1FdGhlcm5ldApCT09UUFJPVE89bm9uZQpOQU1FPWVuczE5MgpERVZJQ0U9ZW5zMTkyCk9OQk9PVD15ZXMKSVBBRERSPTE3Mi4yNS4wLjM0ClBSRUZJWD0xNgpHQVRFV0FZPTE3Mi4yNS4wLjEKRE9NQUlOPW9jcC5icm9rZXIuc2FpYy5jb20KRE5TMT0xNzIuMTguMjAuMTEKRE5TMj0xNzIuMTguMjAuMTIK\",\"verification\":{}},\"mode\":420}]},\"systemd\":{\"units\":[{\"contents\":\"[Unit]\\nConditionFirstBoot=yes\\n[Service]\\nType=idle\\nExecStart=/sbin/reboot\\n[Install]\\nWantedBy=multi-user.target\\n\",\"enabled\":true,\"name\":\"restart.service\"}]}}",
                            "systemd.#": "1",
                            "systemd.0": "2b2088c1732c1d1acffcbbe6386c2952e57ca2903cec0dc24bd4cb0f42abc300"
                        },
                        "meta": {},
                        "tainted": false
                    },
                    "deposed": [],
                    "provider": "module.bootstrap.provider.ignition"
                },
                "data.ignition_file.hostname": {
                    "type": "ignition_file",
                    "depends_on": [],
                    "primary": {
                        "id": "5f92e4f010d05e79395491624b4dddf7278ff3404ed54bf13e4850f1ac806e6b",
                        "attributes": {
                            "content.#": "1",
                            "content.0.content": "CNP-OCP-BOOT01",
                            "content.0.mime": "text/plain",
                            "filesystem": "root",
                            "id": "5f92e4f010d05e79395491624b4dddf7278ff3404ed54bf13e4850f1ac806e6b",
                            "mode": "420",
                            "path": "/etc/hostname"
                        },
                        "meta": {},
                        "tainted": false
                    },
                    "deposed": [],
                    "provider": "module.bootstrap.provider.ignition"
                },
                "data.ignition_file.static_ip": {
                    "type": "ignition_file",
                    "depends_on": [
                        "local.gw",
                        "local.ip_addresses",
                        "local.mask"
                    ],
                    "primary": {
                        "id": "871613a9ab4691fc7f5d9fedf144690879e1d38b07c5a8fc9ba17be6ce55aadf",
                        "attributes": {
                            "content.#": "1",
                            "content.0.content": "TYPE=Ethernet\nBOOTPROTO=none\nNAME=ens192\nDEVICE=ens192\nONBOOT=yes\nIPADDR=172.25.0.34\nPREFIX=16\nGATEWAY=172.25.0.1\nDOMAIN=ocp.broker.saic.com\nDNS1=172.18.20.11\nDNS2=172.18.20.12\n",
                            "content.0.mime": "text/plain",
                            "filesystem": "root",
                            "id": "871613a9ab4691fc7f5d9fedf144690879e1d38b07c5a8fc9ba17be6ce55aadf",
                            "mode": "420",
                            "path": "/etc/sysconfig/network-scripts/ifcfg-ens192"
                        },
                        "meta": {},
                        "tainted": false
                    },
                    "deposed": [],
                    "provider": "module.bootstrap.provider.ignition"
                },
                "data.ignition_systemd_unit.restart": {
                    "type": "ignition_systemd_unit",
                    "depends_on": [],
                    "primary": {
                        "id": "2b2088c1732c1d1acffcbbe6386c2952e57ca2903cec0dc24bd4cb0f42abc300",
                        "attributes": {
                            "content": "[Unit]\nConditionFirstBoot=yes\n[Service]\nType=idle\nExecStart=/sbin/reboot\n[Install]\nWantedBy=multi-user.target\n",
                            "enabled": "true",
                            "id": "2b2088c1732c1d1acffcbbe6386c2952e57ca2903cec0dc24bd4cb0f42abc300",
                            "name": "restart.service"
                        },
                        "meta": {},
                        "tainted": false
                    },
                    "deposed": [],
                    "provider": "module.bootstrap.provider.ignition"
                },
                "data.vsphere_datastore.datastore": {
                    "type": "vsphere_datastore",
                    "depends_on": [],
                    "primary": {
                        "id": "datastore-41",
                        "attributes": {
                            "datacenter_id": "datacenter-21",
                            "id": "datastore-41",
                            "name": "OKR01-M01-MGMT01-VSAN"
                        },
                        "meta": {},
                        "tainted": false
                    },
                    "deposed": [],
                    "provider": "provider.vsphere"
                },
                "data.vsphere_network.network": {
                    "type": "vsphere_network",
                    "depends_on": [],
                    "primary": {
                        "id": "dvportgroup-1112",
                        "attributes": {
                            "datacenter_id": "datacenter-21",
                            "id": "dvportgroup-1112",
                            "name": "vxw-dvs-28-universalwire-27-sid-30015-SDI-ULS-Segment-Prod-Services-OCP_2",
                            "type": "DistributedVirtualPortgroup"
                        },
                        "meta": {},
                        "tainted": false
                    },
                    "deposed": [],
                    "provider": "provider.vsphere"
                },
                "data.vsphere_virtual_machine.template": {
                    "type": "vsphere_virtual_machine",
                    "depends_on": [],
                    "primary": {
                        "id": "423f99a6-1a60-fd19-01a7-8d964cb7d510",
                        "attributes": {
                            "alternate_guest_name": "",
                            "datacenter_id": "datacenter-21",
                            "disks.#": "1",
                            "disks.0.eagerly_scrub": "false",
                            "disks.0.size": "16",
                            "disks.0.thin_provisioned": "false",
                            "firmware": "bios",
                            "guest_id": "rhel7_64Guest",
                            "id": "423f99a6-1a60-fd19-01a7-8d964cb7d510",
                            "name": "TMPL-SVR-RHCOS01",
                            "network_interface_types.#": "1",
                            "network_interface_types.0": "vmxnet3",
                            "scsi_bus_sharing": "noSharing",
                            "scsi_controller_scan_count": "1",
                            "scsi_type": "pvscsi"
                        },
                        "meta": {},
                        "tainted": false
                    },
                    "deposed": [],
                    "provider": "provider.vsphere"
                },
                "vsphere_virtual_machine.vm": {
                    "type": "vsphere_virtual_machine",
                    "depends_on": [
                        "data.ignition_config.ign.*",
                        "data.vsphere_datastore.datastore",
                        "data.vsphere_network.network",
                        "data.vsphere_virtual_machine.template"
                    ],
                    "primary": {
                        "id": "423f69cd-5464-b11f-e0b8-775de21d0698",
                        "attributes": {
                            "alternate_guest_name": "",
                            "annotation": "",
                            "boot_delay": "0",
                            "boot_retry_delay": "10000",
                            "boot_retry_enabled": "false",
                            "cdrom.#": "0",
                            "change_version": "2020-01-29T19:06:09.930916Z",
                            "clone.#": "1",
                            "clone.0.customize.#": "0",
                            "clone.0.linked_clone": "false",
                            "clone.0.template_uuid": "423f99a6-1a60-fd19-01a7-8d964cb7d510",
                            "clone.0.timeout": "30",
                            "cpu_hot_add_enabled": "false",
                            "cpu_hot_remove_enabled": "false",
                            "cpu_limit": "-1",
                            "cpu_performance_counters_enabled": "false",
                            "cpu_reservation": "0",
                            "cpu_share_count": "4000",
                            "cpu_share_level": "normal",
                            "custom_attributes.%": "0",
                            "datastore_id": "datastore-41",
                            "disk.#": "1",
                            "disk.0.attach": "false",
                            "disk.0.datastore_id": "datastore-41",
                            "disk.0.device_address": "scsi:0:0",
                            "disk.0.disk_mode": "persistent",
                            "disk.0.disk_sharing": "sharingNone",
                            "disk.0.eagerly_scrub": "false",
                            "disk.0.io_limit": "-1",
                            "disk.0.io_reservation": "0",
                            "disk.0.io_share_count": "1000",
                            "disk.0.io_share_level": "normal",
                            "disk.0.keep_on_remove": "false",
                            "disk.0.key": "2000",
                            "disk.0.label": "disk0",
                            "disk.0.name": "",
                            "disk.0.path": "7ed7315e-3c81-5248-3dc3-000af7ef6f60/CNP-OCP-BOOT01.vmdk",
                            "disk.0.size": "60",
                            "disk.0.thin_provisioned": "false",
                            "disk.0.unit_number": "0",
                            "disk.0.uuid": "6000C297-f427-1552-a432-f7ff6e200dbe",
                            "disk.0.write_through": "false",
                            "efi_secure_boot_enabled": "false",
                            "enable_disk_uuid": "true",
                            "enable_logging": "false",
                            "ept_rvi_mode": "automatic",
                            "extra_config.%": "0",
                            "firmware": "bios",
                            "folder": "Red Hat-ocp",
                            "force_power_off": "true",
                            "guest_id": "rhel7_64Guest",
                            "guest_ip_addresses.#": "0",
                            "host_system_id": "host-38",
                            "hv_mode": "hvAuto",
                            "id": "423f69cd-5464-b11f-e0b8-775de21d0698",
                            "latency_sensitivity": "normal",
                            "memory": "8192",
                            "memory_hot_add_enabled": "false",
                            "memory_limit": "-1",
                            "memory_reservation": "0",
                            "memory_share_count": "81920",
                            "memory_share_level": "normal",
                            "migrate_wait_timeout": "30",
                            "moid": "vm-2301",
                            "name": "CNP-OCP-BOOT01",
                            "nested_hv_enabled": "false",
                            "network_interface.#": "1",
                            "network_interface.0.adapter_type": "vmxnet3",
                            "network_interface.0.bandwidth_limit": "-1",
                            "network_interface.0.bandwidth_reservation": "0",
                            "network_interface.0.bandwidth_share_count": "50",
                            "network_interface.0.bandwidth_share_level": "normal",
                            "network_interface.0.device_address": "pci:0:7",
                            "network_interface.0.key": "4000",
                            "network_interface.0.mac_address": "00:50:56:bf:96:e8",
                            "network_interface.0.network_id": "dvportgroup-1112",
                            "network_interface.0.use_static_mac": "false",
                            "num_cores_per_socket": "1",
                            "num_cpus": "4",
                            "reboot_required": "false",
                            "resource_pool_id": "resgroup-2296",
                            "run_tools_scripts_after_power_on": "true",
                            "run_tools_scripts_after_resume": "true",
                            "run_tools_scripts_before_guest_reboot": "false",
                            "run_tools_scripts_before_guest_shutdown": "true",
                            "run_tools_scripts_before_guest_standby": "true",
                            "scsi_bus_sharing": "noSharing",
                            "scsi_controller_count": "1",
                            "scsi_type": "pvscsi",
                            "shutdown_wait_timeout": "3",
                            "swap_placement_policy": "inherit",
                            "sync_time_with_host": "false",
                            "tags.#": "0",
                            "uuid": "423f69cd-5464-b11f-e0b8-775de21d0698",
                            "vapp.#": "1",
                            "vapp.0.properties.%": "2",
                            "vapp.0.properties.guestinfo.ignition.config.data": "eyJpZ25pdGlvbiI6eyJjb25maWciOnsiYXBwZW5kIjpbeyJzb3VyY2UiOiJodHRwczovL29ha3JpZGdlLW9jcC1ib290c3RyYXAtaWduLnMzLmFtYXpvbmF3cy5jb20vYm9vdHN0cmFwLmlnbiIsInZlcmlmaWNhdGlvbiI6e319XX0sInRpbWVvdXRzIjp7fSwidmVyc2lvbiI6IjIuMS4wIn0sIm5ldHdvcmtkIjp7fSwicGFzc3dkIjp7fSwic3RvcmFnZSI6eyJmaWxlcyI6W3siZmlsZXN5c3RlbSI6InJvb3QiLCJncm91cCI6e30sInBhdGgiOiIvZXRjL2hvc3RuYW1lIiwidXNlciI6e30sImNvbnRlbnRzIjp7InNvdXJjZSI6ImRhdGE6dGV4dC9wbGFpbjtjaGFyc2V0PXV0Zi04O2Jhc2U2NCxRMDVRTFU5RFVDMUNUMDlVTURFPSIsInZlcmlmaWNhdGlvbiI6e319LCJtb2RlIjo0MjB9LHsiZmlsZXN5c3RlbSI6InJvb3QiLCJncm91cCI6e30sInBhdGgiOiIvZXRjL3N5c2NvbmZpZy9uZXR3b3JrLXNjcmlwdHMvaWZjZmctZW5zMTkyIiwidXNlciI6e30sImNvbnRlbnRzIjp7InNvdXJjZSI6ImRhdGE6dGV4dC9wbGFpbjtjaGFyc2V0PXV0Zi04O2Jhc2U2NCxWRmxRUlQxRmRHaGxjbTVsZEFwQ1QwOVVVRkpQVkU4OWJtOXVaUXBPUVUxRlBXVnVjekU1TWdwRVJWWkpRMFU5Wlc1ek1Ua3lDazlPUWs5UFZEMTVaWE1LU1ZCQlJFUlNQVEUzTWk0eU5TNHdMak0wQ2xCU1JVWkpXRDB4TmdwSFFWUkZWMEZaUFRFM01pNHlOUzR3TGpFS1JFOU5RVWxPUFc5amNDNWljbTlyWlhJdWMyRnBZeTVqYjIwS1JFNVRNVDB4TnpJdU1UZ3VNakF1TVRFS1JFNVRNajB4TnpJdU1UZ3VNakF1TVRJSyIsInZlcmlmaWNhdGlvbiI6e319LCJtb2RlIjo0MjB9XX0sInN5c3RlbWQiOnsidW5pdHMiOlt7ImNvbnRlbnRzIjoiW1VuaXRdXG5Db25kaXRpb25GaXJzdEJvb3Q9eWVzXG5bU2VydmljZV1cblR5cGU9aWRsZVxuRXhlY1N0YXJ0PS9zYmluL3JlYm9vdFxuW0luc3RhbGxdXG5XYW50ZWRCeT1tdWx0aS11c2VyLnRhcmdldFxuIiwiZW5hYmxlZCI6dHJ1ZSwibmFtZSI6InJlc3RhcnQuc2VydmljZSJ9XX19",
                            "vapp.0.properties.guestinfo.ignition.config.data.encoding": "base64",
                            "vapp_transport.#": "1",
                            "vapp_transport.0": "com.vmware.guestInfo",
                            "vmware_tools_status": "guestToolsNotRunning",
                            "vmx_path": "7ed7315e-3c81-5248-3dc3-000af7ef6f60/CNP-OCP-BOOT01.vmx",
                            "wait_for_guest_ip_timeout": "0",
                            "wait_for_guest_net_routable": "false",
                            "wait_for_guest_net_timeout": "0"
                        },
                        "meta": {
                            "schema_version": "3"
                        },
                        "tainted": false
                    },
                    "deposed": [],
                    "provider": "provider.vsphere"
                }
            },
            "depends_on": []
        },
        {
            "path": [
                "root",
                "compute"
            ],
            "outputs": {
                "ip_addresses": {
                    "sensitive": false,
                    "type": "list",
                    "value": [
                        "172.25.0.38",
                        "172.25.0.39",
                        "172.25.0.40"
                    ]
                }
            },
            "resources": {
                "data.ignition_config.ign.0": {
                    "type": "ignition_config",
                    "depends_on": [
                        "data.ignition_file.hostname.*",
                        "data.ignition_file.static_ip.*",
                        "data.ignition_systemd_unit.restart.*",
                        "local.ignition_encoded"
                    ],
                    "primary": {
                        "id": "64403c9151795b478af3e938ce9ea9135dc6578a6af73461389a88a248a20698",
                        "attributes": {
                            "append.#": "1",
                            "append.0.source": "data:text/plain;charset=utf-8;base64,CnsiaWduaXRpb24iOnsiY29uZmlnIjp7ImFwcGVuZCI6W3sic291cmNlIjoiaHR0cHM6Ly9hcGktaW50Lm9jcC5icm9rZXIuc2FpYy5jb206MjI2MjMvY29uZmlnL3dvcmtlciIsInZlcmlmaWNhdGlvbiI6e319XX0sInNlY3VyaXR5Ijp7InRscyI6eyJjZXJ0aWZpY2F0ZUF1dGhvcml0aWVzIjpbeyJzb3VyY2UiOiJkYXRhOnRleHQvcGxhaW47Y2hhcnNldD11dGYtODtiYXNlNjQsTFMwdExTMUNSVWRKVGlCRFJWSlVTVVpKUTBGVVJTMHRMUzB0Q2sxSlNVUkZSRU5EUVdacFowRjNTVUpCWjBsSlJrMUtabEY0YTBsUFpWbDNSRkZaU2t0dldrbG9kbU5PUVZGRlRFSlJRWGRLYWtWVFRVSkJSMEV4VlVVS1EzaE5TbUl6UW14aWJrNXZZVmRhTUUxU1FYZEVaMWxFVmxGUlJFVjNaSGxpTWprd1RGZE9hRTFDTkZoRVZFbDNUVVJGZVU5VVJUVk5SRWwzVDBadldBcEVWRTEzVFVSRmVVNXFSVFZOUkVsM1QwWnZkMHBxUlZOTlFrRkhRVEZWUlVONFRVcGlNMEpzWW01T2IyRlhXakJOVWtGM1JHZFpSRlpSVVVSRmQyUjVDbUl5T1RCTVYwNW9UVWxKUWtscVFVNUNaMnR4YUd0cFJ6bDNNRUpCVVVWR1FVRlBRMEZST0VGTlNVbENRMmRMUTBGUlJVRjFXbTVZYkN0VFFYbEpWRE1LVWtKV2VqSndNR3BFU1RjclpIQlpMM055WVhReVMweHlUemRNZUdkMFNVRmljSFJJUmpSU0x6aGtTeXRKUkVoa1ZuRkNlRk5XT0RoNWVXb3JXWEJRYkFwVlRFbFFSR2xOVW5sbFpYWk5TRE13TjNobFQzbDVibkpWZFdGUFpGSlRkblk0TlhkaFNVMTVlU3M0Ymk5SVRrbzJkRFZoUkRaV05FMXNWbVpwT1RsQ0NubDZNMU51TVhnM2EwRkROMHhQY1RWWmRFVndja2QxV0U5SE0zbFlkVXhYWmpGSk0zcE9PWGhyWVhCMlpsQklSbEZVYTBkME1ubHdjVVJ2ZG14RmRITUtLME00Y2pOTmNFVXpOVXQwVFZkamVFazBTVUoyVGxoRWFXUmpha3cwYlhaWlptaHlUMGhGTmxFd1FsTlhNbEVyTWpsSlJtZFhXRWQxWldSUVpWUTVjd3BCTkVOWFNXeDNkVkJGVWtaaWNEWkJXVEJsSzI5dkt6UjVSbVl3VVdkMFUxZEhhV3ROWldoTk9VSmFObWhVZDNsM2MzVmtURzVEUm1oR1FrWmhUMlpEQ2sxRVNtRTVkVEY1VkhkSlJFRlJRVUp2TUVsM1VVUkJUMEpuVGxaSVVUaENRV1k0UlVKQlRVTkJjVkYzUkhkWlJGWlNNRlJCVVVndlFrRlZkMEYzUlVJS0wzcEJaRUpuVGxaSVVUUkZSbWRSVlN0S1ZVZEliSGxaZVZRd1VVeHVkMEZKTDFwNlRXVjZSMHhWVVhkRVVWbEtTMjlhU1doMlkwNUJVVVZNUWxGQlJBcG5aMFZDUVVWWWVVZHdLekpCZFhsbE0yWXdRbnBTYVdGeFNEZEdaMWxrY20wdmQzZzVVVWxHWVc0cmRHdEJjbFk1ZFVsR05HVk5TbmR5UkN0SlpVOW9DbWxwYkZOMlRXdzNja1ZoZEZKRlZUQk9hbmwzTUVkemNtMDBTaXQ0VTFGVUsxWm1LMmxUUWtad2VXSTVhR3R1TDI1S1RqaDRPRFF5U1VVMVJHVjJaMmNLT1dKelRrTnNWVlYzY1ZCSGJFRnBSa1Z4VVdWR1NIaFRNVGc0UlRKeGJXbGtTREZ5WTAxYWRUbEdhMlF6ZG5kb2NuWk1ZMHQwTldvd1JXbGliREozUkFwWk5qUjJkakZUVDNCQ1ZYcE9kbWw2Tm5SRE5reERhMWd4Y2toTmIxazRSRWgzUWpKak1XNUhNVkJWTHk5UWMxcDNlamxTU3pSRGRHRjJORWRTTjB0aUNtZEZVMmxTZUV0WE4yNVBUelZDTXpKTFpVVkRXV0pLT0ZsRlpsUnZNR3hyYlV0MVZXeFNhbVJoUkZaQldFeExLemhTYmtka2EyTXpLemc0UWtsTWNIa0tkRTh3ZEVwa1owNWtZalpXWVV4bmIybExTR28wTlUxcU5HbEJQUW90TFMwdExVVk9SQ0JEUlZKVVNVWkpRMEZVUlMwdExTMHRDZz09IiwidmVyaWZpY2F0aW9uIjp7fX1dfX0sInRpbWVvdXRzIjp7fSwidmVyc2lvbiI6IjIuMi4wIn0sIm5ldHdvcmtkIjp7fSwicGFzc3dkIjp7fSwic3RvcmFnZSI6e30sInN5c3RlbWQiOnt9fQo=",
                            "append.0.verification": "",
                            "files.#": "2",
                            "files.0": "75cb6c88c8f70b063c4612dfdba183831931c4669ef57365e0f3c0baf70927d7",
                            "files.1": "9800b53ff8ea74b050f98e5b4b84b4e4f5c1c3eff4aa934c23c52c322acc540e",
                            "id": "64403c9151795b478af3e938ce9ea9135dc6578a6af73461389a88a248a20698",
                            "rendered": "{\"ignition\":{\"config\":{\"append\":[{\"source\":\"data:text/plain;charset=utf-8;base64,CnsiaWduaXRpb24iOnsiY29uZmlnIjp7ImFwcGVuZCI6W3sic291cmNlIjoiaHR0cHM6Ly9hcGktaW50Lm9jcC5icm9rZXIuc2FpYy5jb206MjI2MjMvY29uZmlnL3dvcmtlciIsInZlcmlmaWNhdGlvbiI6e319XX0sInNlY3VyaXR5Ijp7InRscyI6eyJjZXJ0aWZpY2F0ZUF1dGhvcml0aWVzIjpbeyJzb3VyY2UiOiJkYXRhOnRleHQvcGxhaW47Y2hhcnNldD11dGYtODtiYXNlNjQsTFMwdExTMUNSVWRKVGlCRFJWSlVTVVpKUTBGVVJTMHRMUzB0Q2sxSlNVUkZSRU5EUVdacFowRjNTVUpCWjBsSlJrMUtabEY0YTBsUFpWbDNSRkZaU2t0dldrbG9kbU5PUVZGRlRFSlJRWGRLYWtWVFRVSkJSMEV4VlVVS1EzaE5TbUl6UW14aWJrNXZZVmRhTUUxU1FYZEVaMWxFVmxGUlJFVjNaSGxpTWprd1RGZE9hRTFDTkZoRVZFbDNUVVJGZVU5VVJUVk5SRWwzVDBadldBcEVWRTEzVFVSRmVVNXFSVFZOUkVsM1QwWnZkMHBxUlZOTlFrRkhRVEZWUlVONFRVcGlNMEpzWW01T2IyRlhXakJOVWtGM1JHZFpSRlpSVVVSRmQyUjVDbUl5T1RCTVYwNW9UVWxKUWtscVFVNUNaMnR4YUd0cFJ6bDNNRUpCVVVWR1FVRlBRMEZST0VGTlNVbENRMmRMUTBGUlJVRjFXbTVZYkN0VFFYbEpWRE1LVWtKV2VqSndNR3BFU1RjclpIQlpMM055WVhReVMweHlUemRNZUdkMFNVRmljSFJJUmpSU0x6aGtTeXRKUkVoa1ZuRkNlRk5XT0RoNWVXb3JXWEJRYkFwVlRFbFFSR2xOVW5sbFpYWk5TRE13TjNobFQzbDVibkpWZFdGUFpGSlRkblk0TlhkaFNVMTVlU3M0Ymk5SVRrbzJkRFZoUkRaV05FMXNWbVpwT1RsQ0NubDZNMU51TVhnM2EwRkROMHhQY1RWWmRFVndja2QxV0U5SE0zbFlkVXhYWmpGSk0zcE9PWGhyWVhCMlpsQklSbEZVYTBkME1ubHdjVVJ2ZG14RmRITUtLME00Y2pOTmNFVXpOVXQwVFZkamVFazBTVUoyVGxoRWFXUmpha3cwYlhaWlptaHlUMGhGTmxFd1FsTlhNbEVyTWpsSlJtZFhXRWQxWldSUVpWUTVjd3BCTkVOWFNXeDNkVkJGVWtaaWNEWkJXVEJsSzI5dkt6UjVSbVl3VVdkMFUxZEhhV3ROWldoTk9VSmFObWhVZDNsM2MzVmtURzVEUm1oR1FrWmhUMlpEQ2sxRVNtRTVkVEY1VkhkSlJFRlJRVUp2TUVsM1VVUkJUMEpuVGxaSVVUaENRV1k0UlVKQlRVTkJjVkYzUkhkWlJGWlNNRlJCVVVndlFrRlZkMEYzUlVJS0wzcEJaRUpuVGxaSVVUUkZSbWRSVlN0S1ZVZEliSGxaZVZRd1VVeHVkMEZKTDFwNlRXVjZSMHhWVVhkRVVWbEtTMjlhU1doMlkwNUJVVVZNUWxGQlJBcG5aMFZDUVVWWWVVZHdLekpCZFhsbE0yWXdRbnBTYVdGeFNEZEdaMWxrY20wdmQzZzVVVWxHWVc0cmRHdEJjbFk1ZFVsR05HVk5TbmR5UkN0SlpVOW9DbWxwYkZOMlRXdzNja1ZoZEZKRlZUQk9hbmwzTUVkemNtMDBTaXQ0VTFGVUsxWm1LMmxUUWtad2VXSTVhR3R1TDI1S1RqaDRPRFF5U1VVMVJHVjJaMmNLT1dKelRrTnNWVlYzY1ZCSGJFRnBSa1Z4VVdWR1NIaFRNVGc0UlRKeGJXbGtTREZ5WTAxYWRUbEdhMlF6ZG5kb2NuWk1ZMHQwTldvd1JXbGliREozUkFwWk5qUjJkakZUVDNCQ1ZYcE9kbWw2Tm5SRE5reERhMWd4Y2toTmIxazRSRWgzUWpKak1XNUhNVkJWTHk5UWMxcDNlamxTU3pSRGRHRjJORWRTTjB0aUNtZEZVMmxTZUV0WE4yNVBUelZDTXpKTFpVVkRXV0pLT0ZsRlpsUnZNR3hyYlV0MVZXeFNhbVJoUkZaQldFeExLemhTYmtka2EyTXpLemc0UWtsTWNIa0tkRTh3ZEVwa1owNWtZalpXWVV4bmIybExTR28wTlUxcU5HbEJQUW90TFMwdExVVk9SQ0JEUlZKVVNVWkpRMEZVUlMwdExTMHRDZz09IiwidmVyaWZpY2F0aW9uIjp7fX1dfX0sInRpbWVvdXRzIjp7fSwidmVyc2lvbiI6IjIuMi4wIn0sIm5ldHdvcmtkIjp7fSwicGFzc3dkIjp7fSwic3RvcmFnZSI6e30sInN5c3RlbWQiOnt9fQo=\",\"verification\":{}}]},\"timeouts\":{},\"version\":\"2.1.0\"},\"networkd\":{},\"passwd\":{},\"storage\":{\"files\":[{\"filesystem\":\"root\",\"group\":{},\"path\":\"/etc/hostname\",\"user\":{},\"contents\":{\"source\":\"data:text/plain;charset=utf-8;base64,Q05QLU9DUC1DT01QMDE=\",\"verification\":{}},\"mode\":420},{\"filesystem\":\"root\",\"group\":{},\"path\":\"/etc/sysconfig/network-scripts/ifcfg-ens192\",\"user\":{},\"contents\":{\"source\":\"data:text/plain;charset=utf-8;base64,VFlQRT1FdGhlcm5ldApCT09UUFJPVE89bm9uZQpOQU1FPWVuczE5MgpERVZJQ0U9ZW5zMTkyCk9OQk9PVD15ZXMKSVBBRERSPTE3Mi4yNS4wLjM4ClBSRUZJWD0xNgpHQVRFV0FZPTE3Mi4yNS4wLjEKRE9NQUlOPW9jcC5icm9rZXIuc2FpYy5jb20KRE5TMT0xNzIuMTguMjAuMTEKRE5TMj0xNzIuMTguMjAuMTIK\",\"verification\":{}},\"mode\":420}]},\"systemd\":{\"units\":[{\"contents\":\"[Unit]\\nConditionFirstBoot=yes\\n[Service]\\nType=idle\\nExecStart=/sbin/reboot\\n[Install]\\nWantedBy=multi-user.target\\n\",\"enabled\":true,\"name\":\"restart.service\"}]}}",
                            "systemd.#": "1",
                            "systemd.0": "2b2088c1732c1d1acffcbbe6386c2952e57ca2903cec0dc24bd4cb0f42abc300"
                        },
                        "meta": {},
                        "tainted": false
                    },
                    "deposed": [],
                    "provider": "module.compute.provider.ignition"
                },
                "data.ignition_config.ign.1": {
                    "type": "ignition_config",
                    "depends_on": [
                        "data.ignition_file.hostname.*",
                        "data.ignition_file.static_ip.*",
                        "data.ignition_systemd_unit.restart.*",
                        "local.ignition_encoded"
                    ],
                    "primary": {
                        "id": "a5de3374d91d085a4fd4e408fca55e91f88dfd28b1a932d62eb2a6c9aa5d9bb1",
                        "attributes": {
                            "append.#": "1",
                            "append.0.source": "data:text/plain;charset=utf-8;base64,CnsiaWduaXRpb24iOnsiY29uZmlnIjp7ImFwcGVuZCI6W3sic291cmNlIjoiaHR0cHM6Ly9hcGktaW50Lm9jcC5icm9rZXIuc2FpYy5jb206MjI2MjMvY29uZmlnL3dvcmtlciIsInZlcmlmaWNhdGlvbiI6e319XX0sInNlY3VyaXR5Ijp7InRscyI6eyJjZXJ0aWZpY2F0ZUF1dGhvcml0aWVzIjpbeyJzb3VyY2UiOiJkYXRhOnRleHQvcGxhaW47Y2hhcnNldD11dGYtODtiYXNlNjQsTFMwdExTMUNSVWRKVGlCRFJWSlVTVVpKUTBGVVJTMHRMUzB0Q2sxSlNVUkZSRU5EUVdacFowRjNTVUpCWjBsSlJrMUtabEY0YTBsUFpWbDNSRkZaU2t0dldrbG9kbU5PUVZGRlRFSlJRWGRLYWtWVFRVSkJSMEV4VlVVS1EzaE5TbUl6UW14aWJrNXZZVmRhTUUxU1FYZEVaMWxFVmxGUlJFVjNaSGxpTWprd1RGZE9hRTFDTkZoRVZFbDNUVVJGZVU5VVJUVk5SRWwzVDBadldBcEVWRTEzVFVSRmVVNXFSVFZOUkVsM1QwWnZkMHBxUlZOTlFrRkhRVEZWUlVONFRVcGlNMEpzWW01T2IyRlhXakJOVWtGM1JHZFpSRlpSVVVSRmQyUjVDbUl5T1RCTVYwNW9UVWxKUWtscVFVNUNaMnR4YUd0cFJ6bDNNRUpCVVVWR1FVRlBRMEZST0VGTlNVbENRMmRMUTBGUlJVRjFXbTVZYkN0VFFYbEpWRE1LVWtKV2VqSndNR3BFU1RjclpIQlpMM055WVhReVMweHlUemRNZUdkMFNVRmljSFJJUmpSU0x6aGtTeXRKUkVoa1ZuRkNlRk5XT0RoNWVXb3JXWEJRYkFwVlRFbFFSR2xOVW5sbFpYWk5TRE13TjNobFQzbDVibkpWZFdGUFpGSlRkblk0TlhkaFNVMTVlU3M0Ymk5SVRrbzJkRFZoUkRaV05FMXNWbVpwT1RsQ0NubDZNMU51TVhnM2EwRkROMHhQY1RWWmRFVndja2QxV0U5SE0zbFlkVXhYWmpGSk0zcE9PWGhyWVhCMlpsQklSbEZVYTBkME1ubHdjVVJ2ZG14RmRITUtLME00Y2pOTmNFVXpOVXQwVFZkamVFazBTVUoyVGxoRWFXUmpha3cwYlhaWlptaHlUMGhGTmxFd1FsTlhNbEVyTWpsSlJtZFhXRWQxWldSUVpWUTVjd3BCTkVOWFNXeDNkVkJGVWtaaWNEWkJXVEJsSzI5dkt6UjVSbVl3VVdkMFUxZEhhV3ROWldoTk9VSmFObWhVZDNsM2MzVmtURzVEUm1oR1FrWmhUMlpEQ2sxRVNtRTVkVEY1VkhkSlJFRlJRVUp2TUVsM1VVUkJUMEpuVGxaSVVUaENRV1k0UlVKQlRVTkJjVkYzUkhkWlJGWlNNRlJCVVVndlFrRlZkMEYzUlVJS0wzcEJaRUpuVGxaSVVUUkZSbWRSVlN0S1ZVZEliSGxaZVZRd1VVeHVkMEZKTDFwNlRXVjZSMHhWVVhkRVVWbEtTMjlhU1doMlkwNUJVVVZNUWxGQlJBcG5aMFZDUVVWWWVVZHdLekpCZFhsbE0yWXdRbnBTYVdGeFNEZEdaMWxrY20wdmQzZzVVVWxHWVc0cmRHdEJjbFk1ZFVsR05HVk5TbmR5UkN0SlpVOW9DbWxwYkZOMlRXdzNja1ZoZEZKRlZUQk9hbmwzTUVkemNtMDBTaXQ0VTFGVUsxWm1LMmxUUWtad2VXSTVhR3R1TDI1S1RqaDRPRFF5U1VVMVJHVjJaMmNLT1dKelRrTnNWVlYzY1ZCSGJFRnBSa1Z4VVdWR1NIaFRNVGc0UlRKeGJXbGtTREZ5WTAxYWRUbEdhMlF6ZG5kb2NuWk1ZMHQwTldvd1JXbGliREozUkFwWk5qUjJkakZUVDNCQ1ZYcE9kbWw2Tm5SRE5reERhMWd4Y2toTmIxazRSRWgzUWpKak1XNUhNVkJWTHk5UWMxcDNlamxTU3pSRGRHRjJORWRTTjB0aUNtZEZVMmxTZUV0WE4yNVBUelZDTXpKTFpVVkRXV0pLT0ZsRlpsUnZNR3hyYlV0MVZXeFNhbVJoUkZaQldFeExLemhTYmtka2EyTXpLemc0UWtsTWNIa0tkRTh3ZEVwa1owNWtZalpXWVV4bmIybExTR28wTlUxcU5HbEJQUW90TFMwdExVVk9SQ0JEUlZKVVNVWkpRMEZVUlMwdExTMHRDZz09IiwidmVyaWZpY2F0aW9uIjp7fX1dfX0sInRpbWVvdXRzIjp7fSwidmVyc2lvbiI6IjIuMi4wIn0sIm5ldHdvcmtkIjp7fSwicGFzc3dkIjp7fSwic3RvcmFnZSI6e30sInN5c3RlbWQiOnt9fQo=",
                            "append.0.verification": "",
                            "files.#": "2",
                            "files.0": "552d3d65377d38d3cae6b1492cefc275a7fe5cdc19660c549691f91a94809521",
                            "files.1": "b2a56b82d3088b3ad56f57722e89d2d754d729a325b1cae6f567f6627360e5cf",
                            "id": "a5de3374d91d085a4fd4e408fca55e91f88dfd28b1a932d62eb2a6c9aa5d9bb1",
                            "rendered": "{\"ignition\":{\"config\":{\"append\":[{\"source\":\"data:text/plain;charset=utf-8;base64,CnsiaWduaXRpb24iOnsiY29uZmlnIjp7ImFwcGVuZCI6W3sic291cmNlIjoiaHR0cHM6Ly9hcGktaW50Lm9jcC5icm9rZXIuc2FpYy5jb206MjI2MjMvY29uZmlnL3dvcmtlciIsInZlcmlmaWNhdGlvbiI6e319XX0sInNlY3VyaXR5Ijp7InRscyI6eyJjZXJ0aWZpY2F0ZUF1dGhvcml0aWVzIjpbeyJzb3VyY2UiOiJkYXRhOnRleHQvcGxhaW47Y2hhcnNldD11dGYtODtiYXNlNjQsTFMwdExTMUNSVWRKVGlCRFJWSlVTVVpKUTBGVVJTMHRMUzB0Q2sxSlNVUkZSRU5EUVdacFowRjNTVUpCWjBsSlJrMUtabEY0YTBsUFpWbDNSRkZaU2t0dldrbG9kbU5PUVZGRlRFSlJRWGRLYWtWVFRVSkJSMEV4VlVVS1EzaE5TbUl6UW14aWJrNXZZVmRhTUUxU1FYZEVaMWxFVmxGUlJFVjNaSGxpTWprd1RGZE9hRTFDTkZoRVZFbDNUVVJGZVU5VVJUVk5SRWwzVDBadldBcEVWRTEzVFVSRmVVNXFSVFZOUkVsM1QwWnZkMHBxUlZOTlFrRkhRVEZWUlVONFRVcGlNMEpzWW01T2IyRlhXakJOVWtGM1JHZFpSRlpSVVVSRmQyUjVDbUl5T1RCTVYwNW9UVWxKUWtscVFVNUNaMnR4YUd0cFJ6bDNNRUpCVVVWR1FVRlBRMEZST0VGTlNVbENRMmRMUTBGUlJVRjFXbTVZYkN0VFFYbEpWRE1LVWtKV2VqSndNR3BFU1RjclpIQlpMM055WVhReVMweHlUemRNZUdkMFNVRmljSFJJUmpSU0x6aGtTeXRKUkVoa1ZuRkNlRk5XT0RoNWVXb3JXWEJRYkFwVlRFbFFSR2xOVW5sbFpYWk5TRE13TjNobFQzbDVibkpWZFdGUFpGSlRkblk0TlhkaFNVMTVlU3M0Ymk5SVRrbzJkRFZoUkRaV05FMXNWbVpwT1RsQ0NubDZNMU51TVhnM2EwRkROMHhQY1RWWmRFVndja2QxV0U5SE0zbFlkVXhYWmpGSk0zcE9PWGhyWVhCMlpsQklSbEZVYTBkME1ubHdjVVJ2ZG14RmRITUtLME00Y2pOTmNFVXpOVXQwVFZkamVFazBTVUoyVGxoRWFXUmpha3cwYlhaWlptaHlUMGhGTmxFd1FsTlhNbEVyTWpsSlJtZFhXRWQxWldSUVpWUTVjd3BCTkVOWFNXeDNkVkJGVWtaaWNEWkJXVEJsSzI5dkt6UjVSbVl3VVdkMFUxZEhhV3ROWldoTk9VSmFObWhVZDNsM2MzVmtURzVEUm1oR1FrWmhUMlpEQ2sxRVNtRTVkVEY1VkhkSlJFRlJRVUp2TUVsM1VVUkJUMEpuVGxaSVVUaENRV1k0UlVKQlRVTkJjVkYzUkhkWlJGWlNNRlJCVVVndlFrRlZkMEYzUlVJS0wzcEJaRUpuVGxaSVVUUkZSbWRSVlN0S1ZVZEliSGxaZVZRd1VVeHVkMEZKTDFwNlRXVjZSMHhWVVhkRVVWbEtTMjlhU1doMlkwNUJVVVZNUWxGQlJBcG5aMFZDUVVWWWVVZHdLekpCZFhsbE0yWXdRbnBTYVdGeFNEZEdaMWxrY20wdmQzZzVVVWxHWVc0cmRHdEJjbFk1ZFVsR05HVk5TbmR5UkN0SlpVOW9DbWxwYkZOMlRXdzNja1ZoZEZKRlZUQk9hbmwzTUVkemNtMDBTaXQ0VTFGVUsxWm1LMmxUUWtad2VXSTVhR3R1TDI1S1RqaDRPRFF5U1VVMVJHVjJaMmNLT1dKelRrTnNWVlYzY1ZCSGJFRnBSa1Z4VVdWR1NIaFRNVGc0UlRKeGJXbGtTREZ5WTAxYWRUbEdhMlF6ZG5kb2NuWk1ZMHQwTldvd1JXbGliREozUkFwWk5qUjJkakZUVDNCQ1ZYcE9kbWw2Tm5SRE5reERhMWd4Y2toTmIxazRSRWgzUWpKak1XNUhNVkJWTHk5UWMxcDNlamxTU3pSRGRHRjJORWRTTjB0aUNtZEZVMmxTZUV0WE4yNVBUelZDTXpKTFpVVkRXV0pLT0ZsRlpsUnZNR3hyYlV0MVZXeFNhbVJoUkZaQldFeExLemhTYmtka2EyTXpLemc0UWtsTWNIa0tkRTh3ZEVwa1owNWtZalpXWVV4bmIybExTR28wTlUxcU5HbEJQUW90TFMwdExVVk9SQ0JEUlZKVVNVWkpRMEZVUlMwdExTMHRDZz09IiwidmVyaWZpY2F0aW9uIjp7fX1dfX0sInRpbWVvdXRzIjp7fSwidmVyc2lvbiI6IjIuMi4wIn0sIm5ldHdvcmtkIjp7fSwicGFzc3dkIjp7fSwic3RvcmFnZSI6e30sInN5c3RlbWQiOnt9fQo=\",\"verification\":{}}]},\"timeouts\":{},\"version\":\"2.1.0\"},\"networkd\":{},\"passwd\":{},\"storage\":{\"files\":[{\"filesystem\":\"root\",\"group\":{},\"path\":\"/etc/hostname\",\"user\":{},\"contents\":{\"source\":\"data:text/plain;charset=utf-8;base64,Q05QLU9DUC1DT01QMDI=\",\"verification\":{}},\"mode\":420},{\"filesystem\":\"root\",\"group\":{},\"path\":\"/etc/sysconfig/network-scripts/ifcfg-ens192\",\"user\":{},\"contents\":{\"source\":\"data:text/plain;charset=utf-8;base64,VFlQRT1FdGhlcm5ldApCT09UUFJPVE89bm9uZQpOQU1FPWVuczE5MgpERVZJQ0U9ZW5zMTkyCk9OQk9PVD15ZXMKSVBBRERSPTE3Mi4yNS4wLjM5ClBSRUZJWD0xNgpHQVRFV0FZPTE3Mi4yNS4wLjEKRE9NQUlOPW9jcC5icm9rZXIuc2FpYy5jb20KRE5TMT0xNzIuMTguMjAuMTEKRE5TMj0xNzIuMTguMjAuMTIK\",\"verification\":{}},\"mode\":420}]},\"systemd\":{\"units\":[{\"contents\":\"[Unit]\\nConditionFirstBoot=yes\\n[Service]\\nType=idle\\nExecStart=/sbin/reboot\\n[Install]\\nWantedBy=multi-user.target\\n\",\"enabled\":true,\"name\":\"restart.service\"}]}}",
                            "systemd.#": "1",
                            "systemd.0": "2b2088c1732c1d1acffcbbe6386c2952e57ca2903cec0dc24bd4cb0f42abc300"
                        },
                        "meta": {},
                        "tainted": false
                    },
                    "deposed": [],
                    "provider": "module.compute.provider.ignition"
                },
                "data.ignition_config.ign.2": {
                    "type": "ignition_config",
                    "depends_on": [
                        "data.ignition_file.hostname.*",
                        "data.ignition_file.static_ip.*",
                        "data.ignition_systemd_unit.restart.*",
                        "local.ignition_encoded"
                    ],
                    "primary": {
                        "id": "3ea5e7cd369281d93dd7a9d3c6bc1d50549bc54a56a97febc214370bd94f7a32",
                        "attributes": {
                            "append.#": "1",
                            "append.0.source": "data:text/plain;charset=utf-8;base64,CnsiaWduaXRpb24iOnsiY29uZmlnIjp7ImFwcGVuZCI6W3sic291cmNlIjoiaHR0cHM6Ly9hcGktaW50Lm9jcC5icm9rZXIuc2FpYy5jb206MjI2MjMvY29uZmlnL3dvcmtlciIsInZlcmlmaWNhdGlvbiI6e319XX0sInNlY3VyaXR5Ijp7InRscyI6eyJjZXJ0aWZpY2F0ZUF1dGhvcml0aWVzIjpbeyJzb3VyY2UiOiJkYXRhOnRleHQvcGxhaW47Y2hhcnNldD11dGYtODtiYXNlNjQsTFMwdExTMUNSVWRKVGlCRFJWSlVTVVpKUTBGVVJTMHRMUzB0Q2sxSlNVUkZSRU5EUVdacFowRjNTVUpCWjBsSlJrMUtabEY0YTBsUFpWbDNSRkZaU2t0dldrbG9kbU5PUVZGRlRFSlJRWGRLYWtWVFRVSkJSMEV4VlVVS1EzaE5TbUl6UW14aWJrNXZZVmRhTUUxU1FYZEVaMWxFVmxGUlJFVjNaSGxpTWprd1RGZE9hRTFDTkZoRVZFbDNUVVJGZVU5VVJUVk5SRWwzVDBadldBcEVWRTEzVFVSRmVVNXFSVFZOUkVsM1QwWnZkMHBxUlZOTlFrRkhRVEZWUlVONFRVcGlNMEpzWW01T2IyRlhXakJOVWtGM1JHZFpSRlpSVVVSRmQyUjVDbUl5T1RCTVYwNW9UVWxKUWtscVFVNUNaMnR4YUd0cFJ6bDNNRUpCVVVWR1FVRlBRMEZST0VGTlNVbENRMmRMUTBGUlJVRjFXbTVZYkN0VFFYbEpWRE1LVWtKV2VqSndNR3BFU1RjclpIQlpMM055WVhReVMweHlUemRNZUdkMFNVRmljSFJJUmpSU0x6aGtTeXRKUkVoa1ZuRkNlRk5XT0RoNWVXb3JXWEJRYkFwVlRFbFFSR2xOVW5sbFpYWk5TRE13TjNobFQzbDVibkpWZFdGUFpGSlRkblk0TlhkaFNVMTVlU3M0Ymk5SVRrbzJkRFZoUkRaV05FMXNWbVpwT1RsQ0NubDZNMU51TVhnM2EwRkROMHhQY1RWWmRFVndja2QxV0U5SE0zbFlkVXhYWmpGSk0zcE9PWGhyWVhCMlpsQklSbEZVYTBkME1ubHdjVVJ2ZG14RmRITUtLME00Y2pOTmNFVXpOVXQwVFZkamVFazBTVUoyVGxoRWFXUmpha3cwYlhaWlptaHlUMGhGTmxFd1FsTlhNbEVyTWpsSlJtZFhXRWQxWldSUVpWUTVjd3BCTkVOWFNXeDNkVkJGVWtaaWNEWkJXVEJsSzI5dkt6UjVSbVl3VVdkMFUxZEhhV3ROWldoTk9VSmFObWhVZDNsM2MzVmtURzVEUm1oR1FrWmhUMlpEQ2sxRVNtRTVkVEY1VkhkSlJFRlJRVUp2TUVsM1VVUkJUMEpuVGxaSVVUaENRV1k0UlVKQlRVTkJjVkYzUkhkWlJGWlNNRlJCVVVndlFrRlZkMEYzUlVJS0wzcEJaRUpuVGxaSVVUUkZSbWRSVlN0S1ZVZEliSGxaZVZRd1VVeHVkMEZKTDFwNlRXVjZSMHhWVVhkRVVWbEtTMjlhU1doMlkwNUJVVVZNUWxGQlJBcG5aMFZDUVVWWWVVZHdLekpCZFhsbE0yWXdRbnBTYVdGeFNEZEdaMWxrY20wdmQzZzVVVWxHWVc0cmRHdEJjbFk1ZFVsR05HVk5TbmR5UkN0SlpVOW9DbWxwYkZOMlRXdzNja1ZoZEZKRlZUQk9hbmwzTUVkemNtMDBTaXQ0VTFGVUsxWm1LMmxUUWtad2VXSTVhR3R1TDI1S1RqaDRPRFF5U1VVMVJHVjJaMmNLT1dKelRrTnNWVlYzY1ZCSGJFRnBSa1Z4VVdWR1NIaFRNVGc0UlRKeGJXbGtTREZ5WTAxYWRUbEdhMlF6ZG5kb2NuWk1ZMHQwTldvd1JXbGliREozUkFwWk5qUjJkakZUVDNCQ1ZYcE9kbWw2Tm5SRE5reERhMWd4Y2toTmIxazRSRWgzUWpKak1XNUhNVkJWTHk5UWMxcDNlamxTU3pSRGRHRjJORWRTTjB0aUNtZEZVMmxTZUV0WE4yNVBUelZDTXpKTFpVVkRXV0pLT0ZsRlpsUnZNR3hyYlV0MVZXeFNhbVJoUkZaQldFeExLemhTYmtka2EyTXpLemc0UWtsTWNIa0tkRTh3ZEVwa1owNWtZalpXWVV4bmIybExTR28wTlUxcU5HbEJQUW90TFMwdExVVk9SQ0JEUlZKVVNVWkpRMEZVUlMwdExTMHRDZz09IiwidmVyaWZpY2F0aW9uIjp7fX1dfX0sInRpbWVvdXRzIjp7fSwidmVyc2lvbiI6IjIuMi4wIn0sIm5ldHdvcmtkIjp7fSwicGFzc3dkIjp7fSwic3RvcmFnZSI6e30sInN5c3RlbWQiOnt9fQo=",
                            "append.0.verification": "",
                            "files.#": "2",
                            "files.0": "eaf0d1dc6d6665120702705978d6624fd3c041bf481c59d1ef0e7a32b6d20af8",
                            "files.1": "ca56df602c3041a66329b123a8f2259cd8db84e98dfd413b2224a10a89788259",
                            "id": "3ea5e7cd369281d93dd7a9d3c6bc1d50549bc54a56a97febc214370bd94f7a32",
                            "rendered": "{\"ignition\":{\"config\":{\"append\":[{\"source\":\"data:text/plain;charset=utf-8;base64,CnsiaWduaXRpb24iOnsiY29uZmlnIjp7ImFwcGVuZCI6W3sic291cmNlIjoiaHR0cHM6Ly9hcGktaW50Lm9jcC5icm9rZXIuc2FpYy5jb206MjI2MjMvY29uZmlnL3dvcmtlciIsInZlcmlmaWNhdGlvbiI6e319XX0sInNlY3VyaXR5Ijp7InRscyI6eyJjZXJ0aWZpY2F0ZUF1dGhvcml0aWVzIjpbeyJzb3VyY2UiOiJkYXRhOnRleHQvcGxhaW47Y2hhcnNldD11dGYtODtiYXNlNjQsTFMwdExTMUNSVWRKVGlCRFJWSlVTVVpKUTBGVVJTMHRMUzB0Q2sxSlNVUkZSRU5EUVdacFowRjNTVUpCWjBsSlJrMUtabEY0YTBsUFpWbDNSRkZaU2t0dldrbG9kbU5PUVZGRlRFSlJRWGRLYWtWVFRVSkJSMEV4VlVVS1EzaE5TbUl6UW14aWJrNXZZVmRhTUUxU1FYZEVaMWxFVmxGUlJFVjNaSGxpTWprd1RGZE9hRTFDTkZoRVZFbDNUVVJGZVU5VVJUVk5SRWwzVDBadldBcEVWRTEzVFVSRmVVNXFSVFZOUkVsM1QwWnZkMHBxUlZOTlFrRkhRVEZWUlVONFRVcGlNMEpzWW01T2IyRlhXakJOVWtGM1JHZFpSRlpSVVVSRmQyUjVDbUl5T1RCTVYwNW9UVWxKUWtscVFVNUNaMnR4YUd0cFJ6bDNNRUpCVVVWR1FVRlBRMEZST0VGTlNVbENRMmRMUTBGUlJVRjFXbTVZYkN0VFFYbEpWRE1LVWtKV2VqSndNR3BFU1RjclpIQlpMM055WVhReVMweHlUemRNZUdkMFNVRmljSFJJUmpSU0x6aGtTeXRKUkVoa1ZuRkNlRk5XT0RoNWVXb3JXWEJRYkFwVlRFbFFSR2xOVW5sbFpYWk5TRE13TjNobFQzbDVibkpWZFdGUFpGSlRkblk0TlhkaFNVMTVlU3M0Ymk5SVRrbzJkRFZoUkRaV05FMXNWbVpwT1RsQ0NubDZNMU51TVhnM2EwRkROMHhQY1RWWmRFVndja2QxV0U5SE0zbFlkVXhYWmpGSk0zcE9PWGhyWVhCMlpsQklSbEZVYTBkME1ubHdjVVJ2ZG14RmRITUtLME00Y2pOTmNFVXpOVXQwVFZkamVFazBTVUoyVGxoRWFXUmpha3cwYlhaWlptaHlUMGhGTmxFd1FsTlhNbEVyTWpsSlJtZFhXRWQxWldSUVpWUTVjd3BCTkVOWFNXeDNkVkJGVWtaaWNEWkJXVEJsSzI5dkt6UjVSbVl3VVdkMFUxZEhhV3ROWldoTk9VSmFObWhVZDNsM2MzVmtURzVEUm1oR1FrWmhUMlpEQ2sxRVNtRTVkVEY1VkhkSlJFRlJRVUp2TUVsM1VVUkJUMEpuVGxaSVVUaENRV1k0UlVKQlRVTkJjVkYzUkhkWlJGWlNNRlJCVVVndlFrRlZkMEYzUlVJS0wzcEJaRUpuVGxaSVVUUkZSbWRSVlN0S1ZVZEliSGxaZVZRd1VVeHVkMEZKTDFwNlRXVjZSMHhWVVhkRVVWbEtTMjlhU1doMlkwNUJVVVZNUWxGQlJBcG5aMFZDUVVWWWVVZHdLekpCZFhsbE0yWXdRbnBTYVdGeFNEZEdaMWxrY20wdmQzZzVVVWxHWVc0cmRHdEJjbFk1ZFVsR05HVk5TbmR5UkN0SlpVOW9DbWxwYkZOMlRXdzNja1ZoZEZKRlZUQk9hbmwzTUVkemNtMDBTaXQ0VTFGVUsxWm1LMmxUUWtad2VXSTVhR3R1TDI1S1RqaDRPRFF5U1VVMVJHVjJaMmNLT1dKelRrTnNWVlYzY1ZCSGJFRnBSa1Z4VVdWR1NIaFRNVGc0UlRKeGJXbGtTREZ5WTAxYWRUbEdhMlF6ZG5kb2NuWk1ZMHQwTldvd1JXbGliREozUkFwWk5qUjJkakZUVDNCQ1ZYcE9kbWw2Tm5SRE5reERhMWd4Y2toTmIxazRSRWgzUWpKak1XNUhNVkJWTHk5UWMxcDNlamxTU3pSRGRHRjJORWRTTjB0aUNtZEZVMmxTZUV0WE4yNVBUelZDTXpKTFpVVkRXV0pLT0ZsRlpsUnZNR3hyYlV0MVZXeFNhbVJoUkZaQldFeExLemhTYmtka2EyTXpLemc0UWtsTWNIa0tkRTh3ZEVwa1owNWtZalpXWVV4bmIybExTR28wTlUxcU5HbEJQUW90TFMwdExVVk9SQ0JEUlZKVVNVWkpRMEZVUlMwdExTMHRDZz09IiwidmVyaWZpY2F0aW9uIjp7fX1dfX0sInRpbWVvdXRzIjp7fSwidmVyc2lvbiI6IjIuMi4wIn0sIm5ldHdvcmtkIjp7fSwicGFzc3dkIjp7fSwic3RvcmFnZSI6e30sInN5c3RlbWQiOnt9fQo=\",\"verification\":{}}]},\"timeouts\":{},\"version\":\"2.1.0\"},\"networkd\":{},\"passwd\":{},\"storage\":{\"files\":[{\"filesystem\":\"root\",\"group\":{},\"path\":\"/etc/hostname\",\"user\":{},\"contents\":{\"source\":\"data:text/plain;charset=utf-8;base64,Q05QLU9DUC1DT01QMDM=\",\"verification\":{}},\"mode\":420},{\"filesystem\":\"root\",\"group\":{},\"path\":\"/etc/sysconfig/network-scripts/ifcfg-ens192\",\"user\":{},\"contents\":{\"source\":\"data:text/plain;charset=utf-8;base64,VFlQRT1FdGhlcm5ldApCT09UUFJPVE89bm9uZQpOQU1FPWVuczE5MgpERVZJQ0U9ZW5zMTkyCk9OQk9PVD15ZXMKSVBBRERSPTE3Mi4yNS4wLjQwClBSRUZJWD0xNgpHQVRFV0FZPTE3Mi4yNS4wLjEKRE9NQUlOPW9jcC5icm9rZXIuc2FpYy5jb20KRE5TMT0xNzIuMTguMjAuMTEKRE5TMj0xNzIuMTguMjAuMTIK\",\"verification\":{}},\"mode\":420}]},\"systemd\":{\"units\":[{\"contents\":\"[Unit]\\nConditionFirstBoot=yes\\n[Service]\\nType=idle\\nExecStart=/sbin/reboot\\n[Install]\\nWantedBy=multi-user.target\\n\",\"enabled\":true,\"name\":\"restart.service\"}]}}",
                            "systemd.#": "1",
                            "systemd.0": "2b2088c1732c1d1acffcbbe6386c2952e57ca2903cec0dc24bd4cb0f42abc300"
                        },
                        "meta": {},
                        "tainted": false
                    },
                    "deposed": [],
                    "provider": "module.compute.provider.ignition"
                },
                "data.ignition_file.hostname.0": {
                    "type": "ignition_file",
                    "depends_on": [],
                    "primary": {
                        "id": "75cb6c88c8f70b063c4612dfdba183831931c4669ef57365e0f3c0baf70927d7",
                        "attributes": {
                            "content.#": "1",
                            "content.0.content": "CNP-OCP-COMP01",
                            "content.0.mime": "text/plain",
                            "filesystem": "root",
                            "id": "75cb6c88c8f70b063c4612dfdba183831931c4669ef57365e0f3c0baf70927d7",
                            "mode": "420",
                            "path": "/etc/hostname"
                        },
                        "meta": {},
                        "tainted": false
                    },
                    "deposed": [],
                    "provider": "module.compute.provider.ignition"
                },
                "data.ignition_file.hostname.1": {
                    "type": "ignition_file",
                    "depends_on": [],
                    "primary": {
                        "id": "552d3d65377d38d3cae6b1492cefc275a7fe5cdc19660c549691f91a94809521",
                        "attributes": {
                            "content.#": "1",
                            "content.0.content": "CNP-OCP-COMP02",
                            "content.0.mime": "text/plain",
                            "filesystem": "root",
                            "id": "552d3d65377d38d3cae6b1492cefc275a7fe5cdc19660c549691f91a94809521",
                            "mode": "420",
                            "path": "/etc/hostname"
                        },
                        "meta": {},
                        "tainted": false
                    },
                    "deposed": [],
                    "provider": "module.compute.provider.ignition"
                },
                "data.ignition_file.hostname.2": {
                    "type": "ignition_file",
                    "depends_on": [],
                    "primary": {
                        "id": "eaf0d1dc6d6665120702705978d6624fd3c041bf481c59d1ef0e7a32b6d20af8",
                        "attributes": {
                            "content.#": "1",
                            "content.0.content": "CNP-OCP-COMP03",
                            "content.0.mime": "text/plain",
                            "filesystem": "root",
                            "id": "eaf0d1dc6d6665120702705978d6624fd3c041bf481c59d1ef0e7a32b6d20af8",
                            "mode": "420",
                            "path": "/etc/hostname"
                        },
                        "meta": {},
                        "tainted": false
                    },
                    "deposed": [],
                    "provider": "module.compute.provider.ignition"
                },
                "data.ignition_file.static_ip.0": {
                    "type": "ignition_file",
                    "depends_on": [
                        "local.gw",
                        "local.ip_addresses",
                        "local.mask"
                    ],
                    "primary": {
                        "id": "9800b53ff8ea74b050f98e5b4b84b4e4f5c1c3eff4aa934c23c52c322acc540e",
                        "attributes": {
                            "content.#": "1",
                            "content.0.content": "TYPE=Ethernet\nBOOTPROTO=none\nNAME=ens192\nDEVICE=ens192\nONBOOT=yes\nIPADDR=172.25.0.38\nPREFIX=16\nGATEWAY=172.25.0.1\nDOMAIN=ocp.broker.saic.com\nDNS1=172.18.20.11\nDNS2=172.18.20.12\n",
                            "content.0.mime": "text/plain",
                            "filesystem": "root",
                            "id": "9800b53ff8ea74b050f98e5b4b84b4e4f5c1c3eff4aa934c23c52c322acc540e",
                            "mode": "420",
                            "path": "/etc/sysconfig/network-scripts/ifcfg-ens192"
                        },
                        "meta": {},
                        "tainted": false
                    },
                    "deposed": [],
                    "provider": "module.compute.provider.ignition"
                },
                "data.ignition_file.static_ip.1": {
                    "type": "ignition_file",
                    "depends_on": [
                        "local.gw",
                        "local.ip_addresses",
                        "local.mask"
                    ],
                    "primary": {
                        "id": "b2a56b82d3088b3ad56f57722e89d2d754d729a325b1cae6f567f6627360e5cf",
                        "attributes": {
                            "content.#": "1",
                            "content.0.content": "TYPE=Ethernet\nBOOTPROTO=none\nNAME=ens192\nDEVICE=ens192\nONBOOT=yes\nIPADDR=172.25.0.39\nPREFIX=16\nGATEWAY=172.25.0.1\nDOMAIN=ocp.broker.saic.com\nDNS1=172.18.20.11\nDNS2=172.18.20.12\n",
                            "content.0.mime": "text/plain",
                            "filesystem": "root",
                            "id": "b2a56b82d3088b3ad56f57722e89d2d754d729a325b1cae6f567f6627360e5cf",
                            "mode": "420",
                            "path": "/etc/sysconfig/network-scripts/ifcfg-ens192"
                        },
                        "meta": {},
                        "tainted": false
                    },
                    "deposed": [],
                    "provider": "module.compute.provider.ignition"
                },
                "data.ignition_file.static_ip.2": {
                    "type": "ignition_file",
                    "depends_on": [
                        "local.gw",
                        "local.ip_addresses",
                        "local.mask"
                    ],
                    "primary": {
                        "id": "ca56df602c3041a66329b123a8f2259cd8db84e98dfd413b2224a10a89788259",
                        "attributes": {
                            "content.#": "1",
                            "content.0.content": "TYPE=Ethernet\nBOOTPROTO=none\nNAME=ens192\nDEVICE=ens192\nONBOOT=yes\nIPADDR=172.25.0.40\nPREFIX=16\nGATEWAY=172.25.0.1\nDOMAIN=ocp.broker.saic.com\nDNS1=172.18.20.11\nDNS2=172.18.20.12\n",
                            "content.0.mime": "text/plain",
                            "filesystem": "root",
                            "id": "ca56df602c3041a66329b123a8f2259cd8db84e98dfd413b2224a10a89788259",
                            "mode": "420",
                            "path": "/etc/sysconfig/network-scripts/ifcfg-ens192"
                        },
                        "meta": {},
                        "tainted": false
                    },
                    "deposed": [],
                    "provider": "module.compute.provider.ignition"
                },
                "data.ignition_systemd_unit.restart.0": {
                    "type": "ignition_systemd_unit",
                    "depends_on": [],
                    "primary": {
                        "id": "2b2088c1732c1d1acffcbbe6386c2952e57ca2903cec0dc24bd4cb0f42abc300",
                        "attributes": {
                            "content": "[Unit]\nConditionFirstBoot=yes\n[Service]\nType=idle\nExecStart=/sbin/reboot\n[Install]\nWantedBy=multi-user.target\n",
                            "enabled": "true",
                            "id": "2b2088c1732c1d1acffcbbe6386c2952e57ca2903cec0dc24bd4cb0f42abc300",
                            "name": "restart.service"
                        },
                        "meta": {},
                        "tainted": false
                    },
                    "deposed": [],
                    "provider": "module.compute.provider.ignition"
                },
                "data.ignition_systemd_unit.restart.1": {
                    "type": "ignition_systemd_unit",
                    "depends_on": [],
                    "primary": {
                        "id": "2b2088c1732c1d1acffcbbe6386c2952e57ca2903cec0dc24bd4cb0f42abc300",
                        "attributes": {
                            "content": "[Unit]\nConditionFirstBoot=yes\n[Service]\nType=idle\nExecStart=/sbin/reboot\n[Install]\nWantedBy=multi-user.target\n",
                            "enabled": "true",
                            "id": "2b2088c1732c1d1acffcbbe6386c2952e57ca2903cec0dc24bd4cb0f42abc300",
                            "name": "restart.service"
                        },
                        "meta": {},
                        "tainted": false
                    },
                    "deposed": [],
                    "provider": "module.compute.provider.ignition"
                },
                "data.ignition_systemd_unit.restart.2": {
                    "type": "ignition_systemd_unit",
                    "depends_on": [],
                    "primary": {
                        "id": "2b2088c1732c1d1acffcbbe6386c2952e57ca2903cec0dc24bd4cb0f42abc300",
                        "attributes": {
                            "content": "[Unit]\nConditionFirstBoot=yes\n[Service]\nType=idle\nExecStart=/sbin/reboot\n[Install]\nWantedBy=multi-user.target\n",
                            "enabled": "true",
                            "id": "2b2088c1732c1d1acffcbbe6386c2952e57ca2903cec0dc24bd4cb0f42abc300",
                            "name": "restart.service"
                        },
                        "meta": {},
                        "tainted": false
                    },
                    "deposed": [],
                    "provider": "module.compute.provider.ignition"
                },
                "data.vsphere_datastore.datastore": {
                    "type": "vsphere_datastore",
                    "depends_on": [],
                    "primary": {
                        "id": "datastore-41",
                        "attributes": {
                            "datacenter_id": "datacenter-21",
                            "id": "datastore-41",
                            "name": "OKR01-M01-MGMT01-VSAN"
                        },
                        "meta": {},
                        "tainted": false
                    },
                    "deposed": [],
                    "provider": "provider.vsphere"
                },
                "data.vsphere_network.network": {
                    "type": "vsphere_network",
                    "depends_on": [],
                    "primary": {
                        "id": "dvportgroup-1112",
                        "attributes": {
                            "datacenter_id": "datacenter-21",
                            "id": "dvportgroup-1112",
                            "name": "vxw-dvs-28-universalwire-27-sid-30015-SDI-ULS-Segment-Prod-Services-OCP_2",
                            "type": "DistributedVirtualPortgroup"
                        },
                        "meta": {},
                        "tainted": false
                    },
                    "deposed": [],
                    "provider": "provider.vsphere"
                },
                "data.vsphere_virtual_machine.template": {
                    "type": "vsphere_virtual_machine",
                    "depends_on": [],
                    "primary": {
                        "id": "423f99a6-1a60-fd19-01a7-8d964cb7d510",
                        "attributes": {
                            "alternate_guest_name": "",
                            "datacenter_id": "datacenter-21",
                            "disks.#": "1",
                            "disks.0.eagerly_scrub": "false",
                            "disks.0.size": "16",
                            "disks.0.thin_provisioned": "false",
                            "firmware": "bios",
                            "guest_id": "rhel7_64Guest",
                            "id": "423f99a6-1a60-fd19-01a7-8d964cb7d510",
                            "name": "TMPL-SVR-RHCOS01",
                            "network_interface_types.#": "1",
                            "network_interface_types.0": "vmxnet3",
                            "scsi_bus_sharing": "noSharing",
                            "scsi_controller_scan_count": "1",
                            "scsi_type": "pvscsi"
                        },
                        "meta": {},
                        "tainted": false
                    },
                    "deposed": [],
                    "provider": "provider.vsphere"
                },
                "vsphere_virtual_machine.vm.0": {
                    "type": "vsphere_virtual_machine",
                    "depends_on": [
                        "data.ignition_config.ign.*",
                        "data.vsphere_datastore.datastore",
                        "data.vsphere_network.network",
                        "data.vsphere_virtual_machine.template"
                    ],
                    "primary": {
                        "id": "423f2012-7029-eaab-efaf-4c69d47bd572",
                        "attributes": {
                            "alternate_guest_name": "",
                            "annotation": "",
                            "boot_delay": "0",
                            "boot_retry_delay": "10000",
                            "boot_retry_enabled": "false",
                            "cdrom.#": "0",
                            "change_version": "2020-01-29T19:06:09.448339Z",
                            "clone.#": "1",
                            "clone.0.customize.#": "0",
                            "clone.0.linked_clone": "false",
                            "clone.0.template_uuid": "423f99a6-1a60-fd19-01a7-8d964cb7d510",
                            "clone.0.timeout": "30",
                            "cpu_hot_add_enabled": "false",
                            "cpu_hot_remove_enabled": "false",
                            "cpu_limit": "-1",
                            "cpu_performance_counters_enabled": "false",
                            "cpu_reservation": "0",
                            "cpu_share_count": "4000",
                            "cpu_share_level": "normal",
                            "custom_attributes.%": "0",
                            "datastore_id": "datastore-41",
                            "disk.#": "1",
                            "disk.0.attach": "false",
                            "disk.0.datastore_id": "datastore-41",
                            "disk.0.device_address": "scsi:0:0",
                            "disk.0.disk_mode": "persistent",
                            "disk.0.disk_sharing": "sharingNone",
                            "disk.0.eagerly_scrub": "false",
                            "disk.0.io_limit": "-1",
                            "disk.0.io_reservation": "0",
                            "disk.0.io_share_count": "1000",
                            "disk.0.io_share_level": "normal",
                            "disk.0.keep_on_remove": "false",
                            "disk.0.key": "2000",
                            "disk.0.label": "disk0",
                            "disk.0.name": "",
                            "disk.0.path": "7ed7315e-462a-4048-251c-000af7ef6f60/CNP-OCP-COMP01.vmdk",
                            "disk.0.size": "60",
                            "disk.0.thin_provisioned": "false",
                            "disk.0.unit_number": "0",
                            "disk.0.uuid": "6000C293-749a-1bb2-e14b-559406898be5",
                            "disk.0.write_through": "false",
                            "efi_secure_boot_enabled": "false",
                            "enable_disk_uuid": "true",
                            "enable_logging": "false",
                            "ept_rvi_mode": "automatic",
                            "extra_config.%": "0",
                            "firmware": "bios",
                            "folder": "Red Hat-ocp",
                            "force_power_off": "true",
                            "guest_id": "rhel7_64Guest",
                            "guest_ip_addresses.#": "0",
                            "host_system_id": "host-54",
                            "hv_mode": "hvAuto",
                            "id": "423f2012-7029-eaab-efaf-4c69d47bd572",
                            "latency_sensitivity": "normal",
                            "memory": "8192",
                            "memory_hot_add_enabled": "false",
                            "memory_limit": "-1",
                            "memory_reservation": "0",
                            "memory_share_count": "81920",
                            "memory_share_level": "normal",
                            "migrate_wait_timeout": "30",
                            "moid": "vm-2302",
                            "name": "CNP-OCP-COMP01",
                            "nested_hv_enabled": "false",
                            "network_interface.#": "1",
                            "network_interface.0.adapter_type": "vmxnet3",
                            "network_interface.0.bandwidth_limit": "-1",
                            "network_interface.0.bandwidth_reservation": "0",
                            "network_interface.0.bandwidth_share_count": "50",
                            "network_interface.0.bandwidth_share_level": "normal",
                            "network_interface.0.device_address": "pci:0:7",
                            "network_interface.0.key": "4000",
                            "network_interface.0.mac_address": "00:50:56:bf:28:a5",
                            "network_interface.0.network_id": "dvportgroup-1112",
                            "network_interface.0.use_static_mac": "false",
                            "num_cores_per_socket": "1",
                            "num_cpus": "4",
                            "reboot_required": "false",
                            "resource_pool_id": "resgroup-2296",
                            "run_tools_scripts_after_power_on": "true",
                            "run_tools_scripts_after_resume": "true",
                            "run_tools_scripts_before_guest_reboot": "false",
                            "run_tools_scripts_before_guest_shutdown": "true",
                            "run_tools_scripts_before_guest_standby": "true",
                            "scsi_bus_sharing": "noSharing",
                            "scsi_controller_count": "1",
                            "scsi_type": "pvscsi",
                            "shutdown_wait_timeout": "3",
                            "swap_placement_policy": "inherit",
                            "sync_time_with_host": "false",
                            "tags.#": "0",
                            "uuid": "423f2012-7029-eaab-efaf-4c69d47bd572",
                            "vapp.#": "1",
                            "vapp.0.properties.%": "2",
                            "vapp.0.properties.guestinfo.ignition.config.data": "eyJpZ25pdGlvbiI6eyJjb25maWciOnsiYXBwZW5kIjpbeyJzb3VyY2UiOiJkYXRhOnRleHQvcGxhaW47Y2hhcnNldD11dGYtODtiYXNlNjQsQ25zaWFXZHVhWFJwYjI0aU9uc2lZMjl1Wm1sbklqcDdJbUZ3Y0dWdVpDSTZXM3NpYzI5MWNtTmxJam9pYUhSMGNITTZMeTloY0drdGFXNTBMbTlqY0M1aWNtOXJaWEl1YzJGcFl5NWpiMjA2TWpJMk1qTXZZMjl1Wm1sbkwzZHZjbXRsY2lJc0luWmxjbWxtYVdOaGRHbHZiaUk2ZTMxOVhYMHNJbk5sWTNWeWFYUjVJanA3SW5Sc2N5STZleUpqWlhKMGFXWnBZMkYwWlVGMWRHaHZjbWwwYVdWeklqcGJleUp6YjNWeVkyVWlPaUprWVhSaE9uUmxlSFF2Y0d4aGFXNDdZMmhoY25ObGREMTFkR1l0T0R0aVlYTmxOalFzVEZNd2RFeFRNVU5TVldSS1ZHbENSRkpXU2xWVFZWcEtVVEJHVlZKVE1IUk1VekIwUTJzeFNsTlZVa1pTUlU1RVVWZGFjRm93UmpOVFZVcENXakJzU2xKck1VdGFiRVkwWVRCc1VGcFdiRE5TUmtaYVUydDBkbGRyYkc5a2JVNVBVVlpHUmxSRlNsSlJXR1JMWVd0V1ZGUlZTa0pTTUVWNFZsVlZTMUV6YUU1VGJVbDZVVzE0YVdKck5YWlpWbVJoVFVVeFUxRllaRVZhTVd4RlZteEdVbEpGVmpOYVNHeHBUV3ByZDFSR1pFOWhSVEZEVGtab1JWWkZiRE5VVlZKR1pWVTVWVkpVVms1U1JXd3pWREJhZGxkQmNFVldSVEV6VkZWU1JtVlZOWEZTVkZaT1VrVnNNMVF3V25aa01IQnhVbFpPVGxGclJraFJWRVpXVWxWT05GUlZjR2xOTUVweldXMDFUMkl5UmxoWGFrSk9WV3RHTTFKSFpGcFNSbHBTVlZWU1JtUXlValZEYlVsNVQxUkNUVll3Tlc5VVZXeEtVV3RzY1ZGVk5VTmFNblI0WVVkMGNGSjZiRE5OUlVwQ1ZWVldSMUZWUmxCUk1FWlNUMFZHVGxOVmJFTlJNbVJNVVRCR1VsSlZSakZYYlRWWllrTjBWRkZZYkVwV1JFMUxWV3RLVjJWcVNuZE5SM0JGVTFSamNscElRbHBNTTA1NVdWaFJlVk13ZUhsVWVtUk5aVWRrTUZOVlJtbGpTRkpKVW1wU1UweDZhR3RUZVhSS1VrVm9hMVp1UmtObFJrNVhUMFJvTldWWGIzSlhXRUpSWWtGd1ZsUkZiRkZTUjJ4T1ZXNXNiRnBZV2s1VFJFMTNUak5vYkZRemJEVmlia3BXWkZkR1VGcEdTbFJrYmxrMFRsaGthRk5WTVRWbFUzTTBZbWs1U1ZScmJ6SmtSRlpvVWtSYVYwNUZNWE5XYlZwd1QxUnNRME51YkRaTk1VNTFUVmhuTTJFd1JrUk9NSGhRWTFSV1dtUkZWbmRqYTJReFYwVTVTRTB6YkZsa1ZYaFlXbXBHU2swemNFOVBXR2h5V1ZoQ01scHNRa2xTYkVaVllUQmtNRTF1YkhkalZWSjJaRzE0Um1SSVRVdExNRTAwWTJwT1RtTkZWWHBPVlhRd1ZGWmthbVZGYXpCVFZVb3lWR3hvUldGWFVtcGhhM2N3WWxoYVdscHRhSGxVTUdoR1RteEZkMUZzVGxoTmJFVnlUV3BzU2xKdFpGaFhSV1F4V2xkU1VWcFdVVFZqZDNCQ1RrVk9XRk5YZUROa1ZrSkdWV3RhYVdORVdrSlhWRUpzU3pJNWRrdDZValZTYlZsM1ZWZGtNRlV4WkVoaFYzUk9XbGRvVGs5VlNtRk9iV2hWWkROc00yTXpWbXRVUnpWRVVtMW9SMUZyV21oVU1scEVRMnN4UlZOdFJUVmtWRVkxVmtoa1NsSkZSbEpSVlVwMlRVVnNNMVZWVWtKVU1FcHVWR3hhU1ZWVWFFTlJWMWswVWxWS1FsUlZUa0pqVmtZelVraGtXbEpHV2xOTlJsSkNWVlZuZGxGclJsWmtNRVl6VWxWSlMwd3pjRUphUlVwdVZHeGFTVlZVVWtaU2JXUlNWbE4wUzFaVlpFbGlTR3hhWlZaUmQxVlZlSFZrTUVaS1RERndObFJYVmpaU01IaFdWVmhrUlZWV2JFdFRNamxoVTFkb01sa3dOVUpWVlZaTlVXeEdRbEpCY0c1YU1GWkRVVlZXV1dWVlpIZExla3BDWkZoc2JFMHlXWGRSYm5CVFlWZEdlRk5FWkVkYU1XeHJZMjB3ZG1Relp6VlZWV3hIV1ZjMGNtUkhkRUpqYkZrMVpGVnNSMDVIVms1VGJtUjVVa04wU2xwVk9XOURiV3h3WWtaT01sUlhkek5qYTFab1pFWktSbFpVUWs5aGJtd3pUVVZrZW1OdE1EQlRhWFEwVlRGR1ZVc3hXbTFMTW14VVVXdGFkMlZYU1RWaFIzUjFUREkxUzFScWFEUlBSRkY1VTFWVk1WSkhWakphTW1OTFQxZEtlbFJyVG5OV1ZsWXpZMVpDU0dKRlJuQlNhMVo0VlZkV1IxTklhRlJOVkdjMFVsUktlR0pYYkd0VFJFWjVXVEF4WVdSVWJFZGhNbEY2Wkc1a2IyTnVXazFaTUhRd1RsZHZkMUpYYkdsaVJFb3pVa0Z3V2s1cVVqSmtha1pVVkROQ1ExWlljRTlrYld3MlRtNVNSRTVyZUVSaE1XZDRZMnRvVG1JeGF6UlNSV2d6VVdwS2FrMVhOVWhOVmtKV1RIazVVV014Y0RObGFteFRVM3BTUkdSSFJqSk9SV1JUVGpCMGFVTnRaRVpWTW14VFpVVjBXRTR5TlZCVWVsWkRUWHBLVEZwVlZrUlhWMHBMVDBac1JscHNVblpOUjNoeVlsVjBNVlpYZUZOaGJWSm9Va1phUWxkRmVFeExlbWhUWW10a2EyRXlUWHBMZW1jMFVXdHNUV05JYTB0a1JUaDNaRVZ3YTFvd05XdFphbHBYV1ZWNGJtSXliRXhUUjI4d1RsVXhjVTVIYkVKUVVXOTBURk13ZEV4VlZrOVNRMEpFVWxaS1ZWTlZXa3BSTUVaVlVsTXdkRXhUTUhSRFp6MDlJaXdpZG1WeWFXWnBZMkYwYVc5dUlqcDdmWDFkZlgwc0luUnBiV1Z2ZFhSeklqcDdmU3dpZG1WeWMybHZiaUk2SWpJdU1pNHdJbjBzSW01bGRIZHZjbXRrSWpwN2ZTd2ljR0Z6YzNka0lqcDdmU3dpYzNSdmNtRm5aU0k2ZTMwc0luTjVjM1JsYldRaU9udDlmUW89IiwidmVyaWZpY2F0aW9uIjp7fX1dfSwidGltZW91dHMiOnt9LCJ2ZXJzaW9uIjoiMi4xLjAifSwibmV0d29ya2QiOnt9LCJwYXNzd2QiOnt9LCJzdG9yYWdlIjp7ImZpbGVzIjpbeyJmaWxlc3lzdGVtIjoicm9vdCIsImdyb3VwIjp7fSwicGF0aCI6Ii9ldGMvaG9zdG5hbWUiLCJ1c2VyIjp7fSwiY29udGVudHMiOnsic291cmNlIjoiZGF0YTp0ZXh0L3BsYWluO2NoYXJzZXQ9dXRmLTg7YmFzZTY0LFEwNVFMVTlEVUMxRFQwMVFNREU9IiwidmVyaWZpY2F0aW9uIjp7fX0sIm1vZGUiOjQyMH0seyJmaWxlc3lzdGVtIjoicm9vdCIsImdyb3VwIjp7fSwicGF0aCI6Ii9ldGMvc3lzY29uZmlnL25ldHdvcmstc2NyaXB0cy9pZmNmZy1lbnMxOTIiLCJ1c2VyIjp7fSwiY29udGVudHMiOnsic291cmNlIjoiZGF0YTp0ZXh0L3BsYWluO2NoYXJzZXQ9dXRmLTg7YmFzZTY0LFZGbFFSVDFGZEdobGNtNWxkQXBDVDA5VVVGSlBWRTg5Ym05dVpRcE9RVTFGUFdWdWN6RTVNZ3BFUlZaSlEwVTlaVzV6TVRreUNrOU9RazlQVkQxNVpYTUtTVkJCUkVSU1BURTNNaTR5TlM0d0xqTTRDbEJTUlVaSldEMHhOZ3BIUVZSRlYwRlpQVEUzTWk0eU5TNHdMakVLUkU5TlFVbE9QVzlqY0M1aWNtOXJaWEl1YzJGcFl5NWpiMjBLUkU1VE1UMHhOekl1TVRndU1qQXVNVEVLUkU1VE1qMHhOekl1TVRndU1qQXVNVElLIiwidmVyaWZpY2F0aW9uIjp7fX0sIm1vZGUiOjQyMH1dfSwic3lzdGVtZCI6eyJ1bml0cyI6W3siY29udGVudHMiOiJbVW5pdF1cbkNvbmRpdGlvbkZpcnN0Qm9vdD15ZXNcbltTZXJ2aWNlXVxuVHlwZT1pZGxlXG5FeGVjU3RhcnQ9L3NiaW4vcmVib290XG5bSW5zdGFsbF1cbldhbnRlZEJ5PW11bHRpLXVzZXIudGFyZ2V0XG4iLCJlbmFibGVkIjp0cnVlLCJuYW1lIjoicmVzdGFydC5zZXJ2aWNlIn1dfX0=",
                            "vapp.0.properties.guestinfo.ignition.config.data.encoding": "base64",
                            "vapp_transport.#": "1",
                            "vapp_transport.0": "com.vmware.guestInfo",
                            "vmware_tools_status": "guestToolsNotRunning",
                            "vmx_path": "7ed7315e-462a-4048-251c-000af7ef6f60/CNP-OCP-COMP01.vmx",
                            "wait_for_guest_ip_timeout": "0",
                            "wait_for_guest_net_routable": "false",
                            "wait_for_guest_net_timeout": "0"
                        },
                        "meta": {
                            "schema_version": "3"
                        },
                        "tainted": false
                    },
                    "deposed": [],
                    "provider": "provider.vsphere"
                },
                "vsphere_virtual_machine.vm.1": {
                    "type": "vsphere_virtual_machine",
                    "depends_on": [
                        "data.ignition_config.ign.*",
                        "data.vsphere_datastore.datastore",
                        "data.vsphere_network.network",
                        "data.vsphere_virtual_machine.template"
                    ],
                    "primary": {
                        "id": "423f8816-9f55-8185-c0ac-047397dc409c",
                        "attributes": {
                            "alternate_guest_name": "",
                            "annotation": "",
                            "boot_delay": "0",
                            "boot_retry_delay": "10000",
                            "boot_retry_enabled": "false",
                            "cdrom.#": "0",
                            "change_version": "2020-01-29T19:06:09.460364Z",
                            "clone.#": "1",
                            "clone.0.customize.#": "0",
                            "clone.0.linked_clone": "false",
                            "clone.0.template_uuid": "423f99a6-1a60-fd19-01a7-8d964cb7d510",
                            "clone.0.timeout": "30",
                            "cpu_hot_add_enabled": "false",
                            "cpu_hot_remove_enabled": "false",
                            "cpu_limit": "-1",
                            "cpu_performance_counters_enabled": "false",
                            "cpu_reservation": "0",
                            "cpu_share_count": "4000",
                            "cpu_share_level": "normal",
                            "custom_attributes.%": "0",
                            "datastore_id": "datastore-41",
                            "disk.#": "1",
                            "disk.0.attach": "false",
                            "disk.0.datastore_id": "datastore-41",
                            "disk.0.device_address": "scsi:0:0",
                            "disk.0.disk_mode": "persistent",
                            "disk.0.disk_sharing": "sharingNone",
                            "disk.0.eagerly_scrub": "false",
                            "disk.0.io_limit": "-1",
                            "disk.0.io_reservation": "0",
                            "disk.0.io_share_count": "1000",
                            "disk.0.io_share_level": "normal",
                            "disk.0.keep_on_remove": "false",
                            "disk.0.key": "2000",
                            "disk.0.label": "disk0",
                            "disk.0.name": "",
                            "disk.0.path": "7ed7315e-d467-5657-5714-000af7ef6f70/CNP-OCP-COMP02.vmdk",
                            "disk.0.size": "60",
                            "disk.0.thin_provisioned": "false",
                            "disk.0.unit_number": "0",
                            "disk.0.uuid": "6000C294-c4c6-2365-4e34-b232fe844376",
                            "disk.0.write_through": "false",
                            "efi_secure_boot_enabled": "false",
                            "enable_disk_uuid": "true",
                            "enable_logging": "false",
                            "ept_rvi_mode": "automatic",
                            "extra_config.%": "0",
                            "firmware": "bios",
                            "folder": "Red Hat-ocp",
                            "force_power_off": "true",
                            "guest_id": "rhel7_64Guest",
                            "guest_ip_addresses.#": "0",
                            "host_system_id": "host-49",
                            "hv_mode": "hvAuto",
                            "id": "423f8816-9f55-8185-c0ac-047397dc409c",
                            "latency_sensitivity": "normal",
                            "memory": "8192",
                            "memory_hot_add_enabled": "false",
                            "memory_limit": "-1",
                            "memory_reservation": "0",
                            "memory_share_count": "81920",
                            "memory_share_level": "normal",
                            "migrate_wait_timeout": "30",
                            "moid": "vm-2303",
                            "name": "CNP-OCP-COMP02",
                            "nested_hv_enabled": "false",
                            "network_interface.#": "1",
                            "network_interface.0.adapter_type": "vmxnet3",
                            "network_interface.0.bandwidth_limit": "-1",
                            "network_interface.0.bandwidth_reservation": "0",
                            "network_interface.0.bandwidth_share_count": "50",
                            "network_interface.0.bandwidth_share_level": "normal",
                            "network_interface.0.device_address": "pci:0:7",
                            "network_interface.0.key": "4000",
                            "network_interface.0.mac_address": "00:50:56:bf:1f:31",
                            "network_interface.0.network_id": "dvportgroup-1112",
                            "network_interface.0.use_static_mac": "false",
                            "num_cores_per_socket": "1",
                            "num_cpus": "4",
                            "reboot_required": "false",
                            "resource_pool_id": "resgroup-2296",
                            "run_tools_scripts_after_power_on": "true",
                            "run_tools_scripts_after_resume": "true",
                            "run_tools_scripts_before_guest_reboot": "false",
                            "run_tools_scripts_before_guest_shutdown": "true",
                            "run_tools_scripts_before_guest_standby": "true",
                            "scsi_bus_sharing": "noSharing",
                            "scsi_controller_count": "1",
                            "scsi_type": "pvscsi",
                            "shutdown_wait_timeout": "3",
                            "swap_placement_policy": "inherit",
                            "sync_time_with_host": "false",
                            "tags.#": "0",
                            "uuid": "423f8816-9f55-8185-c0ac-047397dc409c",
                            "vapp.#": "1",
                            "vapp.0.properties.%": "2",
                            "vapp.0.properties.guestinfo.ignition.config.data": "eyJpZ25pdGlvbiI6eyJjb25maWciOnsiYXBwZW5kIjpbeyJzb3VyY2UiOiJkYXRhOnRleHQvcGxhaW47Y2hhcnNldD11dGYtODtiYXNlNjQsQ25zaWFXZHVhWFJwYjI0aU9uc2lZMjl1Wm1sbklqcDdJbUZ3Y0dWdVpDSTZXM3NpYzI5MWNtTmxJam9pYUhSMGNITTZMeTloY0drdGFXNTBMbTlqY0M1aWNtOXJaWEl1YzJGcFl5NWpiMjA2TWpJMk1qTXZZMjl1Wm1sbkwzZHZjbXRsY2lJc0luWmxjbWxtYVdOaGRHbHZiaUk2ZTMxOVhYMHNJbk5sWTNWeWFYUjVJanA3SW5Sc2N5STZleUpqWlhKMGFXWnBZMkYwWlVGMWRHaHZjbWwwYVdWeklqcGJleUp6YjNWeVkyVWlPaUprWVhSaE9uUmxlSFF2Y0d4aGFXNDdZMmhoY25ObGREMTFkR1l0T0R0aVlYTmxOalFzVEZNd2RFeFRNVU5TVldSS1ZHbENSRkpXU2xWVFZWcEtVVEJHVlZKVE1IUk1VekIwUTJzeFNsTlZVa1pTUlU1RVVWZGFjRm93UmpOVFZVcENXakJzU2xKck1VdGFiRVkwWVRCc1VGcFdiRE5TUmtaYVUydDBkbGRyYkc5a2JVNVBVVlpHUmxSRlNsSlJXR1JMWVd0V1ZGUlZTa0pTTUVWNFZsVlZTMUV6YUU1VGJVbDZVVzE0YVdKck5YWlpWbVJoVFVVeFUxRllaRVZhTVd4RlZteEdVbEpGVmpOYVNHeHBUV3ByZDFSR1pFOWhSVEZEVGtab1JWWkZiRE5VVlZKR1pWVTVWVkpVVms1U1JXd3pWREJhZGxkQmNFVldSVEV6VkZWU1JtVlZOWEZTVkZaT1VrVnNNMVF3V25aa01IQnhVbFpPVGxGclJraFJWRVpXVWxWT05GUlZjR2xOTUVweldXMDFUMkl5UmxoWGFrSk9WV3RHTTFKSFpGcFNSbHBTVlZWU1JtUXlValZEYlVsNVQxUkNUVll3Tlc5VVZXeEtVV3RzY1ZGVk5VTmFNblI0WVVkMGNGSjZiRE5OUlVwQ1ZWVldSMUZWUmxCUk1FWlNUMFZHVGxOVmJFTlJNbVJNVVRCR1VsSlZSakZYYlRWWllrTjBWRkZZYkVwV1JFMUxWV3RLVjJWcVNuZE5SM0JGVTFSamNscElRbHBNTTA1NVdWaFJlVk13ZUhsVWVtUk5aVWRrTUZOVlJtbGpTRkpKVW1wU1UweDZhR3RUZVhSS1VrVm9hMVp1UmtObFJrNVhUMFJvTldWWGIzSlhXRUpSWWtGd1ZsUkZiRkZTUjJ4T1ZXNXNiRnBZV2s1VFJFMTNUak5vYkZRemJEVmlia3BXWkZkR1VGcEdTbFJrYmxrMFRsaGthRk5WTVRWbFUzTTBZbWs1U1ZScmJ6SmtSRlpvVWtSYVYwNUZNWE5XYlZwd1QxUnNRME51YkRaTk1VNTFUVmhuTTJFd1JrUk9NSGhRWTFSV1dtUkZWbmRqYTJReFYwVTVTRTB6YkZsa1ZYaFlXbXBHU2swemNFOVBXR2h5V1ZoQ01scHNRa2xTYkVaVllUQmtNRTF1YkhkalZWSjJaRzE0Um1SSVRVdExNRTAwWTJwT1RtTkZWWHBPVlhRd1ZGWmthbVZGYXpCVFZVb3lWR3hvUldGWFVtcGhhM2N3WWxoYVdscHRhSGxVTUdoR1RteEZkMUZzVGxoTmJFVnlUV3BzU2xKdFpGaFhSV1F4V2xkU1VWcFdVVFZqZDNCQ1RrVk9XRk5YZUROa1ZrSkdWV3RhYVdORVdrSlhWRUpzU3pJNWRrdDZValZTYlZsM1ZWZGtNRlV4WkVoaFYzUk9XbGRvVGs5VlNtRk9iV2hWWkROc00yTXpWbXRVUnpWRVVtMW9SMUZyV21oVU1scEVRMnN4UlZOdFJUVmtWRVkxVmtoa1NsSkZSbEpSVlVwMlRVVnNNMVZWVWtKVU1FcHVWR3hhU1ZWVWFFTlJWMWswVWxWS1FsUlZUa0pqVmtZelVraGtXbEpHV2xOTlJsSkNWVlZuZGxGclJsWmtNRVl6VWxWSlMwd3pjRUphUlVwdVZHeGFTVlZVVWtaU2JXUlNWbE4wUzFaVlpFbGlTR3hhWlZaUmQxVlZlSFZrTUVaS1RERndObFJYVmpaU01IaFdWVmhrUlZWV2JFdFRNamxoVTFkb01sa3dOVUpWVlZaTlVXeEdRbEpCY0c1YU1GWkRVVlZXV1dWVlpIZExla3BDWkZoc2JFMHlXWGRSYm5CVFlWZEdlRk5FWkVkYU1XeHJZMjB3ZG1Relp6VlZWV3hIV1ZjMGNtUkhkRUpqYkZrMVpGVnNSMDVIVms1VGJtUjVVa04wU2xwVk9XOURiV3h3WWtaT01sUlhkek5qYTFab1pFWktSbFpVUWs5aGJtd3pUVVZrZW1OdE1EQlRhWFEwVlRGR1ZVc3hXbTFMTW14VVVXdGFkMlZYU1RWaFIzUjFUREkxUzFScWFEUlBSRkY1VTFWVk1WSkhWakphTW1OTFQxZEtlbFJyVG5OV1ZsWXpZMVpDU0dKRlJuQlNhMVo0VlZkV1IxTklhRlJOVkdjMFVsUktlR0pYYkd0VFJFWjVXVEF4WVdSVWJFZGhNbEY2Wkc1a2IyTnVXazFaTUhRd1RsZHZkMUpYYkdsaVJFb3pVa0Z3V2s1cVVqSmtha1pVVkROQ1ExWlljRTlrYld3MlRtNVNSRTVyZUVSaE1XZDRZMnRvVG1JeGF6UlNSV2d6VVdwS2FrMVhOVWhOVmtKV1RIazVVV014Y0RObGFteFRVM3BTUkdSSFJqSk9SV1JUVGpCMGFVTnRaRVpWTW14VFpVVjBXRTR5TlZCVWVsWkRUWHBLVEZwVlZrUlhWMHBMVDBac1JscHNVblpOUjNoeVlsVjBNVlpYZUZOaGJWSm9Va1phUWxkRmVFeExlbWhUWW10a2EyRXlUWHBMZW1jMFVXdHNUV05JYTB0a1JUaDNaRVZ3YTFvd05XdFphbHBYV1ZWNGJtSXliRXhUUjI4d1RsVXhjVTVIYkVKUVVXOTBURk13ZEV4VlZrOVNRMEpFVWxaS1ZWTlZXa3BSTUVaVlVsTXdkRXhUTUhSRFp6MDlJaXdpZG1WeWFXWnBZMkYwYVc5dUlqcDdmWDFkZlgwc0luUnBiV1Z2ZFhSeklqcDdmU3dpZG1WeWMybHZiaUk2SWpJdU1pNHdJbjBzSW01bGRIZHZjbXRrSWpwN2ZTd2ljR0Z6YzNka0lqcDdmU3dpYzNSdmNtRm5aU0k2ZTMwc0luTjVjM1JsYldRaU9udDlmUW89IiwidmVyaWZpY2F0aW9uIjp7fX1dfSwidGltZW91dHMiOnt9LCJ2ZXJzaW9uIjoiMi4xLjAifSwibmV0d29ya2QiOnt9LCJwYXNzd2QiOnt9LCJzdG9yYWdlIjp7ImZpbGVzIjpbeyJmaWxlc3lzdGVtIjoicm9vdCIsImdyb3VwIjp7fSwicGF0aCI6Ii9ldGMvaG9zdG5hbWUiLCJ1c2VyIjp7fSwiY29udGVudHMiOnsic291cmNlIjoiZGF0YTp0ZXh0L3BsYWluO2NoYXJzZXQ9dXRmLTg7YmFzZTY0LFEwNVFMVTlEVUMxRFQwMVFNREk9IiwidmVyaWZpY2F0aW9uIjp7fX0sIm1vZGUiOjQyMH0seyJmaWxlc3lzdGVtIjoicm9vdCIsImdyb3VwIjp7fSwicGF0aCI6Ii9ldGMvc3lzY29uZmlnL25ldHdvcmstc2NyaXB0cy9pZmNmZy1lbnMxOTIiLCJ1c2VyIjp7fSwiY29udGVudHMiOnsic291cmNlIjoiZGF0YTp0ZXh0L3BsYWluO2NoYXJzZXQ9dXRmLTg7YmFzZTY0LFZGbFFSVDFGZEdobGNtNWxkQXBDVDA5VVVGSlBWRTg5Ym05dVpRcE9RVTFGUFdWdWN6RTVNZ3BFUlZaSlEwVTlaVzV6TVRreUNrOU9RazlQVkQxNVpYTUtTVkJCUkVSU1BURTNNaTR5TlM0d0xqTTVDbEJTUlVaSldEMHhOZ3BIUVZSRlYwRlpQVEUzTWk0eU5TNHdMakVLUkU5TlFVbE9QVzlqY0M1aWNtOXJaWEl1YzJGcFl5NWpiMjBLUkU1VE1UMHhOekl1TVRndU1qQXVNVEVLUkU1VE1qMHhOekl1TVRndU1qQXVNVElLIiwidmVyaWZpY2F0aW9uIjp7fX0sIm1vZGUiOjQyMH1dfSwic3lzdGVtZCI6eyJ1bml0cyI6W3siY29udGVudHMiOiJbVW5pdF1cbkNvbmRpdGlvbkZpcnN0Qm9vdD15ZXNcbltTZXJ2aWNlXVxuVHlwZT1pZGxlXG5FeGVjU3RhcnQ9L3NiaW4vcmVib290XG5bSW5zdGFsbF1cbldhbnRlZEJ5PW11bHRpLXVzZXIudGFyZ2V0XG4iLCJlbmFibGVkIjp0cnVlLCJuYW1lIjoicmVzdGFydC5zZXJ2aWNlIn1dfX0=",
                            "vapp.0.properties.guestinfo.ignition.config.data.encoding": "base64",
                            "vapp_transport.#": "1",
                            "vapp_transport.0": "com.vmware.guestInfo",
                            "vmware_tools_status": "guestToolsNotRunning",
                            "vmx_path": "7ed7315e-d467-5657-5714-000af7ef6f70/CNP-OCP-COMP02.vmx",
                            "wait_for_guest_ip_timeout": "0",
                            "wait_for_guest_net_routable": "false",
                            "wait_for_guest_net_timeout": "0"
                        },
                        "meta": {
                            "schema_version": "3"
                        },
                        "tainted": false
                    },
                    "deposed": [],
                    "provider": "provider.vsphere"
                },
                "vsphere_virtual_machine.vm.2": {
                    "type": "vsphere_virtual_machine",
                    "depends_on": [
                        "data.ignition_config.ign.*",
                        "data.vsphere_datastore.datastore",
                        "data.vsphere_network.network",
                        "data.vsphere_virtual_machine.template"
                    ],
                    "primary": {
                        "id": "423f73b6-ba24-4418-f994-db400093ec39",
                        "attributes": {
                            "alternate_guest_name": "",
                            "annotation": "",
                            "boot_delay": "0",
                            "boot_retry_delay": "10000",
                            "boot_retry_enabled": "false",
                            "cdrom.#": "0",
                            "change_version": "2020-01-29T19:06:09.445424Z",
                            "clone.#": "1",
                            "clone.0.customize.#": "0",
                            "clone.0.linked_clone": "false",
                            "clone.0.template_uuid": "423f99a6-1a60-fd19-01a7-8d964cb7d510",
                            "clone.0.timeout": "30",
                            "cpu_hot_add_enabled": "false",
                            "cpu_hot_remove_enabled": "false",
                            "cpu_limit": "-1",
                            "cpu_performance_counters_enabled": "false",
                            "cpu_reservation": "0",
                            "cpu_share_count": "4000",
                            "cpu_share_level": "normal",
                            "custom_attributes.%": "0",
                            "datastore_id": "datastore-41",
                            "disk.#": "1",
                            "disk.0.attach": "false",
                            "disk.0.datastore_id": "datastore-41",
                            "disk.0.device_address": "scsi:0:0",
                            "disk.0.disk_mode": "persistent",
                            "disk.0.disk_sharing": "sharingNone",
                            "disk.0.eagerly_scrub": "false",
                            "disk.0.io_limit": "-1",
                            "disk.0.io_reservation": "0",
                            "disk.0.io_share_count": "1000",
                            "disk.0.io_share_level": "normal",
                            "disk.0.keep_on_remove": "false",
                            "disk.0.key": "2000",
                            "disk.0.label": "disk0",
                            "disk.0.name": "",
                            "disk.0.path": "7ed7315e-c8b9-87d8-3d5c-000af7ef7c40/CNP-OCP-COMP03.vmdk",
                            "disk.0.size": "60",
                            "disk.0.thin_provisioned": "false",
                            "disk.0.unit_number": "0",
                            "disk.0.uuid": "6000C292-dfe7-1419-8aad-0cd03a3bc5a8",
                            "disk.0.write_through": "false",
                            "efi_secure_boot_enabled": "false",
                            "enable_disk_uuid": "true",
                            "enable_logging": "false",
                            "ept_rvi_mode": "automatic",
                            "extra_config.%": "0",
                            "firmware": "bios",
                            "folder": "Red Hat-ocp",
                            "force_power_off": "true",
                            "guest_id": "rhel7_64Guest",
                            "guest_ip_addresses.#": "0",
                            "host_system_id": "host-54",
                            "hv_mode": "hvAuto",
                            "id": "423f73b6-ba24-4418-f994-db400093ec39",
                            "latency_sensitivity": "normal",
                            "memory": "8192",
                            "memory_hot_add_enabled": "false",
                            "memory_limit": "-1",
                            "memory_reservation": "0",
                            "memory_share_count": "81920",
                            "memory_share_level": "normal",
                            "migrate_wait_timeout": "30",
                            "moid": "vm-2299",
                            "name": "CNP-OCP-COMP03",
                            "nested_hv_enabled": "false",
                            "network_interface.#": "1",
                            "network_interface.0.adapter_type": "vmxnet3",
                            "network_interface.0.bandwidth_limit": "-1",
                            "network_interface.0.bandwidth_reservation": "0",
                            "network_interface.0.bandwidth_share_count": "50",
                            "network_interface.0.bandwidth_share_level": "normal",
                            "network_interface.0.device_address": "pci:0:7",
                            "network_interface.0.key": "4000",
                            "network_interface.0.mac_address": "00:50:56:bf:e8:2b",
                            "network_interface.0.network_id": "dvportgroup-1112",
                            "network_interface.0.use_static_mac": "false",
                            "num_cores_per_socket": "1",
                            "num_cpus": "4",
                            "reboot_required": "false",
                            "resource_pool_id": "resgroup-2296",
                            "run_tools_scripts_after_power_on": "true",
                            "run_tools_scripts_after_resume": "true",
                            "run_tools_scripts_before_guest_reboot": "false",
                            "run_tools_scripts_before_guest_shutdown": "true",
                            "run_tools_scripts_before_guest_standby": "true",
                            "scsi_bus_sharing": "noSharing",
                            "scsi_controller_count": "1",
                            "scsi_type": "pvscsi",
                            "shutdown_wait_timeout": "3",
                            "swap_placement_policy": "inherit",
                            "sync_time_with_host": "false",
                            "tags.#": "0",
                            "uuid": "423f73b6-ba24-4418-f994-db400093ec39",
                            "vapp.#": "1",
                            "vapp.0.properties.%": "2",
                            "vapp.0.properties.guestinfo.ignition.config.data": "eyJpZ25pdGlvbiI6eyJjb25maWciOnsiYXBwZW5kIjpbeyJzb3VyY2UiOiJkYXRhOnRleHQvcGxhaW47Y2hhcnNldD11dGYtODtiYXNlNjQsQ25zaWFXZHVhWFJwYjI0aU9uc2lZMjl1Wm1sbklqcDdJbUZ3Y0dWdVpDSTZXM3NpYzI5MWNtTmxJam9pYUhSMGNITTZMeTloY0drdGFXNTBMbTlqY0M1aWNtOXJaWEl1YzJGcFl5NWpiMjA2TWpJMk1qTXZZMjl1Wm1sbkwzZHZjbXRsY2lJc0luWmxjbWxtYVdOaGRHbHZiaUk2ZTMxOVhYMHNJbk5sWTNWeWFYUjVJanA3SW5Sc2N5STZleUpqWlhKMGFXWnBZMkYwWlVGMWRHaHZjbWwwYVdWeklqcGJleUp6YjNWeVkyVWlPaUprWVhSaE9uUmxlSFF2Y0d4aGFXNDdZMmhoY25ObGREMTFkR1l0T0R0aVlYTmxOalFzVEZNd2RFeFRNVU5TVldSS1ZHbENSRkpXU2xWVFZWcEtVVEJHVlZKVE1IUk1VekIwUTJzeFNsTlZVa1pTUlU1RVVWZGFjRm93UmpOVFZVcENXakJzU2xKck1VdGFiRVkwWVRCc1VGcFdiRE5TUmtaYVUydDBkbGRyYkc5a2JVNVBVVlpHUmxSRlNsSlJXR1JMWVd0V1ZGUlZTa0pTTUVWNFZsVlZTMUV6YUU1VGJVbDZVVzE0YVdKck5YWlpWbVJoVFVVeFUxRllaRVZhTVd4RlZteEdVbEpGVmpOYVNHeHBUV3ByZDFSR1pFOWhSVEZEVGtab1JWWkZiRE5VVlZKR1pWVTVWVkpVVms1U1JXd3pWREJhZGxkQmNFVldSVEV6VkZWU1JtVlZOWEZTVkZaT1VrVnNNMVF3V25aa01IQnhVbFpPVGxGclJraFJWRVpXVWxWT05GUlZjR2xOTUVweldXMDFUMkl5UmxoWGFrSk9WV3RHTTFKSFpGcFNSbHBTVlZWU1JtUXlValZEYlVsNVQxUkNUVll3Tlc5VVZXeEtVV3RzY1ZGVk5VTmFNblI0WVVkMGNGSjZiRE5OUlVwQ1ZWVldSMUZWUmxCUk1FWlNUMFZHVGxOVmJFTlJNbVJNVVRCR1VsSlZSakZYYlRWWllrTjBWRkZZYkVwV1JFMUxWV3RLVjJWcVNuZE5SM0JGVTFSamNscElRbHBNTTA1NVdWaFJlVk13ZUhsVWVtUk5aVWRrTUZOVlJtbGpTRkpKVW1wU1UweDZhR3RUZVhSS1VrVm9hMVp1UmtObFJrNVhUMFJvTldWWGIzSlhXRUpSWWtGd1ZsUkZiRkZTUjJ4T1ZXNXNiRnBZV2s1VFJFMTNUak5vYkZRemJEVmlia3BXWkZkR1VGcEdTbFJrYmxrMFRsaGthRk5WTVRWbFUzTTBZbWs1U1ZScmJ6SmtSRlpvVWtSYVYwNUZNWE5XYlZwd1QxUnNRME51YkRaTk1VNTFUVmhuTTJFd1JrUk9NSGhRWTFSV1dtUkZWbmRqYTJReFYwVTVTRTB6YkZsa1ZYaFlXbXBHU2swemNFOVBXR2h5V1ZoQ01scHNRa2xTYkVaVllUQmtNRTF1YkhkalZWSjJaRzE0Um1SSVRVdExNRTAwWTJwT1RtTkZWWHBPVlhRd1ZGWmthbVZGYXpCVFZVb3lWR3hvUldGWFVtcGhhM2N3WWxoYVdscHRhSGxVTUdoR1RteEZkMUZzVGxoTmJFVnlUV3BzU2xKdFpGaFhSV1F4V2xkU1VWcFdVVFZqZDNCQ1RrVk9XRk5YZUROa1ZrSkdWV3RhYVdORVdrSlhWRUpzU3pJNWRrdDZValZTYlZsM1ZWZGtNRlV4WkVoaFYzUk9XbGRvVGs5VlNtRk9iV2hWWkROc00yTXpWbXRVUnpWRVVtMW9SMUZyV21oVU1scEVRMnN4UlZOdFJUVmtWRVkxVmtoa1NsSkZSbEpSVlVwMlRVVnNNMVZWVWtKVU1FcHVWR3hhU1ZWVWFFTlJWMWswVWxWS1FsUlZUa0pqVmtZelVraGtXbEpHV2xOTlJsSkNWVlZuZGxGclJsWmtNRVl6VWxWSlMwd3pjRUphUlVwdVZHeGFTVlZVVWtaU2JXUlNWbE4wUzFaVlpFbGlTR3hhWlZaUmQxVlZlSFZrTUVaS1RERndObFJYVmpaU01IaFdWVmhrUlZWV2JFdFRNamxoVTFkb01sa3dOVUpWVlZaTlVXeEdRbEpCY0c1YU1GWkRVVlZXV1dWVlpIZExla3BDWkZoc2JFMHlXWGRSYm5CVFlWZEdlRk5FWkVkYU1XeHJZMjB3ZG1Relp6VlZWV3hIV1ZjMGNtUkhkRUpqYkZrMVpGVnNSMDVIVms1VGJtUjVVa04wU2xwVk9XOURiV3h3WWtaT01sUlhkek5qYTFab1pFWktSbFpVUWs5aGJtd3pUVVZrZW1OdE1EQlRhWFEwVlRGR1ZVc3hXbTFMTW14VVVXdGFkMlZYU1RWaFIzUjFUREkxUzFScWFEUlBSRkY1VTFWVk1WSkhWakphTW1OTFQxZEtlbFJyVG5OV1ZsWXpZMVpDU0dKRlJuQlNhMVo0VlZkV1IxTklhRlJOVkdjMFVsUktlR0pYYkd0VFJFWjVXVEF4WVdSVWJFZGhNbEY2Wkc1a2IyTnVXazFaTUhRd1RsZHZkMUpYYkdsaVJFb3pVa0Z3V2s1cVVqSmtha1pVVkROQ1ExWlljRTlrYld3MlRtNVNSRTVyZUVSaE1XZDRZMnRvVG1JeGF6UlNSV2d6VVdwS2FrMVhOVWhOVmtKV1RIazVVV014Y0RObGFteFRVM3BTUkdSSFJqSk9SV1JUVGpCMGFVTnRaRVpWTW14VFpVVjBXRTR5TlZCVWVsWkRUWHBLVEZwVlZrUlhWMHBMVDBac1JscHNVblpOUjNoeVlsVjBNVlpYZUZOaGJWSm9Va1phUWxkRmVFeExlbWhUWW10a2EyRXlUWHBMZW1jMFVXdHNUV05JYTB0a1JUaDNaRVZ3YTFvd05XdFphbHBYV1ZWNGJtSXliRXhUUjI4d1RsVXhjVTVIYkVKUVVXOTBURk13ZEV4VlZrOVNRMEpFVWxaS1ZWTlZXa3BSTUVaVlVsTXdkRXhUTUhSRFp6MDlJaXdpZG1WeWFXWnBZMkYwYVc5dUlqcDdmWDFkZlgwc0luUnBiV1Z2ZFhSeklqcDdmU3dpZG1WeWMybHZiaUk2SWpJdU1pNHdJbjBzSW01bGRIZHZjbXRrSWpwN2ZTd2ljR0Z6YzNka0lqcDdmU3dpYzNSdmNtRm5aU0k2ZTMwc0luTjVjM1JsYldRaU9udDlmUW89IiwidmVyaWZpY2F0aW9uIjp7fX1dfSwidGltZW91dHMiOnt9LCJ2ZXJzaW9uIjoiMi4xLjAifSwibmV0d29ya2QiOnt9LCJwYXNzd2QiOnt9LCJzdG9yYWdlIjp7ImZpbGVzIjpbeyJmaWxlc3lzdGVtIjoicm9vdCIsImdyb3VwIjp7fSwicGF0aCI6Ii9ldGMvaG9zdG5hbWUiLCJ1c2VyIjp7fSwiY29udGVudHMiOnsic291cmNlIjoiZGF0YTp0ZXh0L3BsYWluO2NoYXJzZXQ9dXRmLTg7YmFzZTY0LFEwNVFMVTlEVUMxRFQwMVFNRE09IiwidmVyaWZpY2F0aW9uIjp7fX0sIm1vZGUiOjQyMH0seyJmaWxlc3lzdGVtIjoicm9vdCIsImdyb3VwIjp7fSwicGF0aCI6Ii9ldGMvc3lzY29uZmlnL25ldHdvcmstc2NyaXB0cy9pZmNmZy1lbnMxOTIiLCJ1c2VyIjp7fSwiY29udGVudHMiOnsic291cmNlIjoiZGF0YTp0ZXh0L3BsYWluO2NoYXJzZXQ9dXRmLTg7YmFzZTY0LFZGbFFSVDFGZEdobGNtNWxkQXBDVDA5VVVGSlBWRTg5Ym05dVpRcE9RVTFGUFdWdWN6RTVNZ3BFUlZaSlEwVTlaVzV6TVRreUNrOU9RazlQVkQxNVpYTUtTVkJCUkVSU1BURTNNaTR5TlM0d0xqUXdDbEJTUlVaSldEMHhOZ3BIUVZSRlYwRlpQVEUzTWk0eU5TNHdMakVLUkU5TlFVbE9QVzlqY0M1aWNtOXJaWEl1YzJGcFl5NWpiMjBLUkU1VE1UMHhOekl1TVRndU1qQXVNVEVLUkU1VE1qMHhOekl1TVRndU1qQXVNVElLIiwidmVyaWZpY2F0aW9uIjp7fX0sIm1vZGUiOjQyMH1dfSwic3lzdGVtZCI6eyJ1bml0cyI6W3siY29udGVudHMiOiJbVW5pdF1cbkNvbmRpdGlvbkZpcnN0Qm9vdD15ZXNcbltTZXJ2aWNlXVxuVHlwZT1pZGxlXG5FeGVjU3RhcnQ9L3NiaW4vcmVib290XG5bSW5zdGFsbF1cbldhbnRlZEJ5PW11bHRpLXVzZXIudGFyZ2V0XG4iLCJlbmFibGVkIjp0cnVlLCJuYW1lIjoicmVzdGFydC5zZXJ2aWNlIn1dfX0=",
                            "vapp.0.properties.guestinfo.ignition.config.data.encoding": "base64",
                            "vapp_transport.#": "1",
                            "vapp_transport.0": "com.vmware.guestInfo",
                            "vmware_tools_status": "guestToolsNotRunning",
                            "vmx_path": "7ed7315e-c8b9-87d8-3d5c-000af7ef7c40/CNP-OCP-COMP03.vmx",
                            "wait_for_guest_ip_timeout": "0",
                            "wait_for_guest_net_routable": "false",
                            "wait_for_guest_net_timeout": "0"
                        },
                        "meta": {
                            "schema_version": "3"
                        },
                        "tainted": false
                    },
                    "deposed": [],
                    "provider": "provider.vsphere"
                }
            },
            "depends_on": []
        },
        {
            "path": [
                "root",
                "control_plane"
            ],
            "outputs": {
                "ip_addresses": {
                    "sensitive": false,
                    "type": "list",
                    "value": [
                        "172.25.0.35",
                        "172.25.0.36",
                        "172.25.0.37"
                    ]
                }
            },
            "resources": {
                "data.ignition_config.ign.0": {
                    "type": "ignition_config",
                    "depends_on": [
                        "data.ignition_file.hostname.*",
                        "data.ignition_file.static_ip.*",
                        "data.ignition_systemd_unit.restart.*",
                        "local.ignition_encoded"
                    ],
                    "primary": {
                        "id": "f94f67920a0c7f13a05b18609697af154e413538713e8afc29c0aefc6d4a56d9",
                        "attributes": {
                            "append.#": "1",
                            "append.0.source": "data:text/plain;charset=utf-8;base64,CnsiaWduaXRpb24iOnsiY29uZmlnIjp7ImFwcGVuZCI6W3sic291cmNlIjoiaHR0cHM6Ly9hcGktaW50Lm9jcC5icm9rZXIuc2FpYy5jb206MjI2MjMvY29uZmlnL21hc3RlciIsInZlcmlmaWNhdGlvbiI6e319XX0sInNlY3VyaXR5Ijp7InRscyI6eyJjZXJ0aWZpY2F0ZUF1dGhvcml0aWVzIjpbeyJzb3VyY2UiOiJkYXRhOnRleHQvcGxhaW47Y2hhcnNldD11dGYtODtiYXNlNjQsTFMwdExTMUNSVWRKVGlCRFJWSlVTVVpKUTBGVVJTMHRMUzB0Q2sxSlNVUkZSRU5EUVdacFowRjNTVUpCWjBsSlJrMUtabEY0YTBsUFpWbDNSRkZaU2t0dldrbG9kbU5PUVZGRlRFSlJRWGRLYWtWVFRVSkJSMEV4VlVVS1EzaE5TbUl6UW14aWJrNXZZVmRhTUUxU1FYZEVaMWxFVmxGUlJFVjNaSGxpTWprd1RGZE9hRTFDTkZoRVZFbDNUVVJGZVU5VVJUVk5SRWwzVDBadldBcEVWRTEzVFVSRmVVNXFSVFZOUkVsM1QwWnZkMHBxUlZOTlFrRkhRVEZWUlVONFRVcGlNMEpzWW01T2IyRlhXakJOVWtGM1JHZFpSRlpSVVVSRmQyUjVDbUl5T1RCTVYwNW9UVWxKUWtscVFVNUNaMnR4YUd0cFJ6bDNNRUpCVVVWR1FVRlBRMEZST0VGTlNVbENRMmRMUTBGUlJVRjFXbTVZYkN0VFFYbEpWRE1LVWtKV2VqSndNR3BFU1RjclpIQlpMM055WVhReVMweHlUemRNZUdkMFNVRmljSFJJUmpSU0x6aGtTeXRKUkVoa1ZuRkNlRk5XT0RoNWVXb3JXWEJRYkFwVlRFbFFSR2xOVW5sbFpYWk5TRE13TjNobFQzbDVibkpWZFdGUFpGSlRkblk0TlhkaFNVMTVlU3M0Ymk5SVRrbzJkRFZoUkRaV05FMXNWbVpwT1RsQ0NubDZNMU51TVhnM2EwRkROMHhQY1RWWmRFVndja2QxV0U5SE0zbFlkVXhYWmpGSk0zcE9PWGhyWVhCMlpsQklSbEZVYTBkME1ubHdjVVJ2ZG14RmRITUtLME00Y2pOTmNFVXpOVXQwVFZkamVFazBTVUoyVGxoRWFXUmpha3cwYlhaWlptaHlUMGhGTmxFd1FsTlhNbEVyTWpsSlJtZFhXRWQxWldSUVpWUTVjd3BCTkVOWFNXeDNkVkJGVWtaaWNEWkJXVEJsSzI5dkt6UjVSbVl3VVdkMFUxZEhhV3ROWldoTk9VSmFObWhVZDNsM2MzVmtURzVEUm1oR1FrWmhUMlpEQ2sxRVNtRTVkVEY1VkhkSlJFRlJRVUp2TUVsM1VVUkJUMEpuVGxaSVVUaENRV1k0UlVKQlRVTkJjVkYzUkhkWlJGWlNNRlJCVVVndlFrRlZkMEYzUlVJS0wzcEJaRUpuVGxaSVVUUkZSbWRSVlN0S1ZVZEliSGxaZVZRd1VVeHVkMEZKTDFwNlRXVjZSMHhWVVhkRVVWbEtTMjlhU1doMlkwNUJVVVZNUWxGQlJBcG5aMFZDUVVWWWVVZHdLekpCZFhsbE0yWXdRbnBTYVdGeFNEZEdaMWxrY20wdmQzZzVVVWxHWVc0cmRHdEJjbFk1ZFVsR05HVk5TbmR5UkN0SlpVOW9DbWxwYkZOMlRXdzNja1ZoZEZKRlZUQk9hbmwzTUVkemNtMDBTaXQ0VTFGVUsxWm1LMmxUUWtad2VXSTVhR3R1TDI1S1RqaDRPRFF5U1VVMVJHVjJaMmNLT1dKelRrTnNWVlYzY1ZCSGJFRnBSa1Z4VVdWR1NIaFRNVGc0UlRKeGJXbGtTREZ5WTAxYWRUbEdhMlF6ZG5kb2NuWk1ZMHQwTldvd1JXbGliREozUkFwWk5qUjJkakZUVDNCQ1ZYcE9kbWw2Tm5SRE5reERhMWd4Y2toTmIxazRSRWgzUWpKak1XNUhNVkJWTHk5UWMxcDNlamxTU3pSRGRHRjJORWRTTjB0aUNtZEZVMmxTZUV0WE4yNVBUelZDTXpKTFpVVkRXV0pLT0ZsRlpsUnZNR3hyYlV0MVZXeFNhbVJoUkZaQldFeExLemhTYmtka2EyTXpLemc0UWtsTWNIa0tkRTh3ZEVwa1owNWtZalpXWVV4bmIybExTR28wTlUxcU5HbEJQUW90TFMwdExVVk9SQ0JEUlZKVVNVWkpRMEZVUlMwdExTMHRDZz09IiwidmVyaWZpY2F0aW9uIjp7fX1dfX0sInRpbWVvdXRzIjp7fSwidmVyc2lvbiI6IjIuMi4wIn0sIm5ldHdvcmtkIjp7fSwicGFzc3dkIjp7fSwic3RvcmFnZSI6e30sInN5c3RlbWQiOnt9fQo=",
                            "append.0.verification": "",
                            "files.#": "2",
                            "files.0": "26b4c6614bc3f1ee930f2fa64aa9e0b9a78784482a510e28a060bbeb40348282",
                            "files.1": "b35debdda906adfc3234b23f79d7270018a77e5a553ae45aba1d1bf53ca4f013",
                            "id": "f94f67920a0c7f13a05b18609697af154e413538713e8afc29c0aefc6d4a56d9",
                            "rendered": "{\"ignition\":{\"config\":{\"append\":[{\"source\":\"data:text/plain;charset=utf-8;base64,CnsiaWduaXRpb24iOnsiY29uZmlnIjp7ImFwcGVuZCI6W3sic291cmNlIjoiaHR0cHM6Ly9hcGktaW50Lm9jcC5icm9rZXIuc2FpYy5jb206MjI2MjMvY29uZmlnL21hc3RlciIsInZlcmlmaWNhdGlvbiI6e319XX0sInNlY3VyaXR5Ijp7InRscyI6eyJjZXJ0aWZpY2F0ZUF1dGhvcml0aWVzIjpbeyJzb3VyY2UiOiJkYXRhOnRleHQvcGxhaW47Y2hhcnNldD11dGYtODtiYXNlNjQsTFMwdExTMUNSVWRKVGlCRFJWSlVTVVpKUTBGVVJTMHRMUzB0Q2sxSlNVUkZSRU5EUVdacFowRjNTVUpCWjBsSlJrMUtabEY0YTBsUFpWbDNSRkZaU2t0dldrbG9kbU5PUVZGRlRFSlJRWGRLYWtWVFRVSkJSMEV4VlVVS1EzaE5TbUl6UW14aWJrNXZZVmRhTUUxU1FYZEVaMWxFVmxGUlJFVjNaSGxpTWprd1RGZE9hRTFDTkZoRVZFbDNUVVJGZVU5VVJUVk5SRWwzVDBadldBcEVWRTEzVFVSRmVVNXFSVFZOUkVsM1QwWnZkMHBxUlZOTlFrRkhRVEZWUlVONFRVcGlNMEpzWW01T2IyRlhXakJOVWtGM1JHZFpSRlpSVVVSRmQyUjVDbUl5T1RCTVYwNW9UVWxKUWtscVFVNUNaMnR4YUd0cFJ6bDNNRUpCVVVWR1FVRlBRMEZST0VGTlNVbENRMmRMUTBGUlJVRjFXbTVZYkN0VFFYbEpWRE1LVWtKV2VqSndNR3BFU1RjclpIQlpMM055WVhReVMweHlUemRNZUdkMFNVRmljSFJJUmpSU0x6aGtTeXRKUkVoa1ZuRkNlRk5XT0RoNWVXb3JXWEJRYkFwVlRFbFFSR2xOVW5sbFpYWk5TRE13TjNobFQzbDVibkpWZFdGUFpGSlRkblk0TlhkaFNVMTVlU3M0Ymk5SVRrbzJkRFZoUkRaV05FMXNWbVpwT1RsQ0NubDZNMU51TVhnM2EwRkROMHhQY1RWWmRFVndja2QxV0U5SE0zbFlkVXhYWmpGSk0zcE9PWGhyWVhCMlpsQklSbEZVYTBkME1ubHdjVVJ2ZG14RmRITUtLME00Y2pOTmNFVXpOVXQwVFZkamVFazBTVUoyVGxoRWFXUmpha3cwYlhaWlptaHlUMGhGTmxFd1FsTlhNbEVyTWpsSlJtZFhXRWQxWldSUVpWUTVjd3BCTkVOWFNXeDNkVkJGVWtaaWNEWkJXVEJsSzI5dkt6UjVSbVl3VVdkMFUxZEhhV3ROWldoTk9VSmFObWhVZDNsM2MzVmtURzVEUm1oR1FrWmhUMlpEQ2sxRVNtRTVkVEY1VkhkSlJFRlJRVUp2TUVsM1VVUkJUMEpuVGxaSVVUaENRV1k0UlVKQlRVTkJjVkYzUkhkWlJGWlNNRlJCVVVndlFrRlZkMEYzUlVJS0wzcEJaRUpuVGxaSVVUUkZSbWRSVlN0S1ZVZEliSGxaZVZRd1VVeHVkMEZKTDFwNlRXVjZSMHhWVVhkRVVWbEtTMjlhU1doMlkwNUJVVVZNUWxGQlJBcG5aMFZDUVVWWWVVZHdLekpCZFhsbE0yWXdRbnBTYVdGeFNEZEdaMWxrY20wdmQzZzVVVWxHWVc0cmRHdEJjbFk1ZFVsR05HVk5TbmR5UkN0SlpVOW9DbWxwYkZOMlRXdzNja1ZoZEZKRlZUQk9hbmwzTUVkemNtMDBTaXQ0VTFGVUsxWm1LMmxUUWtad2VXSTVhR3R1TDI1S1RqaDRPRFF5U1VVMVJHVjJaMmNLT1dKelRrTnNWVlYzY1ZCSGJFRnBSa1Z4VVdWR1NIaFRNVGc0UlRKeGJXbGtTREZ5WTAxYWRUbEdhMlF6ZG5kb2NuWk1ZMHQwTldvd1JXbGliREozUkFwWk5qUjJkakZUVDNCQ1ZYcE9kbWw2Tm5SRE5reERhMWd4Y2toTmIxazRSRWgzUWpKak1XNUhNVkJWTHk5UWMxcDNlamxTU3pSRGRHRjJORWRTTjB0aUNtZEZVMmxTZUV0WE4yNVBUelZDTXpKTFpVVkRXV0pLT0ZsRlpsUnZNR3hyYlV0MVZXeFNhbVJoUkZaQldFeExLemhTYmtka2EyTXpLemc0UWtsTWNIa0tkRTh3ZEVwa1owNWtZalpXWVV4bmIybExTR28wTlUxcU5HbEJQUW90TFMwdExVVk9SQ0JEUlZKVVNVWkpRMEZVUlMwdExTMHRDZz09IiwidmVyaWZpY2F0aW9uIjp7fX1dfX0sInRpbWVvdXRzIjp7fSwidmVyc2lvbiI6IjIuMi4wIn0sIm5ldHdvcmtkIjp7fSwicGFzc3dkIjp7fSwic3RvcmFnZSI6e30sInN5c3RlbWQiOnt9fQo=\",\"verification\":{}}]},\"timeouts\":{},\"version\":\"2.1.0\"},\"networkd\":{},\"passwd\":{},\"storage\":{\"files\":[{\"filesystem\":\"root\",\"group\":{},\"path\":\"/etc/hostname\",\"user\":{},\"contents\":{\"source\":\"data:text/plain;charset=utf-8;base64,Q05QLU9DUC1DVFJMMDE=\",\"verification\":{}},\"mode\":420},{\"filesystem\":\"root\",\"group\":{},\"path\":\"/etc/sysconfig/network-scripts/ifcfg-ens192\",\"user\":{},\"contents\":{\"source\":\"data:text/plain;charset=utf-8;base64,VFlQRT1FdGhlcm5ldApCT09UUFJPVE89bm9uZQpOQU1FPWVuczE5MgpERVZJQ0U9ZW5zMTkyCk9OQk9PVD15ZXMKSVBBRERSPTE3Mi4yNS4wLjM1ClBSRUZJWD0xNgpHQVRFV0FZPTE3Mi4yNS4wLjEKRE9NQUlOPW9jcC5icm9rZXIuc2FpYy5jb20KRE5TMT0xNzIuMTguMjAuMTEKRE5TMj0xNzIuMTguMjAuMTIK\",\"verification\":{}},\"mode\":420}]},\"systemd\":{\"units\":[{\"contents\":\"[Unit]\\nConditionFirstBoot=yes\\n[Service]\\nType=idle\\nExecStart=/sbin/reboot\\n[Install]\\nWantedBy=multi-user.target\\n\",\"enabled\":true,\"name\":\"restart.service\"}]}}",
                            "systemd.#": "1",
                            "systemd.0": "2b2088c1732c1d1acffcbbe6386c2952e57ca2903cec0dc24bd4cb0f42abc300"
                        },
                        "meta": {},
                        "tainted": false
                    },
                    "deposed": [],
                    "provider": "module.control_plane.provider.ignition"
                },
                "data.ignition_config.ign.1": {
                    "type": "ignition_config",
                    "depends_on": [
                        "data.ignition_file.hostname.*",
                        "data.ignition_file.static_ip.*",
                        "data.ignition_systemd_unit.restart.*",
                        "local.ignition_encoded"
                    ],
                    "primary": {
                        "id": "b69de7252a3c881a8fedc8ec4925f31410688f484be3553202edca1eb85fd1de",
                        "attributes": {
                            "append.#": "1",
                            "append.0.source": "data:text/plain;charset=utf-8;base64,CnsiaWduaXRpb24iOnsiY29uZmlnIjp7ImFwcGVuZCI6W3sic291cmNlIjoiaHR0cHM6Ly9hcGktaW50Lm9jcC5icm9rZXIuc2FpYy5jb206MjI2MjMvY29uZmlnL21hc3RlciIsInZlcmlmaWNhdGlvbiI6e319XX0sInNlY3VyaXR5Ijp7InRscyI6eyJjZXJ0aWZpY2F0ZUF1dGhvcml0aWVzIjpbeyJzb3VyY2UiOiJkYXRhOnRleHQvcGxhaW47Y2hhcnNldD11dGYtODtiYXNlNjQsTFMwdExTMUNSVWRKVGlCRFJWSlVTVVpKUTBGVVJTMHRMUzB0Q2sxSlNVUkZSRU5EUVdacFowRjNTVUpCWjBsSlJrMUtabEY0YTBsUFpWbDNSRkZaU2t0dldrbG9kbU5PUVZGRlRFSlJRWGRLYWtWVFRVSkJSMEV4VlVVS1EzaE5TbUl6UW14aWJrNXZZVmRhTUUxU1FYZEVaMWxFVmxGUlJFVjNaSGxpTWprd1RGZE9hRTFDTkZoRVZFbDNUVVJGZVU5VVJUVk5SRWwzVDBadldBcEVWRTEzVFVSRmVVNXFSVFZOUkVsM1QwWnZkMHBxUlZOTlFrRkhRVEZWUlVONFRVcGlNMEpzWW01T2IyRlhXakJOVWtGM1JHZFpSRlpSVVVSRmQyUjVDbUl5T1RCTVYwNW9UVWxKUWtscVFVNUNaMnR4YUd0cFJ6bDNNRUpCVVVWR1FVRlBRMEZST0VGTlNVbENRMmRMUTBGUlJVRjFXbTVZYkN0VFFYbEpWRE1LVWtKV2VqSndNR3BFU1RjclpIQlpMM055WVhReVMweHlUemRNZUdkMFNVRmljSFJJUmpSU0x6aGtTeXRKUkVoa1ZuRkNlRk5XT0RoNWVXb3JXWEJRYkFwVlRFbFFSR2xOVW5sbFpYWk5TRE13TjNobFQzbDVibkpWZFdGUFpGSlRkblk0TlhkaFNVMTVlU3M0Ymk5SVRrbzJkRFZoUkRaV05FMXNWbVpwT1RsQ0NubDZNMU51TVhnM2EwRkROMHhQY1RWWmRFVndja2QxV0U5SE0zbFlkVXhYWmpGSk0zcE9PWGhyWVhCMlpsQklSbEZVYTBkME1ubHdjVVJ2ZG14RmRITUtLME00Y2pOTmNFVXpOVXQwVFZkamVFazBTVUoyVGxoRWFXUmpha3cwYlhaWlptaHlUMGhGTmxFd1FsTlhNbEVyTWpsSlJtZFhXRWQxWldSUVpWUTVjd3BCTkVOWFNXeDNkVkJGVWtaaWNEWkJXVEJsSzI5dkt6UjVSbVl3VVdkMFUxZEhhV3ROWldoTk9VSmFObWhVZDNsM2MzVmtURzVEUm1oR1FrWmhUMlpEQ2sxRVNtRTVkVEY1VkhkSlJFRlJRVUp2TUVsM1VVUkJUMEpuVGxaSVVUaENRV1k0UlVKQlRVTkJjVkYzUkhkWlJGWlNNRlJCVVVndlFrRlZkMEYzUlVJS0wzcEJaRUpuVGxaSVVUUkZSbWRSVlN0S1ZVZEliSGxaZVZRd1VVeHVkMEZKTDFwNlRXVjZSMHhWVVhkRVVWbEtTMjlhU1doMlkwNUJVVVZNUWxGQlJBcG5aMFZDUVVWWWVVZHdLekpCZFhsbE0yWXdRbnBTYVdGeFNEZEdaMWxrY20wdmQzZzVVVWxHWVc0cmRHdEJjbFk1ZFVsR05HVk5TbmR5UkN0SlpVOW9DbWxwYkZOMlRXdzNja1ZoZEZKRlZUQk9hbmwzTUVkemNtMDBTaXQ0VTFGVUsxWm1LMmxUUWtad2VXSTVhR3R1TDI1S1RqaDRPRFF5U1VVMVJHVjJaMmNLT1dKelRrTnNWVlYzY1ZCSGJFRnBSa1Z4VVdWR1NIaFRNVGc0UlRKeGJXbGtTREZ5WTAxYWRUbEdhMlF6ZG5kb2NuWk1ZMHQwTldvd1JXbGliREozUkFwWk5qUjJkakZUVDNCQ1ZYcE9kbWw2Tm5SRE5reERhMWd4Y2toTmIxazRSRWgzUWpKak1XNUhNVkJWTHk5UWMxcDNlamxTU3pSRGRHRjJORWRTTjB0aUNtZEZVMmxTZUV0WE4yNVBUelZDTXpKTFpVVkRXV0pLT0ZsRlpsUnZNR3hyYlV0MVZXeFNhbVJoUkZaQldFeExLemhTYmtka2EyTXpLemc0UWtsTWNIa0tkRTh3ZEVwa1owNWtZalpXWVV4bmIybExTR28wTlUxcU5HbEJQUW90TFMwdExVVk9SQ0JEUlZKVVNVWkpRMEZVUlMwdExTMHRDZz09IiwidmVyaWZpY2F0aW9uIjp7fX1dfX0sInRpbWVvdXRzIjp7fSwidmVyc2lvbiI6IjIuMi4wIn0sIm5ldHdvcmtkIjp7fSwicGFzc3dkIjp7fSwic3RvcmFnZSI6e30sInN5c3RlbWQiOnt9fQo=",
                            "append.0.verification": "",
                            "files.#": "2",
                            "files.0": "5f3763ec6aa3f28d2eab8136ce507c60f394d031a96d297d312a34fe4affdcfb",
                            "files.1": "b3225b60713af09be39f5609f9a3be230a8b1374a169322cf1d26587999a6359",
                            "id": "b69de7252a3c881a8fedc8ec4925f31410688f484be3553202edca1eb85fd1de",
                            "rendered": "{\"ignition\":{\"config\":{\"append\":[{\"source\":\"data:text/plain;charset=utf-8;base64,CnsiaWduaXRpb24iOnsiY29uZmlnIjp7ImFwcGVuZCI6W3sic291cmNlIjoiaHR0cHM6Ly9hcGktaW50Lm9jcC5icm9rZXIuc2FpYy5jb206MjI2MjMvY29uZmlnL21hc3RlciIsInZlcmlmaWNhdGlvbiI6e319XX0sInNlY3VyaXR5Ijp7InRscyI6eyJjZXJ0aWZpY2F0ZUF1dGhvcml0aWVzIjpbeyJzb3VyY2UiOiJkYXRhOnRleHQvcGxhaW47Y2hhcnNldD11dGYtODtiYXNlNjQsTFMwdExTMUNSVWRKVGlCRFJWSlVTVVpKUTBGVVJTMHRMUzB0Q2sxSlNVUkZSRU5EUVdacFowRjNTVUpCWjBsSlJrMUtabEY0YTBsUFpWbDNSRkZaU2t0dldrbG9kbU5PUVZGRlRFSlJRWGRLYWtWVFRVSkJSMEV4VlVVS1EzaE5TbUl6UW14aWJrNXZZVmRhTUUxU1FYZEVaMWxFVmxGUlJFVjNaSGxpTWprd1RGZE9hRTFDTkZoRVZFbDNUVVJGZVU5VVJUVk5SRWwzVDBadldBcEVWRTEzVFVSRmVVNXFSVFZOUkVsM1QwWnZkMHBxUlZOTlFrRkhRVEZWUlVONFRVcGlNMEpzWW01T2IyRlhXakJOVWtGM1JHZFpSRlpSVVVSRmQyUjVDbUl5T1RCTVYwNW9UVWxKUWtscVFVNUNaMnR4YUd0cFJ6bDNNRUpCVVVWR1FVRlBRMEZST0VGTlNVbENRMmRMUTBGUlJVRjFXbTVZYkN0VFFYbEpWRE1LVWtKV2VqSndNR3BFU1RjclpIQlpMM055WVhReVMweHlUemRNZUdkMFNVRmljSFJJUmpSU0x6aGtTeXRKUkVoa1ZuRkNlRk5XT0RoNWVXb3JXWEJRYkFwVlRFbFFSR2xOVW5sbFpYWk5TRE13TjNobFQzbDVibkpWZFdGUFpGSlRkblk0TlhkaFNVMTVlU3M0Ymk5SVRrbzJkRFZoUkRaV05FMXNWbVpwT1RsQ0NubDZNMU51TVhnM2EwRkROMHhQY1RWWmRFVndja2QxV0U5SE0zbFlkVXhYWmpGSk0zcE9PWGhyWVhCMlpsQklSbEZVYTBkME1ubHdjVVJ2ZG14RmRITUtLME00Y2pOTmNFVXpOVXQwVFZkamVFazBTVUoyVGxoRWFXUmpha3cwYlhaWlptaHlUMGhGTmxFd1FsTlhNbEVyTWpsSlJtZFhXRWQxWldSUVpWUTVjd3BCTkVOWFNXeDNkVkJGVWtaaWNEWkJXVEJsSzI5dkt6UjVSbVl3VVdkMFUxZEhhV3ROWldoTk9VSmFObWhVZDNsM2MzVmtURzVEUm1oR1FrWmhUMlpEQ2sxRVNtRTVkVEY1VkhkSlJFRlJRVUp2TUVsM1VVUkJUMEpuVGxaSVVUaENRV1k0UlVKQlRVTkJjVkYzUkhkWlJGWlNNRlJCVVVndlFrRlZkMEYzUlVJS0wzcEJaRUpuVGxaSVVUUkZSbWRSVlN0S1ZVZEliSGxaZVZRd1VVeHVkMEZKTDFwNlRXVjZSMHhWVVhkRVVWbEtTMjlhU1doMlkwNUJVVVZNUWxGQlJBcG5aMFZDUVVWWWVVZHdLekpCZFhsbE0yWXdRbnBTYVdGeFNEZEdaMWxrY20wdmQzZzVVVWxHWVc0cmRHdEJjbFk1ZFVsR05HVk5TbmR5UkN0SlpVOW9DbWxwYkZOMlRXdzNja1ZoZEZKRlZUQk9hbmwzTUVkemNtMDBTaXQ0VTFGVUsxWm1LMmxUUWtad2VXSTVhR3R1TDI1S1RqaDRPRFF5U1VVMVJHVjJaMmNLT1dKelRrTnNWVlYzY1ZCSGJFRnBSa1Z4VVdWR1NIaFRNVGc0UlRKeGJXbGtTREZ5WTAxYWRUbEdhMlF6ZG5kb2NuWk1ZMHQwTldvd1JXbGliREozUkFwWk5qUjJkakZUVDNCQ1ZYcE9kbWw2Tm5SRE5reERhMWd4Y2toTmIxazRSRWgzUWpKak1XNUhNVkJWTHk5UWMxcDNlamxTU3pSRGRHRjJORWRTTjB0aUNtZEZVMmxTZUV0WE4yNVBUelZDTXpKTFpVVkRXV0pLT0ZsRlpsUnZNR3hyYlV0MVZXeFNhbVJoUkZaQldFeExLemhTYmtka2EyTXpLemc0UWtsTWNIa0tkRTh3ZEVwa1owNWtZalpXWVV4bmIybExTR28wTlUxcU5HbEJQUW90TFMwdExVVk9SQ0JEUlZKVVNVWkpRMEZVUlMwdExTMHRDZz09IiwidmVyaWZpY2F0aW9uIjp7fX1dfX0sInRpbWVvdXRzIjp7fSwidmVyc2lvbiI6IjIuMi4wIn0sIm5ldHdvcmtkIjp7fSwicGFzc3dkIjp7fSwic3RvcmFnZSI6e30sInN5c3RlbWQiOnt9fQo=\",\"verification\":{}}]},\"timeouts\":{},\"version\":\"2.1.0\"},\"networkd\":{},\"passwd\":{},\"storage\":{\"files\":[{\"filesystem\":\"root\",\"group\":{},\"path\":\"/etc/hostname\",\"user\":{},\"contents\":{\"source\":\"data:text/plain;charset=utf-8;base64,Q05QLU9DUC1DVFJMMDI=\",\"verification\":{}},\"mode\":420},{\"filesystem\":\"root\",\"group\":{},\"path\":\"/etc/sysconfig/network-scripts/ifcfg-ens192\",\"user\":{},\"contents\":{\"source\":\"data:text/plain;charset=utf-8;base64,VFlQRT1FdGhlcm5ldApCT09UUFJPVE89bm9uZQpOQU1FPWVuczE5MgpERVZJQ0U9ZW5zMTkyCk9OQk9PVD15ZXMKSVBBRERSPTE3Mi4yNS4wLjM2ClBSRUZJWD0xNgpHQVRFV0FZPTE3Mi4yNS4wLjEKRE9NQUlOPW9jcC5icm9rZXIuc2FpYy5jb20KRE5TMT0xNzIuMTguMjAuMTEKRE5TMj0xNzIuMTguMjAuMTIK\",\"verification\":{}},\"mode\":420}]},\"systemd\":{\"units\":[{\"contents\":\"[Unit]\\nConditionFirstBoot=yes\\n[Service]\\nType=idle\\nExecStart=/sbin/reboot\\n[Install]\\nWantedBy=multi-user.target\\n\",\"enabled\":true,\"name\":\"restart.service\"}]}}",
                            "systemd.#": "1",
                            "systemd.0": "2b2088c1732c1d1acffcbbe6386c2952e57ca2903cec0dc24bd4cb0f42abc300"
                        },
                        "meta": {},
                        "tainted": false
                    },
                    "deposed": [],
                    "provider": "module.control_plane.provider.ignition"
                },
                "data.ignition_config.ign.2": {
                    "type": "ignition_config",
                    "depends_on": [
                        "data.ignition_file.hostname.*",
                        "data.ignition_file.static_ip.*",
                        "data.ignition_systemd_unit.restart.*",
                        "local.ignition_encoded"
                    ],
                    "primary": {
                        "id": "91b14e740082c87222216133ae0419793ec8da67928730827a40440d2d7e7f0c",
                        "attributes": {
                            "append.#": "1",
                            "append.0.source": "data:text/plain;charset=utf-8;base64,CnsiaWduaXRpb24iOnsiY29uZmlnIjp7ImFwcGVuZCI6W3sic291cmNlIjoiaHR0cHM6Ly9hcGktaW50Lm9jcC5icm9rZXIuc2FpYy5jb206MjI2MjMvY29uZmlnL21hc3RlciIsInZlcmlmaWNhdGlvbiI6e319XX0sInNlY3VyaXR5Ijp7InRscyI6eyJjZXJ0aWZpY2F0ZUF1dGhvcml0aWVzIjpbeyJzb3VyY2UiOiJkYXRhOnRleHQvcGxhaW47Y2hhcnNldD11dGYtODtiYXNlNjQsTFMwdExTMUNSVWRKVGlCRFJWSlVTVVpKUTBGVVJTMHRMUzB0Q2sxSlNVUkZSRU5EUVdacFowRjNTVUpCWjBsSlJrMUtabEY0YTBsUFpWbDNSRkZaU2t0dldrbG9kbU5PUVZGRlRFSlJRWGRLYWtWVFRVSkJSMEV4VlVVS1EzaE5TbUl6UW14aWJrNXZZVmRhTUUxU1FYZEVaMWxFVmxGUlJFVjNaSGxpTWprd1RGZE9hRTFDTkZoRVZFbDNUVVJGZVU5VVJUVk5SRWwzVDBadldBcEVWRTEzVFVSRmVVNXFSVFZOUkVsM1QwWnZkMHBxUlZOTlFrRkhRVEZWUlVONFRVcGlNMEpzWW01T2IyRlhXakJOVWtGM1JHZFpSRlpSVVVSRmQyUjVDbUl5T1RCTVYwNW9UVWxKUWtscVFVNUNaMnR4YUd0cFJ6bDNNRUpCVVVWR1FVRlBRMEZST0VGTlNVbENRMmRMUTBGUlJVRjFXbTVZYkN0VFFYbEpWRE1LVWtKV2VqSndNR3BFU1RjclpIQlpMM055WVhReVMweHlUemRNZUdkMFNVRmljSFJJUmpSU0x6aGtTeXRKUkVoa1ZuRkNlRk5XT0RoNWVXb3JXWEJRYkFwVlRFbFFSR2xOVW5sbFpYWk5TRE13TjNobFQzbDVibkpWZFdGUFpGSlRkblk0TlhkaFNVMTVlU3M0Ymk5SVRrbzJkRFZoUkRaV05FMXNWbVpwT1RsQ0NubDZNMU51TVhnM2EwRkROMHhQY1RWWmRFVndja2QxV0U5SE0zbFlkVXhYWmpGSk0zcE9PWGhyWVhCMlpsQklSbEZVYTBkME1ubHdjVVJ2ZG14RmRITUtLME00Y2pOTmNFVXpOVXQwVFZkamVFazBTVUoyVGxoRWFXUmpha3cwYlhaWlptaHlUMGhGTmxFd1FsTlhNbEVyTWpsSlJtZFhXRWQxWldSUVpWUTVjd3BCTkVOWFNXeDNkVkJGVWtaaWNEWkJXVEJsSzI5dkt6UjVSbVl3VVdkMFUxZEhhV3ROWldoTk9VSmFObWhVZDNsM2MzVmtURzVEUm1oR1FrWmhUMlpEQ2sxRVNtRTVkVEY1VkhkSlJFRlJRVUp2TUVsM1VVUkJUMEpuVGxaSVVUaENRV1k0UlVKQlRVTkJjVkYzUkhkWlJGWlNNRlJCVVVndlFrRlZkMEYzUlVJS0wzcEJaRUpuVGxaSVVUUkZSbWRSVlN0S1ZVZEliSGxaZVZRd1VVeHVkMEZKTDFwNlRXVjZSMHhWVVhkRVVWbEtTMjlhU1doMlkwNUJVVVZNUWxGQlJBcG5aMFZDUVVWWWVVZHdLekpCZFhsbE0yWXdRbnBTYVdGeFNEZEdaMWxrY20wdmQzZzVVVWxHWVc0cmRHdEJjbFk1ZFVsR05HVk5TbmR5UkN0SlpVOW9DbWxwYkZOMlRXdzNja1ZoZEZKRlZUQk9hbmwzTUVkemNtMDBTaXQ0VTFGVUsxWm1LMmxUUWtad2VXSTVhR3R1TDI1S1RqaDRPRFF5U1VVMVJHVjJaMmNLT1dKelRrTnNWVlYzY1ZCSGJFRnBSa1Z4VVdWR1NIaFRNVGc0UlRKeGJXbGtTREZ5WTAxYWRUbEdhMlF6ZG5kb2NuWk1ZMHQwTldvd1JXbGliREozUkFwWk5qUjJkakZUVDNCQ1ZYcE9kbWw2Tm5SRE5reERhMWd4Y2toTmIxazRSRWgzUWpKak1XNUhNVkJWTHk5UWMxcDNlamxTU3pSRGRHRjJORWRTTjB0aUNtZEZVMmxTZUV0WE4yNVBUelZDTXpKTFpVVkRXV0pLT0ZsRlpsUnZNR3hyYlV0MVZXeFNhbVJoUkZaQldFeExLemhTYmtka2EyTXpLemc0UWtsTWNIa0tkRTh3ZEVwa1owNWtZalpXWVV4bmIybExTR28wTlUxcU5HbEJQUW90TFMwdExVVk9SQ0JEUlZKVVNVWkpRMEZVUlMwdExTMHRDZz09IiwidmVyaWZpY2F0aW9uIjp7fX1dfX0sInRpbWVvdXRzIjp7fSwidmVyc2lvbiI6IjIuMi4wIn0sIm5ldHdvcmtkIjp7fSwicGFzc3dkIjp7fSwic3RvcmFnZSI6e30sInN5c3RlbWQiOnt9fQo=",
                            "append.0.verification": "",
                            "files.#": "2",
                            "files.0": "0320c84d9ff36992e8e70886fb7c4e1d826dc466adaf05fb38d772d3b87dbc5d",
                            "files.1": "10219762bb4e02b0636ad6c329663ed61b3450c2f9dd21773723f49a1cd9e18e",
                            "id": "91b14e740082c87222216133ae0419793ec8da67928730827a40440d2d7e7f0c",
                            "rendered": "{\"ignition\":{\"config\":{\"append\":[{\"source\":\"data:text/plain;charset=utf-8;base64,CnsiaWduaXRpb24iOnsiY29uZmlnIjp7ImFwcGVuZCI6W3sic291cmNlIjoiaHR0cHM6Ly9hcGktaW50Lm9jcC5icm9rZXIuc2FpYy5jb206MjI2MjMvY29uZmlnL21hc3RlciIsInZlcmlmaWNhdGlvbiI6e319XX0sInNlY3VyaXR5Ijp7InRscyI6eyJjZXJ0aWZpY2F0ZUF1dGhvcml0aWVzIjpbeyJzb3VyY2UiOiJkYXRhOnRleHQvcGxhaW47Y2hhcnNldD11dGYtODtiYXNlNjQsTFMwdExTMUNSVWRKVGlCRFJWSlVTVVpKUTBGVVJTMHRMUzB0Q2sxSlNVUkZSRU5EUVdacFowRjNTVUpCWjBsSlJrMUtabEY0YTBsUFpWbDNSRkZaU2t0dldrbG9kbU5PUVZGRlRFSlJRWGRLYWtWVFRVSkJSMEV4VlVVS1EzaE5TbUl6UW14aWJrNXZZVmRhTUUxU1FYZEVaMWxFVmxGUlJFVjNaSGxpTWprd1RGZE9hRTFDTkZoRVZFbDNUVVJGZVU5VVJUVk5SRWwzVDBadldBcEVWRTEzVFVSRmVVNXFSVFZOUkVsM1QwWnZkMHBxUlZOTlFrRkhRVEZWUlVONFRVcGlNMEpzWW01T2IyRlhXakJOVWtGM1JHZFpSRlpSVVVSRmQyUjVDbUl5T1RCTVYwNW9UVWxKUWtscVFVNUNaMnR4YUd0cFJ6bDNNRUpCVVVWR1FVRlBRMEZST0VGTlNVbENRMmRMUTBGUlJVRjFXbTVZYkN0VFFYbEpWRE1LVWtKV2VqSndNR3BFU1RjclpIQlpMM055WVhReVMweHlUemRNZUdkMFNVRmljSFJJUmpSU0x6aGtTeXRKUkVoa1ZuRkNlRk5XT0RoNWVXb3JXWEJRYkFwVlRFbFFSR2xOVW5sbFpYWk5TRE13TjNobFQzbDVibkpWZFdGUFpGSlRkblk0TlhkaFNVMTVlU3M0Ymk5SVRrbzJkRFZoUkRaV05FMXNWbVpwT1RsQ0NubDZNMU51TVhnM2EwRkROMHhQY1RWWmRFVndja2QxV0U5SE0zbFlkVXhYWmpGSk0zcE9PWGhyWVhCMlpsQklSbEZVYTBkME1ubHdjVVJ2ZG14RmRITUtLME00Y2pOTmNFVXpOVXQwVFZkamVFazBTVUoyVGxoRWFXUmpha3cwYlhaWlptaHlUMGhGTmxFd1FsTlhNbEVyTWpsSlJtZFhXRWQxWldSUVpWUTVjd3BCTkVOWFNXeDNkVkJGVWtaaWNEWkJXVEJsSzI5dkt6UjVSbVl3VVdkMFUxZEhhV3ROWldoTk9VSmFObWhVZDNsM2MzVmtURzVEUm1oR1FrWmhUMlpEQ2sxRVNtRTVkVEY1VkhkSlJFRlJRVUp2TUVsM1VVUkJUMEpuVGxaSVVUaENRV1k0UlVKQlRVTkJjVkYzUkhkWlJGWlNNRlJCVVVndlFrRlZkMEYzUlVJS0wzcEJaRUpuVGxaSVVUUkZSbWRSVlN0S1ZVZEliSGxaZVZRd1VVeHVkMEZKTDFwNlRXVjZSMHhWVVhkRVVWbEtTMjlhU1doMlkwNUJVVVZNUWxGQlJBcG5aMFZDUVVWWWVVZHdLekpCZFhsbE0yWXdRbnBTYVdGeFNEZEdaMWxrY20wdmQzZzVVVWxHWVc0cmRHdEJjbFk1ZFVsR05HVk5TbmR5UkN0SlpVOW9DbWxwYkZOMlRXdzNja1ZoZEZKRlZUQk9hbmwzTUVkemNtMDBTaXQ0VTFGVUsxWm1LMmxUUWtad2VXSTVhR3R1TDI1S1RqaDRPRFF5U1VVMVJHVjJaMmNLT1dKelRrTnNWVlYzY1ZCSGJFRnBSa1Z4VVdWR1NIaFRNVGc0UlRKeGJXbGtTREZ5WTAxYWRUbEdhMlF6ZG5kb2NuWk1ZMHQwTldvd1JXbGliREozUkFwWk5qUjJkakZUVDNCQ1ZYcE9kbWw2Tm5SRE5reERhMWd4Y2toTmIxazRSRWgzUWpKak1XNUhNVkJWTHk5UWMxcDNlamxTU3pSRGRHRjJORWRTTjB0aUNtZEZVMmxTZUV0WE4yNVBUelZDTXpKTFpVVkRXV0pLT0ZsRlpsUnZNR3hyYlV0MVZXeFNhbVJoUkZaQldFeExLemhTYmtka2EyTXpLemc0UWtsTWNIa0tkRTh3ZEVwa1owNWtZalpXWVV4bmIybExTR28wTlUxcU5HbEJQUW90TFMwdExVVk9SQ0JEUlZKVVNVWkpRMEZVUlMwdExTMHRDZz09IiwidmVyaWZpY2F0aW9uIjp7fX1dfX0sInRpbWVvdXRzIjp7fSwidmVyc2lvbiI6IjIuMi4wIn0sIm5ldHdvcmtkIjp7fSwicGFzc3dkIjp7fSwic3RvcmFnZSI6e30sInN5c3RlbWQiOnt9fQo=\",\"verification\":{}}]},\"timeouts\":{},\"version\":\"2.1.0\"},\"networkd\":{},\"passwd\":{},\"storage\":{\"files\":[{\"filesystem\":\"root\",\"group\":{},\"path\":\"/etc/hostname\",\"user\":{},\"contents\":{\"source\":\"data:text/plain;charset=utf-8;base64,Q05QLU9DUC1DVFJMMDM=\",\"verification\":{}},\"mode\":420},{\"filesystem\":\"root\",\"group\":{},\"path\":\"/etc/sysconfig/network-scripts/ifcfg-ens192\",\"user\":{},\"contents\":{\"source\":\"data:text/plain;charset=utf-8;base64,VFlQRT1FdGhlcm5ldApCT09UUFJPVE89bm9uZQpOQU1FPWVuczE5MgpERVZJQ0U9ZW5zMTkyCk9OQk9PVD15ZXMKSVBBRERSPTE3Mi4yNS4wLjM3ClBSRUZJWD0xNgpHQVRFV0FZPTE3Mi4yNS4wLjEKRE9NQUlOPW9jcC5icm9rZXIuc2FpYy5jb20KRE5TMT0xNzIuMTguMjAuMTEKRE5TMj0xNzIuMTguMjAuMTIK\",\"verification\":{}},\"mode\":420}]},\"systemd\":{\"units\":[{\"contents\":\"[Unit]\\nConditionFirstBoot=yes\\n[Service]\\nType=idle\\nExecStart=/sbin/reboot\\n[Install]\\nWantedBy=multi-user.target\\n\",\"enabled\":true,\"name\":\"restart.service\"}]}}",
                            "systemd.#": "1",
                            "systemd.0": "2b2088c1732c1d1acffcbbe6386c2952e57ca2903cec0dc24bd4cb0f42abc300"
                        },
                        "meta": {},
                        "tainted": false
                    },
                    "deposed": [],
                    "provider": "module.control_plane.provider.ignition"
                },
                "data.ignition_file.hostname.0": {
                    "type": "ignition_file",
                    "depends_on": [],
                    "primary": {
                        "id": "26b4c6614bc3f1ee930f2fa64aa9e0b9a78784482a510e28a060bbeb40348282",
                        "attributes": {
                            "content.#": "1",
                            "content.0.content": "CNP-OCP-CTRL01",
                            "content.0.mime": "text/plain",
                            "filesystem": "root",
                            "id": "26b4c6614bc3f1ee930f2fa64aa9e0b9a78784482a510e28a060bbeb40348282",
                            "mode": "420",
                            "path": "/etc/hostname"
                        },
                        "meta": {},
                        "tainted": false
                    },
                    "deposed": [],
                    "provider": "module.control_plane.provider.ignition"
                },
                "data.ignition_file.hostname.1": {
                    "type": "ignition_file",
                    "depends_on": [],
                    "primary": {
                        "id": "5f3763ec6aa3f28d2eab8136ce507c60f394d031a96d297d312a34fe4affdcfb",
                        "attributes": {
                            "content.#": "1",
                            "content.0.content": "CNP-OCP-CTRL02",
                            "content.0.mime": "text/plain",
                            "filesystem": "root",
                            "id": "5f3763ec6aa3f28d2eab8136ce507c60f394d031a96d297d312a34fe4affdcfb",
                            "mode": "420",
                            "path": "/etc/hostname"
                        },
                        "meta": {},
                        "tainted": false
                    },
                    "deposed": [],
                    "provider": "module.control_plane.provider.ignition"
                },
                "data.ignition_file.hostname.2": {
                    "type": "ignition_file",
                    "depends_on": [],
                    "primary": {
                        "id": "0320c84d9ff36992e8e70886fb7c4e1d826dc466adaf05fb38d772d3b87dbc5d",
                        "attributes": {
                            "content.#": "1",
                            "content.0.content": "CNP-OCP-CTRL03",
                            "content.0.mime": "text/plain",
                            "filesystem": "root",
                            "id": "0320c84d9ff36992e8e70886fb7c4e1d826dc466adaf05fb38d772d3b87dbc5d",
                            "mode": "420",
                            "path": "/etc/hostname"
                        },
                        "meta": {},
                        "tainted": false
                    },
                    "deposed": [],
                    "provider": "module.control_plane.provider.ignition"
                },
                "data.ignition_file.static_ip.0": {
                    "type": "ignition_file",
                    "depends_on": [
                        "local.gw",
                        "local.ip_addresses",
                        "local.mask"
                    ],
                    "primary": {
                        "id": "b35debdda906adfc3234b23f79d7270018a77e5a553ae45aba1d1bf53ca4f013",
                        "attributes": {
                            "content.#": "1",
                            "content.0.content": "TYPE=Ethernet\nBOOTPROTO=none\nNAME=ens192\nDEVICE=ens192\nONBOOT=yes\nIPADDR=172.25.0.35\nPREFIX=16\nGATEWAY=172.25.0.1\nDOMAIN=ocp.broker.saic.com\nDNS1=172.18.20.11\nDNS2=172.18.20.12\n",
                            "content.0.mime": "text/plain",
                            "filesystem": "root",
                            "id": "b35debdda906adfc3234b23f79d7270018a77e5a553ae45aba1d1bf53ca4f013",
                            "mode": "420",
                            "path": "/etc/sysconfig/network-scripts/ifcfg-ens192"
                        },
                        "meta": {},
                        "tainted": false
                    },
                    "deposed": [],
                    "provider": "module.control_plane.provider.ignition"
                },
                "data.ignition_file.static_ip.1": {
                    "type": "ignition_file",
                    "depends_on": [
                        "local.gw",
                        "local.ip_addresses",
                        "local.mask"
                    ],
                    "primary": {
                        "id": "b3225b60713af09be39f5609f9a3be230a8b1374a169322cf1d26587999a6359",
                        "attributes": {
                            "content.#": "1",
                            "content.0.content": "TYPE=Ethernet\nBOOTPROTO=none\nNAME=ens192\nDEVICE=ens192\nONBOOT=yes\nIPADDR=172.25.0.36\nPREFIX=16\nGATEWAY=172.25.0.1\nDOMAIN=ocp.broker.saic.com\nDNS1=172.18.20.11\nDNS2=172.18.20.12\n",
                            "content.0.mime": "text/plain",
                            "filesystem": "root",
                            "id": "b3225b60713af09be39f5609f9a3be230a8b1374a169322cf1d26587999a6359",
                            "mode": "420",
                            "path": "/etc/sysconfig/network-scripts/ifcfg-ens192"
                        },
                        "meta": {},
                        "tainted": false
                    },
                    "deposed": [],
                    "provider": "module.control_plane.provider.ignition"
                },
                "data.ignition_file.static_ip.2": {
                    "type": "ignition_file",
                    "depends_on": [
                        "local.gw",
                        "local.ip_addresses",
                        "local.mask"
                    ],
                    "primary": {
                        "id": "10219762bb4e02b0636ad6c329663ed61b3450c2f9dd21773723f49a1cd9e18e",
                        "attributes": {
                            "content.#": "1",
                            "content.0.content": "TYPE=Ethernet\nBOOTPROTO=none\nNAME=ens192\nDEVICE=ens192\nONBOOT=yes\nIPADDR=172.25.0.37\nPREFIX=16\nGATEWAY=172.25.0.1\nDOMAIN=ocp.broker.saic.com\nDNS1=172.18.20.11\nDNS2=172.18.20.12\n",
                            "content.0.mime": "text/plain",
                            "filesystem": "root",
                            "id": "10219762bb4e02b0636ad6c329663ed61b3450c2f9dd21773723f49a1cd9e18e",
                            "mode": "420",
                            "path": "/etc/sysconfig/network-scripts/ifcfg-ens192"
                        },
                        "meta": {},
                        "tainted": false
                    },
                    "deposed": [],
                    "provider": "module.control_plane.provider.ignition"
                },
                "data.ignition_systemd_unit.restart.0": {
                    "type": "ignition_systemd_unit",
                    "depends_on": [],
                    "primary": {
                        "id": "2b2088c1732c1d1acffcbbe6386c2952e57ca2903cec0dc24bd4cb0f42abc300",
                        "attributes": {
                            "content": "[Unit]\nConditionFirstBoot=yes\n[Service]\nType=idle\nExecStart=/sbin/reboot\n[Install]\nWantedBy=multi-user.target\n",
                            "enabled": "true",
                            "id": "2b2088c1732c1d1acffcbbe6386c2952e57ca2903cec0dc24bd4cb0f42abc300",
                            "name": "restart.service"
                        },
                        "meta": {},
                        "tainted": false
                    },
                    "deposed": [],
                    "provider": "module.control_plane.provider.ignition"
                },
                "data.ignition_systemd_unit.restart.1": {
                    "type": "ignition_systemd_unit",
                    "depends_on": [],
                    "primary": {
                        "id": "2b2088c1732c1d1acffcbbe6386c2952e57ca2903cec0dc24bd4cb0f42abc300",
                        "attributes": {
                            "content": "[Unit]\nConditionFirstBoot=yes\n[Service]\nType=idle\nExecStart=/sbin/reboot\n[Install]\nWantedBy=multi-user.target\n",
                            "enabled": "true",
                            "id": "2b2088c1732c1d1acffcbbe6386c2952e57ca2903cec0dc24bd4cb0f42abc300",
                            "name": "restart.service"
                        },
                        "meta": {},
                        "tainted": false
                    },
                    "deposed": [],
                    "provider": "module.control_plane.provider.ignition"
                },
                "data.ignition_systemd_unit.restart.2": {
                    "type": "ignition_systemd_unit",
                    "depends_on": [],
                    "primary": {
                        "id": "2b2088c1732c1d1acffcbbe6386c2952e57ca2903cec0dc24bd4cb0f42abc300",
                        "attributes": {
                            "content": "[Unit]\nConditionFirstBoot=yes\n[Service]\nType=idle\nExecStart=/sbin/reboot\n[Install]\nWantedBy=multi-user.target\n",
                            "enabled": "true",
                            "id": "2b2088c1732c1d1acffcbbe6386c2952e57ca2903cec0dc24bd4cb0f42abc300",
                            "name": "restart.service"
                        },
                        "meta": {},
                        "tainted": false
                    },
                    "deposed": [],
                    "provider": "module.control_plane.provider.ignition"
                },
                "data.vsphere_datastore.datastore": {
                    "type": "vsphere_datastore",
                    "depends_on": [],
                    "primary": {
                        "id": "datastore-41",
                        "attributes": {
                            "datacenter_id": "datacenter-21",
                            "id": "datastore-41",
                            "name": "OKR01-M01-MGMT01-VSAN"
                        },
                        "meta": {},
                        "tainted": false
                    },
                    "deposed": [],
                    "provider": "provider.vsphere"
                },
                "data.vsphere_network.network": {
                    "type": "vsphere_network",
                    "depends_on": [],
                    "primary": {
                        "id": "dvportgroup-1112",
                        "attributes": {
                            "datacenter_id": "datacenter-21",
                            "id": "dvportgroup-1112",
                            "name": "vxw-dvs-28-universalwire-27-sid-30015-SDI-ULS-Segment-Prod-Services-OCP_2",
                            "type": "DistributedVirtualPortgroup"
                        },
                        "meta": {},
                        "tainted": false
                    },
                    "deposed": [],
                    "provider": "provider.vsphere"
                },
                "data.vsphere_virtual_machine.template": {
                    "type": "vsphere_virtual_machine",
                    "depends_on": [],
                    "primary": {
                        "id": "423f99a6-1a60-fd19-01a7-8d964cb7d510",
                        "attributes": {
                            "alternate_guest_name": "",
                            "datacenter_id": "datacenter-21",
                            "disks.#": "1",
                            "disks.0.eagerly_scrub": "false",
                            "disks.0.size": "16",
                            "disks.0.thin_provisioned": "false",
                            "firmware": "bios",
                            "guest_id": "rhel7_64Guest",
                            "id": "423f99a6-1a60-fd19-01a7-8d964cb7d510",
                            "name": "TMPL-SVR-RHCOS01",
                            "network_interface_types.#": "1",
                            "network_interface_types.0": "vmxnet3",
                            "scsi_bus_sharing": "noSharing",
                            "scsi_controller_scan_count": "1",
                            "scsi_type": "pvscsi"
                        },
                        "meta": {},
                        "tainted": false
                    },
                    "deposed": [],
                    "provider": "provider.vsphere"
                },
                "vsphere_virtual_machine.vm.0": {
                    "type": "vsphere_virtual_machine",
                    "depends_on": [
                        "data.ignition_config.ign.*",
                        "data.vsphere_datastore.datastore",
                        "data.vsphere_network.network",
                        "data.vsphere_virtual_machine.template"
                    ],
                    "primary": {
                        "id": "423f6cec-01a7-e388-d1b6-89c0bb8801be",
                        "attributes": {
                            "alternate_guest_name": "",
                            "annotation": "",
                            "boot_delay": "0",
                            "boot_retry_delay": "10000",
                            "boot_retry_enabled": "false",
                            "cdrom.#": "0",
                            "change_version": "2020-01-29T19:06:09.935903Z",
                            "clone.#": "1",
                            "clone.0.customize.#": "0",
                            "clone.0.linked_clone": "false",
                            "clone.0.template_uuid": "423f99a6-1a60-fd19-01a7-8d964cb7d510",
                            "clone.0.timeout": "30",
                            "cpu_hot_add_enabled": "false",
                            "cpu_hot_remove_enabled": "false",
                            "cpu_limit": "-1",
                            "cpu_performance_counters_enabled": "false",
                            "cpu_reservation": "0",
                            "cpu_share_count": "4000",
                            "cpu_share_level": "normal",
                            "custom_attributes.%": "0",
                            "datastore_id": "datastore-41",
                            "disk.#": "1",
                            "disk.0.attach": "false",
                            "disk.0.datastore_id": "datastore-41",
                            "disk.0.device_address": "scsi:0:0",
                            "disk.0.disk_mode": "persistent",
                            "disk.0.disk_sharing": "sharingNone",
                            "disk.0.eagerly_scrub": "false",
                            "disk.0.io_limit": "-1",
                            "disk.0.io_reservation": "0",
                            "disk.0.io_share_count": "1000",
                            "disk.0.io_share_level": "normal",
                            "disk.0.keep_on_remove": "false",
                            "disk.0.key": "2000",
                            "disk.0.label": "disk0",
                            "disk.0.name": "",
                            "disk.0.path": "7ed7315e-9055-3257-b2c3-000af7ef6f70/CNP-OCP-CTRL01.vmdk",
                            "disk.0.size": "60",
                            "disk.0.thin_provisioned": "false",
                            "disk.0.unit_number": "0",
                            "disk.0.uuid": "6000C295-6152-a9e1-8dba-8f0c394526a9",
                            "disk.0.write_through": "false",
                            "efi_secure_boot_enabled": "false",
                            "enable_disk_uuid": "true",
                            "enable_logging": "false",
                            "ept_rvi_mode": "automatic",
                            "extra_config.%": "0",
                            "firmware": "bios",
                            "folder": "Red Hat-ocp",
                            "force_power_off": "true",
                            "guest_id": "rhel7_64Guest",
                            "guest_ip_addresses.#": "0",
                            "host_system_id": "host-38",
                            "hv_mode": "hvAuto",
                            "id": "423f6cec-01a7-e388-d1b6-89c0bb8801be",
                            "latency_sensitivity": "normal",
                            "memory": "16384",
                            "memory_hot_add_enabled": "false",
                            "memory_limit": "-1",
                            "memory_reservation": "0",
                            "memory_share_count": "163840",
                            "memory_share_level": "normal",
                            "migrate_wait_timeout": "30",
                            "moid": "vm-2304",
                            "name": "CNP-OCP-CTRL01",
                            "nested_hv_enabled": "false",
                            "network_interface.#": "1",
                            "network_interface.0.adapter_type": "vmxnet3",
                            "network_interface.0.bandwidth_limit": "-1",
                            "network_interface.0.bandwidth_reservation": "0",
                            "network_interface.0.bandwidth_share_count": "50",
                            "network_interface.0.bandwidth_share_level": "normal",
                            "network_interface.0.device_address": "pci:0:7",
                            "network_interface.0.key": "4000",
                            "network_interface.0.mac_address": "00:50:56:bf:8b:c5",
                            "network_interface.0.network_id": "dvportgroup-1112",
                            "network_interface.0.use_static_mac": "false",
                            "num_cores_per_socket": "1",
                            "num_cpus": "4",
                            "reboot_required": "false",
                            "resource_pool_id": "resgroup-2296",
                            "run_tools_scripts_after_power_on": "true",
                            "run_tools_scripts_after_resume": "true",
                            "run_tools_scripts_before_guest_reboot": "false",
                            "run_tools_scripts_before_guest_shutdown": "true",
                            "run_tools_scripts_before_guest_standby": "true",
                            "scsi_bus_sharing": "noSharing",
                            "scsi_controller_count": "1",
                            "scsi_type": "pvscsi",
                            "shutdown_wait_timeout": "3",
                            "swap_placement_policy": "inherit",
                            "sync_time_with_host": "false",
                            "tags.#": "0",
                            "uuid": "423f6cec-01a7-e388-d1b6-89c0bb8801be",
                            "vapp.#": "1",
                            "vapp.0.properties.%": "2",
                            "vapp.0.properties.guestinfo.ignition.config.data": "eyJpZ25pdGlvbiI6eyJjb25maWciOnsiYXBwZW5kIjpbeyJzb3VyY2UiOiJkYXRhOnRleHQvcGxhaW47Y2hhcnNldD11dGYtODtiYXNlNjQsQ25zaWFXZHVhWFJwYjI0aU9uc2lZMjl1Wm1sbklqcDdJbUZ3Y0dWdVpDSTZXM3NpYzI5MWNtTmxJam9pYUhSMGNITTZMeTloY0drdGFXNTBMbTlqY0M1aWNtOXJaWEl1YzJGcFl5NWpiMjA2TWpJMk1qTXZZMjl1Wm1sbkwyMWhjM1JsY2lJc0luWmxjbWxtYVdOaGRHbHZiaUk2ZTMxOVhYMHNJbk5sWTNWeWFYUjVJanA3SW5Sc2N5STZleUpqWlhKMGFXWnBZMkYwWlVGMWRHaHZjbWwwYVdWeklqcGJleUp6YjNWeVkyVWlPaUprWVhSaE9uUmxlSFF2Y0d4aGFXNDdZMmhoY25ObGREMTFkR1l0T0R0aVlYTmxOalFzVEZNd2RFeFRNVU5TVldSS1ZHbENSRkpXU2xWVFZWcEtVVEJHVlZKVE1IUk1VekIwUTJzeFNsTlZVa1pTUlU1RVVWZGFjRm93UmpOVFZVcENXakJzU2xKck1VdGFiRVkwWVRCc1VGcFdiRE5TUmtaYVUydDBkbGRyYkc5a2JVNVBVVlpHUmxSRlNsSlJXR1JMWVd0V1ZGUlZTa0pTTUVWNFZsVlZTMUV6YUU1VGJVbDZVVzE0YVdKck5YWlpWbVJoVFVVeFUxRllaRVZhTVd4RlZteEdVbEpGVmpOYVNHeHBUV3ByZDFSR1pFOWhSVEZEVGtab1JWWkZiRE5VVlZKR1pWVTVWVkpVVms1U1JXd3pWREJhZGxkQmNFVldSVEV6VkZWU1JtVlZOWEZTVkZaT1VrVnNNMVF3V25aa01IQnhVbFpPVGxGclJraFJWRVpXVWxWT05GUlZjR2xOTUVweldXMDFUMkl5UmxoWGFrSk9WV3RHTTFKSFpGcFNSbHBTVlZWU1JtUXlValZEYlVsNVQxUkNUVll3Tlc5VVZXeEtVV3RzY1ZGVk5VTmFNblI0WVVkMGNGSjZiRE5OUlVwQ1ZWVldSMUZWUmxCUk1FWlNUMFZHVGxOVmJFTlJNbVJNVVRCR1VsSlZSakZYYlRWWllrTjBWRkZZYkVwV1JFMUxWV3RLVjJWcVNuZE5SM0JGVTFSamNscElRbHBNTTA1NVdWaFJlVk13ZUhsVWVtUk5aVWRrTUZOVlJtbGpTRkpKVW1wU1UweDZhR3RUZVhSS1VrVm9hMVp1UmtObFJrNVhUMFJvTldWWGIzSlhXRUpSWWtGd1ZsUkZiRkZTUjJ4T1ZXNXNiRnBZV2s1VFJFMTNUak5vYkZRemJEVmlia3BXWkZkR1VGcEdTbFJrYmxrMFRsaGthRk5WTVRWbFUzTTBZbWs1U1ZScmJ6SmtSRlpvVWtSYVYwNUZNWE5XYlZwd1QxUnNRME51YkRaTk1VNTFUVmhuTTJFd1JrUk9NSGhRWTFSV1dtUkZWbmRqYTJReFYwVTVTRTB6YkZsa1ZYaFlXbXBHU2swemNFOVBXR2h5V1ZoQ01scHNRa2xTYkVaVllUQmtNRTF1YkhkalZWSjJaRzE0Um1SSVRVdExNRTAwWTJwT1RtTkZWWHBPVlhRd1ZGWmthbVZGYXpCVFZVb3lWR3hvUldGWFVtcGhhM2N3WWxoYVdscHRhSGxVTUdoR1RteEZkMUZzVGxoTmJFVnlUV3BzU2xKdFpGaFhSV1F4V2xkU1VWcFdVVFZqZDNCQ1RrVk9XRk5YZUROa1ZrSkdWV3RhYVdORVdrSlhWRUpzU3pJNWRrdDZValZTYlZsM1ZWZGtNRlV4WkVoaFYzUk9XbGRvVGs5VlNtRk9iV2hWWkROc00yTXpWbXRVUnpWRVVtMW9SMUZyV21oVU1scEVRMnN4UlZOdFJUVmtWRVkxVmtoa1NsSkZSbEpSVlVwMlRVVnNNMVZWVWtKVU1FcHVWR3hhU1ZWVWFFTlJWMWswVWxWS1FsUlZUa0pqVmtZelVraGtXbEpHV2xOTlJsSkNWVlZuZGxGclJsWmtNRVl6VWxWSlMwd3pjRUphUlVwdVZHeGFTVlZVVWtaU2JXUlNWbE4wUzFaVlpFbGlTR3hhWlZaUmQxVlZlSFZrTUVaS1RERndObFJYVmpaU01IaFdWVmhrUlZWV2JFdFRNamxoVTFkb01sa3dOVUpWVlZaTlVXeEdRbEpCY0c1YU1GWkRVVlZXV1dWVlpIZExla3BDWkZoc2JFMHlXWGRSYm5CVFlWZEdlRk5FWkVkYU1XeHJZMjB3ZG1Relp6VlZWV3hIV1ZjMGNtUkhkRUpqYkZrMVpGVnNSMDVIVms1VGJtUjVVa04wU2xwVk9XOURiV3h3WWtaT01sUlhkek5qYTFab1pFWktSbFpVUWs5aGJtd3pUVVZrZW1OdE1EQlRhWFEwVlRGR1ZVc3hXbTFMTW14VVVXdGFkMlZYU1RWaFIzUjFUREkxUzFScWFEUlBSRkY1VTFWVk1WSkhWakphTW1OTFQxZEtlbFJyVG5OV1ZsWXpZMVpDU0dKRlJuQlNhMVo0VlZkV1IxTklhRlJOVkdjMFVsUktlR0pYYkd0VFJFWjVXVEF4WVdSVWJFZGhNbEY2Wkc1a2IyTnVXazFaTUhRd1RsZHZkMUpYYkdsaVJFb3pVa0Z3V2s1cVVqSmtha1pVVkROQ1ExWlljRTlrYld3MlRtNVNSRTVyZUVSaE1XZDRZMnRvVG1JeGF6UlNSV2d6VVdwS2FrMVhOVWhOVmtKV1RIazVVV014Y0RObGFteFRVM3BTUkdSSFJqSk9SV1JUVGpCMGFVTnRaRVpWTW14VFpVVjBXRTR5TlZCVWVsWkRUWHBLVEZwVlZrUlhWMHBMVDBac1JscHNVblpOUjNoeVlsVjBNVlpYZUZOaGJWSm9Va1phUWxkRmVFeExlbWhUWW10a2EyRXlUWHBMZW1jMFVXdHNUV05JYTB0a1JUaDNaRVZ3YTFvd05XdFphbHBYV1ZWNGJtSXliRXhUUjI4d1RsVXhjVTVIYkVKUVVXOTBURk13ZEV4VlZrOVNRMEpFVWxaS1ZWTlZXa3BSTUVaVlVsTXdkRXhUTUhSRFp6MDlJaXdpZG1WeWFXWnBZMkYwYVc5dUlqcDdmWDFkZlgwc0luUnBiV1Z2ZFhSeklqcDdmU3dpZG1WeWMybHZiaUk2SWpJdU1pNHdJbjBzSW01bGRIZHZjbXRrSWpwN2ZTd2ljR0Z6YzNka0lqcDdmU3dpYzNSdmNtRm5aU0k2ZTMwc0luTjVjM1JsYldRaU9udDlmUW89IiwidmVyaWZpY2F0aW9uIjp7fX1dfSwidGltZW91dHMiOnt9LCJ2ZXJzaW9uIjoiMi4xLjAifSwibmV0d29ya2QiOnt9LCJwYXNzd2QiOnt9LCJzdG9yYWdlIjp7ImZpbGVzIjpbeyJmaWxlc3lzdGVtIjoicm9vdCIsImdyb3VwIjp7fSwicGF0aCI6Ii9ldGMvaG9zdG5hbWUiLCJ1c2VyIjp7fSwiY29udGVudHMiOnsic291cmNlIjoiZGF0YTp0ZXh0L3BsYWluO2NoYXJzZXQ9dXRmLTg7YmFzZTY0LFEwNVFMVTlEVUMxRFZGSk1NREU9IiwidmVyaWZpY2F0aW9uIjp7fX0sIm1vZGUiOjQyMH0seyJmaWxlc3lzdGVtIjoicm9vdCIsImdyb3VwIjp7fSwicGF0aCI6Ii9ldGMvc3lzY29uZmlnL25ldHdvcmstc2NyaXB0cy9pZmNmZy1lbnMxOTIiLCJ1c2VyIjp7fSwiY29udGVudHMiOnsic291cmNlIjoiZGF0YTp0ZXh0L3BsYWluO2NoYXJzZXQ9dXRmLTg7YmFzZTY0LFZGbFFSVDFGZEdobGNtNWxkQXBDVDA5VVVGSlBWRTg5Ym05dVpRcE9RVTFGUFdWdWN6RTVNZ3BFUlZaSlEwVTlaVzV6TVRreUNrOU9RazlQVkQxNVpYTUtTVkJCUkVSU1BURTNNaTR5TlM0d0xqTTFDbEJTUlVaSldEMHhOZ3BIUVZSRlYwRlpQVEUzTWk0eU5TNHdMakVLUkU5TlFVbE9QVzlqY0M1aWNtOXJaWEl1YzJGcFl5NWpiMjBLUkU1VE1UMHhOekl1TVRndU1qQXVNVEVLUkU1VE1qMHhOekl1TVRndU1qQXVNVElLIiwidmVyaWZpY2F0aW9uIjp7fX0sIm1vZGUiOjQyMH1dfSwic3lzdGVtZCI6eyJ1bml0cyI6W3siY29udGVudHMiOiJbVW5pdF1cbkNvbmRpdGlvbkZpcnN0Qm9vdD15ZXNcbltTZXJ2aWNlXVxuVHlwZT1pZGxlXG5FeGVjU3RhcnQ9L3NiaW4vcmVib290XG5bSW5zdGFsbF1cbldhbnRlZEJ5PW11bHRpLXVzZXIudGFyZ2V0XG4iLCJlbmFibGVkIjp0cnVlLCJuYW1lIjoicmVzdGFydC5zZXJ2aWNlIn1dfX0=",
                            "vapp.0.properties.guestinfo.ignition.config.data.encoding": "base64",
                            "vapp_transport.#": "1",
                            "vapp_transport.0": "com.vmware.guestInfo",
                            "vmware_tools_status": "guestToolsNotRunning",
                            "vmx_path": "7ed7315e-9055-3257-b2c3-000af7ef6f70/CNP-OCP-CTRL01.vmx",
                            "wait_for_guest_ip_timeout": "0",
                            "wait_for_guest_net_routable": "false",
                            "wait_for_guest_net_timeout": "0"
                        },
                        "meta": {
                            "schema_version": "3"
                        },
                        "tainted": false
                    },
                    "deposed": [],
                    "provider": "provider.vsphere"
                },
                "vsphere_virtual_machine.vm.1": {
                    "type": "vsphere_virtual_machine",
                    "depends_on": [
                        "data.ignition_config.ign.*",
                        "data.vsphere_datastore.datastore",
                        "data.vsphere_network.network",
                        "data.vsphere_virtual_machine.template"
                    ],
                    "primary": {
                        "id": "423ffd48-3989-1783-e405-b6c012b42e59",
                        "attributes": {
                            "alternate_guest_name": "",
                            "annotation": "",
                            "boot_delay": "0",
                            "boot_retry_delay": "10000",
                            "boot_retry_enabled": "false",
                            "cdrom.#": "0",
                            "change_version": "2020-01-29T19:06:05.032519Z",
                            "clone.#": "1",
                            "clone.0.customize.#": "0",
                            "clone.0.linked_clone": "false",
                            "clone.0.template_uuid": "423f99a6-1a60-fd19-01a7-8d964cb7d510",
                            "clone.0.timeout": "30",
                            "cpu_hot_add_enabled": "false",
                            "cpu_hot_remove_enabled": "false",
                            "cpu_limit": "-1",
                            "cpu_performance_counters_enabled": "false",
                            "cpu_reservation": "0",
                            "cpu_share_count": "4000",
                            "cpu_share_level": "normal",
                            "custom_attributes.%": "0",
                            "datastore_id": "datastore-41",
                            "disk.#": "1",
                            "disk.0.attach": "false",
                            "disk.0.datastore_id": "datastore-41",
                            "disk.0.device_address": "scsi:0:0",
                            "disk.0.disk_mode": "persistent",
                            "disk.0.disk_sharing": "sharingNone",
                            "disk.0.eagerly_scrub": "false",
                            "disk.0.io_limit": "-1",
                            "disk.0.io_reservation": "0",
                            "disk.0.io_share_count": "1000",
                            "disk.0.io_share_level": "normal",
                            "disk.0.keep_on_remove": "false",
                            "disk.0.key": "2000",
                            "disk.0.label": "disk0",
                            "disk.0.name": "",
                            "disk.0.path": "7ed7315e-cccf-c6db-4f24-000af7ef6ff0/CNP-OCP-CTRL02.vmdk",
                            "disk.0.size": "60",
                            "disk.0.thin_provisioned": "false",
                            "disk.0.unit_number": "0",
                            "disk.0.uuid": "6000C292-4a2f-799e-8cd5-2fa1d0721672",
                            "disk.0.write_through": "false",
                            "efi_secure_boot_enabled": "false",
                            "enable_disk_uuid": "true",
                            "enable_logging": "false",
                            "ept_rvi_mode": "automatic",
                            "extra_config.%": "0",
                            "firmware": "bios",
                            "folder": "Red Hat-ocp",
                            "force_power_off": "true",
                            "guest_id": "rhel7_64Guest",
                            "guest_ip_addresses.#": "0",
                            "host_system_id": "host-58",
                            "hv_mode": "hvAuto",
                            "id": "423ffd48-3989-1783-e405-b6c012b42e59",
                            "latency_sensitivity": "normal",
                            "memory": "16384",
                            "memory_hot_add_enabled": "false",
                            "memory_limit": "-1",
                            "memory_reservation": "0",
                            "memory_share_count": "163840",
                            "memory_share_level": "normal",
                            "migrate_wait_timeout": "30",
                            "moid": "vm-2298",
                            "name": "CNP-OCP-CTRL02",
                            "nested_hv_enabled": "false",
                            "network_interface.#": "1",
                            "network_interface.0.adapter_type": "vmxnet3",
                            "network_interface.0.bandwidth_limit": "-1",
                            "network_interface.0.bandwidth_reservation": "0",
                            "network_interface.0.bandwidth_share_count": "50",
                            "network_interface.0.bandwidth_share_level": "normal",
                            "network_interface.0.device_address": "pci:0:7",
                            "network_interface.0.key": "4000",
                            "network_interface.0.mac_address": "00:50:56:bf:c6:f3",
                            "network_interface.0.network_id": "dvportgroup-1112",
                            "network_interface.0.use_static_mac": "false",
                            "num_cores_per_socket": "1",
                            "num_cpus": "4",
                            "reboot_required": "false",
                            "resource_pool_id": "resgroup-2296",
                            "run_tools_scripts_after_power_on": "true",
                            "run_tools_scripts_after_resume": "true",
                            "run_tools_scripts_before_guest_reboot": "false",
                            "run_tools_scripts_before_guest_shutdown": "true",
                            "run_tools_scripts_before_guest_standby": "true",
                            "scsi_bus_sharing": "noSharing",
                            "scsi_controller_count": "1",
                            "scsi_type": "pvscsi",
                            "shutdown_wait_timeout": "3",
                            "swap_placement_policy": "inherit",
                            "sync_time_with_host": "false",
                            "tags.#": "0",
                            "uuid": "423ffd48-3989-1783-e405-b6c012b42e59",
                            "vapp.#": "1",
                            "vapp.0.properties.%": "2",
                            "vapp.0.properties.guestinfo.ignition.config.data": "eyJpZ25pdGlvbiI6eyJjb25maWciOnsiYXBwZW5kIjpbeyJzb3VyY2UiOiJkYXRhOnRleHQvcGxhaW47Y2hhcnNldD11dGYtODtiYXNlNjQsQ25zaWFXZHVhWFJwYjI0aU9uc2lZMjl1Wm1sbklqcDdJbUZ3Y0dWdVpDSTZXM3NpYzI5MWNtTmxJam9pYUhSMGNITTZMeTloY0drdGFXNTBMbTlqY0M1aWNtOXJaWEl1YzJGcFl5NWpiMjA2TWpJMk1qTXZZMjl1Wm1sbkwyMWhjM1JsY2lJc0luWmxjbWxtYVdOaGRHbHZiaUk2ZTMxOVhYMHNJbk5sWTNWeWFYUjVJanA3SW5Sc2N5STZleUpqWlhKMGFXWnBZMkYwWlVGMWRHaHZjbWwwYVdWeklqcGJleUp6YjNWeVkyVWlPaUprWVhSaE9uUmxlSFF2Y0d4aGFXNDdZMmhoY25ObGREMTFkR1l0T0R0aVlYTmxOalFzVEZNd2RFeFRNVU5TVldSS1ZHbENSRkpXU2xWVFZWcEtVVEJHVlZKVE1IUk1VekIwUTJzeFNsTlZVa1pTUlU1RVVWZGFjRm93UmpOVFZVcENXakJzU2xKck1VdGFiRVkwWVRCc1VGcFdiRE5TUmtaYVUydDBkbGRyYkc5a2JVNVBVVlpHUmxSRlNsSlJXR1JMWVd0V1ZGUlZTa0pTTUVWNFZsVlZTMUV6YUU1VGJVbDZVVzE0YVdKck5YWlpWbVJoVFVVeFUxRllaRVZhTVd4RlZteEdVbEpGVmpOYVNHeHBUV3ByZDFSR1pFOWhSVEZEVGtab1JWWkZiRE5VVlZKR1pWVTVWVkpVVms1U1JXd3pWREJhZGxkQmNFVldSVEV6VkZWU1JtVlZOWEZTVkZaT1VrVnNNMVF3V25aa01IQnhVbFpPVGxGclJraFJWRVpXVWxWT05GUlZjR2xOTUVweldXMDFUMkl5UmxoWGFrSk9WV3RHTTFKSFpGcFNSbHBTVlZWU1JtUXlValZEYlVsNVQxUkNUVll3Tlc5VVZXeEtVV3RzY1ZGVk5VTmFNblI0WVVkMGNGSjZiRE5OUlVwQ1ZWVldSMUZWUmxCUk1FWlNUMFZHVGxOVmJFTlJNbVJNVVRCR1VsSlZSakZYYlRWWllrTjBWRkZZYkVwV1JFMUxWV3RLVjJWcVNuZE5SM0JGVTFSamNscElRbHBNTTA1NVdWaFJlVk13ZUhsVWVtUk5aVWRrTUZOVlJtbGpTRkpKVW1wU1UweDZhR3RUZVhSS1VrVm9hMVp1UmtObFJrNVhUMFJvTldWWGIzSlhXRUpSWWtGd1ZsUkZiRkZTUjJ4T1ZXNXNiRnBZV2s1VFJFMTNUak5vYkZRemJEVmlia3BXWkZkR1VGcEdTbFJrYmxrMFRsaGthRk5WTVRWbFUzTTBZbWs1U1ZScmJ6SmtSRlpvVWtSYVYwNUZNWE5XYlZwd1QxUnNRME51YkRaTk1VNTFUVmhuTTJFd1JrUk9NSGhRWTFSV1dtUkZWbmRqYTJReFYwVTVTRTB6YkZsa1ZYaFlXbXBHU2swemNFOVBXR2h5V1ZoQ01scHNRa2xTYkVaVllUQmtNRTF1YkhkalZWSjJaRzE0Um1SSVRVdExNRTAwWTJwT1RtTkZWWHBPVlhRd1ZGWmthbVZGYXpCVFZVb3lWR3hvUldGWFVtcGhhM2N3WWxoYVdscHRhSGxVTUdoR1RteEZkMUZzVGxoTmJFVnlUV3BzU2xKdFpGaFhSV1F4V2xkU1VWcFdVVFZqZDNCQ1RrVk9XRk5YZUROa1ZrSkdWV3RhYVdORVdrSlhWRUpzU3pJNWRrdDZValZTYlZsM1ZWZGtNRlV4WkVoaFYzUk9XbGRvVGs5VlNtRk9iV2hWWkROc00yTXpWbXRVUnpWRVVtMW9SMUZyV21oVU1scEVRMnN4UlZOdFJUVmtWRVkxVmtoa1NsSkZSbEpSVlVwMlRVVnNNMVZWVWtKVU1FcHVWR3hhU1ZWVWFFTlJWMWswVWxWS1FsUlZUa0pqVmtZelVraGtXbEpHV2xOTlJsSkNWVlZuZGxGclJsWmtNRVl6VWxWSlMwd3pjRUphUlVwdVZHeGFTVlZVVWtaU2JXUlNWbE4wUzFaVlpFbGlTR3hhWlZaUmQxVlZlSFZrTUVaS1RERndObFJYVmpaU01IaFdWVmhrUlZWV2JFdFRNamxoVTFkb01sa3dOVUpWVlZaTlVXeEdRbEpCY0c1YU1GWkRVVlZXV1dWVlpIZExla3BDWkZoc2JFMHlXWGRSYm5CVFlWZEdlRk5FWkVkYU1XeHJZMjB3ZG1Relp6VlZWV3hIV1ZjMGNtUkhkRUpqYkZrMVpGVnNSMDVIVms1VGJtUjVVa04wU2xwVk9XOURiV3h3WWtaT01sUlhkek5qYTFab1pFWktSbFpVUWs5aGJtd3pUVVZrZW1OdE1EQlRhWFEwVlRGR1ZVc3hXbTFMTW14VVVXdGFkMlZYU1RWaFIzUjFUREkxUzFScWFEUlBSRkY1VTFWVk1WSkhWakphTW1OTFQxZEtlbFJyVG5OV1ZsWXpZMVpDU0dKRlJuQlNhMVo0VlZkV1IxTklhRlJOVkdjMFVsUktlR0pYYkd0VFJFWjVXVEF4WVdSVWJFZGhNbEY2Wkc1a2IyTnVXazFaTUhRd1RsZHZkMUpYYkdsaVJFb3pVa0Z3V2s1cVVqSmtha1pVVkROQ1ExWlljRTlrYld3MlRtNVNSRTVyZUVSaE1XZDRZMnRvVG1JeGF6UlNSV2d6VVdwS2FrMVhOVWhOVmtKV1RIazVVV014Y0RObGFteFRVM3BTUkdSSFJqSk9SV1JUVGpCMGFVTnRaRVpWTW14VFpVVjBXRTR5TlZCVWVsWkRUWHBLVEZwVlZrUlhWMHBMVDBac1JscHNVblpOUjNoeVlsVjBNVlpYZUZOaGJWSm9Va1phUWxkRmVFeExlbWhUWW10a2EyRXlUWHBMZW1jMFVXdHNUV05JYTB0a1JUaDNaRVZ3YTFvd05XdFphbHBYV1ZWNGJtSXliRXhUUjI4d1RsVXhjVTVIYkVKUVVXOTBURk13ZEV4VlZrOVNRMEpFVWxaS1ZWTlZXa3BSTUVaVlVsTXdkRXhUTUhSRFp6MDlJaXdpZG1WeWFXWnBZMkYwYVc5dUlqcDdmWDFkZlgwc0luUnBiV1Z2ZFhSeklqcDdmU3dpZG1WeWMybHZiaUk2SWpJdU1pNHdJbjBzSW01bGRIZHZjbXRrSWpwN2ZTd2ljR0Z6YzNka0lqcDdmU3dpYzNSdmNtRm5aU0k2ZTMwc0luTjVjM1JsYldRaU9udDlmUW89IiwidmVyaWZpY2F0aW9uIjp7fX1dfSwidGltZW91dHMiOnt9LCJ2ZXJzaW9uIjoiMi4xLjAifSwibmV0d29ya2QiOnt9LCJwYXNzd2QiOnt9LCJzdG9yYWdlIjp7ImZpbGVzIjpbeyJmaWxlc3lzdGVtIjoicm9vdCIsImdyb3VwIjp7fSwicGF0aCI6Ii9ldGMvaG9zdG5hbWUiLCJ1c2VyIjp7fSwiY29udGVudHMiOnsic291cmNlIjoiZGF0YTp0ZXh0L3BsYWluO2NoYXJzZXQ9dXRmLTg7YmFzZTY0LFEwNVFMVTlEVUMxRFZGSk1NREk9IiwidmVyaWZpY2F0aW9uIjp7fX0sIm1vZGUiOjQyMH0seyJmaWxlc3lzdGVtIjoicm9vdCIsImdyb3VwIjp7fSwicGF0aCI6Ii9ldGMvc3lzY29uZmlnL25ldHdvcmstc2NyaXB0cy9pZmNmZy1lbnMxOTIiLCJ1c2VyIjp7fSwiY29udGVudHMiOnsic291cmNlIjoiZGF0YTp0ZXh0L3BsYWluO2NoYXJzZXQ9dXRmLTg7YmFzZTY0LFZGbFFSVDFGZEdobGNtNWxkQXBDVDA5VVVGSlBWRTg5Ym05dVpRcE9RVTFGUFdWdWN6RTVNZ3BFUlZaSlEwVTlaVzV6TVRreUNrOU9RazlQVkQxNVpYTUtTVkJCUkVSU1BURTNNaTR5TlM0d0xqTTJDbEJTUlVaSldEMHhOZ3BIUVZSRlYwRlpQVEUzTWk0eU5TNHdMakVLUkU5TlFVbE9QVzlqY0M1aWNtOXJaWEl1YzJGcFl5NWpiMjBLUkU1VE1UMHhOekl1TVRndU1qQXVNVEVLUkU1VE1qMHhOekl1TVRndU1qQXVNVElLIiwidmVyaWZpY2F0aW9uIjp7fX0sIm1vZGUiOjQyMH1dfSwic3lzdGVtZCI6eyJ1bml0cyI6W3siY29udGVudHMiOiJbVW5pdF1cbkNvbmRpdGlvbkZpcnN0Qm9vdD15ZXNcbltTZXJ2aWNlXVxuVHlwZT1pZGxlXG5FeGVjU3RhcnQ9L3NiaW4vcmVib290XG5bSW5zdGFsbF1cbldhbnRlZEJ5PW11bHRpLXVzZXIudGFyZ2V0XG4iLCJlbmFibGVkIjp0cnVlLCJuYW1lIjoicmVzdGFydC5zZXJ2aWNlIn1dfX0=",
                            "vapp.0.properties.guestinfo.ignition.config.data.encoding": "base64",
                            "vapp_transport.#": "1",
                            "vapp_transport.0": "com.vmware.guestInfo",
                            "vmware_tools_status": "guestToolsNotRunning",
                            "vmx_path": "7ed7315e-cccf-c6db-4f24-000af7ef6ff0/CNP-OCP-CTRL02.vmx",
                            "wait_for_guest_ip_timeout": "0",
                            "wait_for_guest_net_routable": "false",
                            "wait_for_guest_net_timeout": "0"
                        },
                        "meta": {
                            "schema_version": "3"
                        },
                        "tainted": false
                    },
                    "deposed": [],
                    "provider": "provider.vsphere"
                },
                "vsphere_virtual_machine.vm.2": {
                    "type": "vsphere_virtual_machine",
                    "depends_on": [
                        "data.ignition_config.ign.*",
                        "data.vsphere_datastore.datastore",
                        "data.vsphere_network.network",
                        "data.vsphere_virtual_machine.template"
                    ],
                    "primary": {
                        "id": "423fadb1-481b-af06-9c84-02d096ececff",
                        "attributes": {
                            "alternate_guest_name": "",
                            "annotation": "",
                            "boot_delay": "0",
                            "boot_retry_delay": "10000",
                            "boot_retry_enabled": "false",
                            "cdrom.#": "0",
                            "change_version": "2020-01-29T19:06:09.460656Z",
                            "clone.#": "1",
                            "clone.0.customize.#": "0",
                            "clone.0.linked_clone": "false",
                            "clone.0.template_uuid": "423f99a6-1a60-fd19-01a7-8d964cb7d510",
                            "clone.0.timeout": "30",
                            "cpu_hot_add_enabled": "false",
                            "cpu_hot_remove_enabled": "false",
                            "cpu_limit": "-1",
                            "cpu_performance_counters_enabled": "false",
                            "cpu_reservation": "0",
                            "cpu_share_count": "4000",
                            "cpu_share_level": "normal",
                            "custom_attributes.%": "0",
                            "datastore_id": "datastore-41",
                            "disk.#": "1",
                            "disk.0.attach": "false",
                            "disk.0.datastore_id": "datastore-41",
                            "disk.0.device_address": "scsi:0:0",
                            "disk.0.disk_mode": "persistent",
                            "disk.0.disk_sharing": "sharingNone",
                            "disk.0.eagerly_scrub": "false",
                            "disk.0.io_limit": "-1",
                            "disk.0.io_reservation": "0",
                            "disk.0.io_share_count": "1000",
                            "disk.0.io_share_level": "normal",
                            "disk.0.keep_on_remove": "false",
                            "disk.0.key": "2000",
                            "disk.0.label": "disk0",
                            "disk.0.name": "",
                            "disk.0.path": "7ed7315e-9038-82d8-7530-000af7ef7c40/CNP-OCP-CTRL03.vmdk",
                            "disk.0.size": "60",
                            "disk.0.thin_provisioned": "false",
                            "disk.0.unit_number": "0",
                            "disk.0.uuid": "6000C299-84c9-26dc-18d5-f5192288666f",
                            "disk.0.write_through": "false",
                            "efi_secure_boot_enabled": "false",
                            "enable_disk_uuid": "true",
                            "enable_logging": "false",
                            "ept_rvi_mode": "automatic",
                            "extra_config.%": "0",
                            "firmware": "bios",
                            "folder": "Red Hat-ocp",
                            "force_power_off": "true",
                            "guest_id": "rhel7_64Guest",
                            "guest_ip_addresses.#": "0",
                            "host_system_id": "host-49",
                            "hv_mode": "hvAuto",
                            "id": "423fadb1-481b-af06-9c84-02d096ececff",
                            "latency_sensitivity": "normal",
                            "memory": "16384",
                            "memory_hot_add_enabled": "false",
                            "memory_limit": "-1",
                            "memory_reservation": "0",
                            "memory_share_count": "163840",
                            "memory_share_level": "normal",
                            "migrate_wait_timeout": "30",
                            "moid": "vm-2300",
                            "name": "CNP-OCP-CTRL03",
                            "nested_hv_enabled": "false",
                            "network_interface.#": "1",
                            "network_interface.0.adapter_type": "vmxnet3",
                            "network_interface.0.bandwidth_limit": "-1",
                            "network_interface.0.bandwidth_reservation": "0",
                            "network_interface.0.bandwidth_share_count": "50",
                            "network_interface.0.bandwidth_share_level": "normal",
                            "network_interface.0.device_address": "pci:0:7",
                            "network_interface.0.key": "4000",
                            "network_interface.0.mac_address": "00:50:56:bf:e5:64",
                            "network_interface.0.network_id": "dvportgroup-1112",
                            "network_interface.0.use_static_mac": "false",
                            "num_cores_per_socket": "1",
                            "num_cpus": "4",
                            "reboot_required": "false",
                            "resource_pool_id": "resgroup-2296",
                            "run_tools_scripts_after_power_on": "true",
                            "run_tools_scripts_after_resume": "true",
                            "run_tools_scripts_before_guest_reboot": "false",
                            "run_tools_scripts_before_guest_shutdown": "true",
                            "run_tools_scripts_before_guest_standby": "true",
                            "scsi_bus_sharing": "noSharing",
                            "scsi_controller_count": "1",
                            "scsi_type": "pvscsi",
                            "shutdown_wait_timeout": "3",
                            "swap_placement_policy": "inherit",
                            "sync_time_with_host": "false",
                            "tags.#": "0",
                            "uuid": "423fadb1-481b-af06-9c84-02d096ececff",
                            "vapp.#": "1",
                            "vapp.0.properties.%": "2",
                            "vapp.0.properties.guestinfo.ignition.config.data": "eyJpZ25pdGlvbiI6eyJjb25maWciOnsiYXBwZW5kIjpbeyJzb3VyY2UiOiJkYXRhOnRleHQvcGxhaW47Y2hhcnNldD11dGYtODtiYXNlNjQsQ25zaWFXZHVhWFJwYjI0aU9uc2lZMjl1Wm1sbklqcDdJbUZ3Y0dWdVpDSTZXM3NpYzI5MWNtTmxJam9pYUhSMGNITTZMeTloY0drdGFXNTBMbTlqY0M1aWNtOXJaWEl1YzJGcFl5NWpiMjA2TWpJMk1qTXZZMjl1Wm1sbkwyMWhjM1JsY2lJc0luWmxjbWxtYVdOaGRHbHZiaUk2ZTMxOVhYMHNJbk5sWTNWeWFYUjVJanA3SW5Sc2N5STZleUpqWlhKMGFXWnBZMkYwWlVGMWRHaHZjbWwwYVdWeklqcGJleUp6YjNWeVkyVWlPaUprWVhSaE9uUmxlSFF2Y0d4aGFXNDdZMmhoY25ObGREMTFkR1l0T0R0aVlYTmxOalFzVEZNd2RFeFRNVU5TVldSS1ZHbENSRkpXU2xWVFZWcEtVVEJHVlZKVE1IUk1VekIwUTJzeFNsTlZVa1pTUlU1RVVWZGFjRm93UmpOVFZVcENXakJzU2xKck1VdGFiRVkwWVRCc1VGcFdiRE5TUmtaYVUydDBkbGRyYkc5a2JVNVBVVlpHUmxSRlNsSlJXR1JMWVd0V1ZGUlZTa0pTTUVWNFZsVlZTMUV6YUU1VGJVbDZVVzE0YVdKck5YWlpWbVJoVFVVeFUxRllaRVZhTVd4RlZteEdVbEpGVmpOYVNHeHBUV3ByZDFSR1pFOWhSVEZEVGtab1JWWkZiRE5VVlZKR1pWVTVWVkpVVms1U1JXd3pWREJhZGxkQmNFVldSVEV6VkZWU1JtVlZOWEZTVkZaT1VrVnNNMVF3V25aa01IQnhVbFpPVGxGclJraFJWRVpXVWxWT05GUlZjR2xOTUVweldXMDFUMkl5UmxoWGFrSk9WV3RHTTFKSFpGcFNSbHBTVlZWU1JtUXlValZEYlVsNVQxUkNUVll3Tlc5VVZXeEtVV3RzY1ZGVk5VTmFNblI0WVVkMGNGSjZiRE5OUlVwQ1ZWVldSMUZWUmxCUk1FWlNUMFZHVGxOVmJFTlJNbVJNVVRCR1VsSlZSakZYYlRWWllrTjBWRkZZYkVwV1JFMUxWV3RLVjJWcVNuZE5SM0JGVTFSamNscElRbHBNTTA1NVdWaFJlVk13ZUhsVWVtUk5aVWRrTUZOVlJtbGpTRkpKVW1wU1UweDZhR3RUZVhSS1VrVm9hMVp1UmtObFJrNVhUMFJvTldWWGIzSlhXRUpSWWtGd1ZsUkZiRkZTUjJ4T1ZXNXNiRnBZV2s1VFJFMTNUak5vYkZRemJEVmlia3BXWkZkR1VGcEdTbFJrYmxrMFRsaGthRk5WTVRWbFUzTTBZbWs1U1ZScmJ6SmtSRlpvVWtSYVYwNUZNWE5XYlZwd1QxUnNRME51YkRaTk1VNTFUVmhuTTJFd1JrUk9NSGhRWTFSV1dtUkZWbmRqYTJReFYwVTVTRTB6YkZsa1ZYaFlXbXBHU2swemNFOVBXR2h5V1ZoQ01scHNRa2xTYkVaVllUQmtNRTF1YkhkalZWSjJaRzE0Um1SSVRVdExNRTAwWTJwT1RtTkZWWHBPVlhRd1ZGWmthbVZGYXpCVFZVb3lWR3hvUldGWFVtcGhhM2N3WWxoYVdscHRhSGxVTUdoR1RteEZkMUZzVGxoTmJFVnlUV3BzU2xKdFpGaFhSV1F4V2xkU1VWcFdVVFZqZDNCQ1RrVk9XRk5YZUROa1ZrSkdWV3RhYVdORVdrSlhWRUpzU3pJNWRrdDZValZTYlZsM1ZWZGtNRlV4WkVoaFYzUk9XbGRvVGs5VlNtRk9iV2hWWkROc00yTXpWbXRVUnpWRVVtMW9SMUZyV21oVU1scEVRMnN4UlZOdFJUVmtWRVkxVmtoa1NsSkZSbEpSVlVwMlRVVnNNMVZWVWtKVU1FcHVWR3hhU1ZWVWFFTlJWMWswVWxWS1FsUlZUa0pqVmtZelVraGtXbEpHV2xOTlJsSkNWVlZuZGxGclJsWmtNRVl6VWxWSlMwd3pjRUphUlVwdVZHeGFTVlZVVWtaU2JXUlNWbE4wUzFaVlpFbGlTR3hhWlZaUmQxVlZlSFZrTUVaS1RERndObFJYVmpaU01IaFdWVmhrUlZWV2JFdFRNamxoVTFkb01sa3dOVUpWVlZaTlVXeEdRbEpCY0c1YU1GWkRVVlZXV1dWVlpIZExla3BDWkZoc2JFMHlXWGRSYm5CVFlWZEdlRk5FWkVkYU1XeHJZMjB3ZG1Relp6VlZWV3hIV1ZjMGNtUkhkRUpqYkZrMVpGVnNSMDVIVms1VGJtUjVVa04wU2xwVk9XOURiV3h3WWtaT01sUlhkek5qYTFab1pFWktSbFpVUWs5aGJtd3pUVVZrZW1OdE1EQlRhWFEwVlRGR1ZVc3hXbTFMTW14VVVXdGFkMlZYU1RWaFIzUjFUREkxUzFScWFEUlBSRkY1VTFWVk1WSkhWakphTW1OTFQxZEtlbFJyVG5OV1ZsWXpZMVpDU0dKRlJuQlNhMVo0VlZkV1IxTklhRlJOVkdjMFVsUktlR0pYYkd0VFJFWjVXVEF4WVdSVWJFZGhNbEY2Wkc1a2IyTnVXazFaTUhRd1RsZHZkMUpYYkdsaVJFb3pVa0Z3V2s1cVVqSmtha1pVVkROQ1ExWlljRTlrYld3MlRtNVNSRTVyZUVSaE1XZDRZMnRvVG1JeGF6UlNSV2d6VVdwS2FrMVhOVWhOVmtKV1RIazVVV014Y0RObGFteFRVM3BTUkdSSFJqSk9SV1JUVGpCMGFVTnRaRVpWTW14VFpVVjBXRTR5TlZCVWVsWkRUWHBLVEZwVlZrUlhWMHBMVDBac1JscHNVblpOUjNoeVlsVjBNVlpYZUZOaGJWSm9Va1phUWxkRmVFeExlbWhUWW10a2EyRXlUWHBMZW1jMFVXdHNUV05JYTB0a1JUaDNaRVZ3YTFvd05XdFphbHBYV1ZWNGJtSXliRXhUUjI4d1RsVXhjVTVIYkVKUVVXOTBURk13ZEV4VlZrOVNRMEpFVWxaS1ZWTlZXa3BSTUVaVlVsTXdkRXhUTUhSRFp6MDlJaXdpZG1WeWFXWnBZMkYwYVc5dUlqcDdmWDFkZlgwc0luUnBiV1Z2ZFhSeklqcDdmU3dpZG1WeWMybHZiaUk2SWpJdU1pNHdJbjBzSW01bGRIZHZjbXRrSWpwN2ZTd2ljR0Z6YzNka0lqcDdmU3dpYzNSdmNtRm5aU0k2ZTMwc0luTjVjM1JsYldRaU9udDlmUW89IiwidmVyaWZpY2F0aW9uIjp7fX1dfSwidGltZW91dHMiOnt9LCJ2ZXJzaW9uIjoiMi4xLjAifSwibmV0d29ya2QiOnt9LCJwYXNzd2QiOnt9LCJzdG9yYWdlIjp7ImZpbGVzIjpbeyJmaWxlc3lzdGVtIjoicm9vdCIsImdyb3VwIjp7fSwicGF0aCI6Ii9ldGMvaG9zdG5hbWUiLCJ1c2VyIjp7fSwiY29udGVudHMiOnsic291cmNlIjoiZGF0YTp0ZXh0L3BsYWluO2NoYXJzZXQ9dXRmLTg7YmFzZTY0LFEwNVFMVTlEVUMxRFZGSk1NRE09IiwidmVyaWZpY2F0aW9uIjp7fX0sIm1vZGUiOjQyMH0seyJmaWxlc3lzdGVtIjoicm9vdCIsImdyb3VwIjp7fSwicGF0aCI6Ii9ldGMvc3lzY29uZmlnL25ldHdvcmstc2NyaXB0cy9pZmNmZy1lbnMxOTIiLCJ1c2VyIjp7fSwiY29udGVudHMiOnsic291cmNlIjoiZGF0YTp0ZXh0L3BsYWluO2NoYXJzZXQ9dXRmLTg7YmFzZTY0LFZGbFFSVDFGZEdobGNtNWxkQXBDVDA5VVVGSlBWRTg5Ym05dVpRcE9RVTFGUFdWdWN6RTVNZ3BFUlZaSlEwVTlaVzV6TVRreUNrOU9RazlQVkQxNVpYTUtTVkJCUkVSU1BURTNNaTR5TlM0d0xqTTNDbEJTUlVaSldEMHhOZ3BIUVZSRlYwRlpQVEUzTWk0eU5TNHdMakVLUkU5TlFVbE9QVzlqY0M1aWNtOXJaWEl1YzJGcFl5NWpiMjBLUkU1VE1UMHhOekl1TVRndU1qQXVNVEVLUkU1VE1qMHhOekl1TVRndU1qQXVNVElLIiwidmVyaWZpY2F0aW9uIjp7fX0sIm1vZGUiOjQyMH1dfSwic3lzdGVtZCI6eyJ1bml0cyI6W3siY29udGVudHMiOiJbVW5pdF1cbkNvbmRpdGlvbkZpcnN0Qm9vdD15ZXNcbltTZXJ2aWNlXVxuVHlwZT1pZGxlXG5FeGVjU3RhcnQ9L3NiaW4vcmVib290XG5bSW5zdGFsbF1cbldhbnRlZEJ5PW11bHRpLXVzZXIudGFyZ2V0XG4iLCJlbmFibGVkIjp0cnVlLCJuYW1lIjoicmVzdGFydC5zZXJ2aWNlIn1dfX0=",
                            "vapp.0.properties.guestinfo.ignition.config.data.encoding": "base64",
                            "vapp_transport.#": "1",
                            "vapp_transport.0": "com.vmware.guestInfo",
                            "vmware_tools_status": "guestToolsNotRunning",
                            "vmx_path": "7ed7315e-9038-82d8-7530-000af7ef7c40/CNP-OCP-CTRL03.vmx",
                            "wait_for_guest_ip_timeout": "0",
                            "wait_for_guest_net_routable": "false",
                            "wait_for_guest_net_timeout": "0"
                        },
                        "meta": {
                            "schema_version": "3"
                        },
                        "tainted": false
                    },
                    "deposed": [],
                    "provider": "provider.vsphere"
                }
            },
            "depends_on": []
        },
        {
            "path": [
                "root",
                "folder"
            ],
            "outputs": {
                "path": {
                    "sensitive": false,
                    "type": "string",
                    "value": "Red Hat-ocp"
                }
            },
            "resources": {
                "vsphere_folder.folder": {
                    "type": "vsphere_folder",
                    "depends_on": [],
                    "primary": {
                        "id": "group-v2297",
                        "attributes": {
                            "custom_attributes.%": "0",
                            "datacenter_id": "datacenter-21",
                            "id": "group-v2297",
                            "path": "Red Hat-ocp",
                            "tags.#": "0",
                            "type": "vm"
                        },
                        "meta": {
                            "schema_version": "1"
                        },
                        "tainted": false
                    },
                    "deposed": [],
                    "provider": "provider.vsphere"
                }
            },
            "depends_on": []
        },
        {
            "path": [
                "root",
                "resource_pool"
            ],
            "outputs": {
                "pool_id": {
                    "sensitive": false,
                    "type": "string",
                    "value": "resgroup-2296"
                }
            },
            "resources": {
                "data.vsphere_compute_cluster.compute_cluster": {
                    "type": "vsphere_compute_cluster",
                    "depends_on": [],
                    "primary": {
                        "id": "domain-c26",
                        "attributes": {
                            "datacenter_id": "datacenter-21",
                            "id": "domain-c26",
                            "name": "OKR01-M01-MGMT01",
                            "resource_pool_id": "resgroup-27"
                        },
                        "meta": {},
                        "tainted": false
                    },
                    "deposed": [],
                    "provider": "provider.vsphere"
                },
                "vsphere_resource_pool.resource_pool": {
                    "type": "vsphere_resource_pool",
                    "depends_on": [
                        "data.vsphere_compute_cluster.compute_cluster"
                    ],
                    "primary": {
                        "id": "resgroup-2296",
                        "attributes": {
                            "cpu_expandable": "true",
                            "cpu_limit": "-1",
                            "cpu_reservation": "0",
                            "cpu_share_level": "normal",
                            "cpu_shares": "4000",
                            "id": "resgroup-2296",
                            "memory_expandable": "true",
                            "memory_limit": "-1",
                            "memory_reservation": "0",
                            "memory_share_level": "normal",
                            "memory_shares": "163840",
                            "name": "Red Hat-ocp",
                            "parent_resource_pool_id": "resgroup-27",
                            "tags.#": "0"
                        },
                        "meta": {},
                        "tainted": false
                    },
                    "deposed": [],
                    "provider": "provider.vsphere"
                }
            },
            "depends_on": []
        }
    ]
}
