{
  "version": 4,
  "terraform_version": "0.12.1",
  "serial": 414,
  "lineage": "30cf8006-19ef-1aab-6c6c-94a00f1fdd5b",
  "outputs": {},
  "resources": [
    {
      "module": "module.compute",
      "mode": "data",
      "type": "external",
      "name": "ip_address",
      "each": "list",
      "provider": "provider.external",
      "instances": []
    },
    {
      "module": "module.control_plane",
      "mode": "data",
      "type": "external",
      "name": "ip_address",
      "each": "list",
      "provider": "provider.external",
      "instances": []
    },
    {
      "module": "module.bootstrap",
      "mode": "data",
      "type": "external",
      "name": "ip_address",
      "each": "list",
      "provider": "provider.external",
      "instances": []
    },
    {
      "module": "module.compute",
      "mode": "data",
      "type": "ignition_config",
      "name": "ign",
      "each": "list",
      "provider": "provider.ignition",
      "instances": [
        {
          "index_key": 0,
          "schema_version": 0,
          "attributes": {
            "append": [
              {
                "source": "data:text/plain;charset=utf-8;base64,CnsiaWduaXRpb24iOnsiY29uZmlnIjp7ImFwcGVuZCI6W3sic291cmNlIjoiaHR0cHM6Ly9hcGktaW50LnVwaS5icm9rZXIuc2FpYy5jb206MjI2MjMvY29uZmlnL3dvcmtlciIsInZlcmlmaWNhdGlvbiI6e319XX0sInNlY3VyaXR5Ijp7InRscyI6eyJjZXJ0aWZpY2F0ZUF1dGhvcml0aWVzIjpbeyJzb3VyY2UiOiJkYXRhOnRleHQvcGxhaW47Y2hhcnNldD11dGYtODtiYXNlNjQsTFMwdExTMUNSVWRKVGlCRFJWSlVTVVpKUTBGVVJTMHRMUzB0Q2sxSlNVUkZSRU5EUVdacFowRjNTVUpCWjBsSlZ6WnRZbTgwYzA1R0szTjNSRkZaU2t0dldrbG9kbU5PUVZGRlRFSlJRWGRLYWtWVFRVSkJSMEV4VlVVS1EzaE5TbUl6UW14aWJrNXZZVmRhTUUxU1FYZEVaMWxFVmxGUlJFVjNaSGxpTWprd1RGZE9hRTFDTkZoRVZFVTFUVVJuZVU5RVFYcE5lazE1VGtadldBcEVWRWsxVFVSbmVVNVVRWHBOZWsxNVRrWnZkMHBxUlZOTlFrRkhRVEZWUlVONFRVcGlNMEpzWW01T2IyRlhXakJOVWtGM1JHZFpSRlpSVVVSRmQyUjVDbUl5T1RCTVYwNW9UVWxKUWtscVFVNUNaMnR4YUd0cFJ6bDNNRUpCVVVWR1FVRlBRMEZST0VGTlNVbENRMmRMUTBGUlJVRTFWSE5pV204dlpFazJkVFVLU1ZsV2VtaDRTMjFwTlZnMkwydEZXRFZDZFVOVE1VOUVVVXgxU1hsT1FrRnFZMFZFUmpOemFWcG1kbEpLY0VGT0wyTlljRzAxY2xkNlZqTnFkVGRrYlFvd2QwbHJiak0yV21kQ1VGbGlValV5TjB4Rk9IZFFUbkJhTjIxVVRHTmpVVmxuTm5ocGRHWkdOMVp2VVZrMmJVSm9kakYyWTBOTFpFdzVjMGRqWTA5akNrdDNOSHBsYVhocmFWcFhiMnRqYmtkc1QxSmhkVUpHVUhKSFUyWmxVWEEyYzJGTU5tSnJSVGxSTjJKblZFOTZPWGhxWTI5VE5VWkVLMDVETDNkVlUyb0tNVWcwZERReGNISldObkZaUzFsYU1tSTRXbVk1UkVwelNEVjNPREZpVUc1NFpEQnplVEppU1VaS1RIbHVLMUF4UlhBclJqRTJSbEZoU0VWUmNrcFRXUXBNUjNkbWNFVlBWa1JTT1dSV2RtdEtUMG95YTI5RGMyUjRNR05XUlZGQmFHSm5aVGszZW5vMlZuSkhielZPU21oVWFGcFRSM0F3UTFFeFdXdDVka0l6Q21Wa2JEVldObU5PVG5kSlJFRlJRVUp2TUVsM1VVUkJUMEpuVGxaSVVUaENRV1k0UlVKQlRVTkJjVkYzUkhkWlJGWlNNRlJCVVVndlFrRlZkMEYzUlVJS0wzcEJaRUpuVGxaSVVUUkZSbWRSVlZOTVVTdG9SRUpDY1VkVFRHSnFNVlJ4UkVNcmMwTXlNMlptVlhkRVVWbEtTMjlhU1doMlkwNUJVVVZNUWxGQlJBcG5aMFZDUVVwdk1HWlhNMGxWUkZWbFFqaDRNa3RUVWsxdFlsRk5NMnR1YW5neWFubEVUbXRIVG1Wa2NXRnNTRkJPZFhGWGRGSmljM3BJYm5VdmREazJDazEwYXpSV05UTnFSMnBTYldkRFVXUjVhR013T0dSWE1FTkZibUZCTldGWVdscE5NVXRoVUZWTlZuZEVlVVJaUjNCUFNWbGpOSGg0Wms1d1F6RnZTbGtLWTJWcFJ6SmhMMDlGUzJGWlVYcFFZbTVOSzFkak1VcGFXbEJ2VTNwcVNuVkZOMnBzU0VSV2RtTTJRbkJqTnpKNlpUQktlRGhLVlRZMVFUQjFhWE5zU2dwTmJWUnFOMjVEWVhZdlJqRTRRa2cxYVRGMFNHNDVjSFpEWTJKbGJHWlBhVUZvYjJWWlJYUk9jVEoxYjBNNU9XVlVhUzlPWW0xcFZuY3pZVTlvWVVGWUNsUm1XWGRtV210VGJHaGhLM2t2U1hKd09EQTNRazE2VkZKR05EQnVUREJpV2pGaFpWTmFUbE53Wm5KNGF6WlFTRXRxTWtKSmNrUmFUVkJ6V0RneFdrUUthamwxY21JM2NYUjRaR3M1VkhFdmRUWkVjMDVDT1RseloyTlZQUW90TFMwdExVVk9SQ0JEUlZKVVNVWkpRMEZVUlMwdExTMHRDZz09IiwidmVyaWZpY2F0aW9uIjp7fX1dfX0sInRpbWVvdXRzIjp7fSwidmVyc2lvbiI6IjIuMi4wIn0sIm5ldHdvcmtkIjp7fSwicGFzc3dkIjp7fSwic3RvcmFnZSI6e30sInN5c3RlbWQiOnt9fQoK",
                "verification": ""
              }
            ],
            "arrays": null,
            "directories": null,
            "disks": null,
            "files": [
              "72fa6b55c4305848b4c7d52b30cb6022f7509a7b2995433a856795a2fb01796c",
              "11dc9e80bbfceaa44c3796d05851293f7d01730e66fa9a989cbe38da3035e5db"
            ],
            "filesystems": null,
            "groups": null,
            "id": "e4e9800e0cb4d2b705953efbec997798c80357b73703520f51f6a8c175426d37",
            "links": null,
            "networkd": null,
            "rendered": "{\"ignition\":{\"config\":{\"append\":[{\"source\":\"data:text/plain;charset=utf-8;base64,CnsiaWduaXRpb24iOnsiY29uZmlnIjp7ImFwcGVuZCI6W3sic291cmNlIjoiaHR0cHM6Ly9hcGktaW50LnVwaS5icm9rZXIuc2FpYy5jb206MjI2MjMvY29uZmlnL3dvcmtlciIsInZlcmlmaWNhdGlvbiI6e319XX0sInNlY3VyaXR5Ijp7InRscyI6eyJjZXJ0aWZpY2F0ZUF1dGhvcml0aWVzIjpbeyJzb3VyY2UiOiJkYXRhOnRleHQvcGxhaW47Y2hhcnNldD11dGYtODtiYXNlNjQsTFMwdExTMUNSVWRKVGlCRFJWSlVTVVpKUTBGVVJTMHRMUzB0Q2sxSlNVUkZSRU5EUVdacFowRjNTVUpCWjBsSlZ6WnRZbTgwYzA1R0szTjNSRkZaU2t0dldrbG9kbU5PUVZGRlRFSlJRWGRLYWtWVFRVSkJSMEV4VlVVS1EzaE5TbUl6UW14aWJrNXZZVmRhTUUxU1FYZEVaMWxFVmxGUlJFVjNaSGxpTWprd1RGZE9hRTFDTkZoRVZFVTFUVVJuZVU5RVFYcE5lazE1VGtadldBcEVWRWsxVFVSbmVVNVVRWHBOZWsxNVRrWnZkMHBxUlZOTlFrRkhRVEZWUlVONFRVcGlNMEpzWW01T2IyRlhXakJOVWtGM1JHZFpSRlpSVVVSRmQyUjVDbUl5T1RCTVYwNW9UVWxKUWtscVFVNUNaMnR4YUd0cFJ6bDNNRUpCVVVWR1FVRlBRMEZST0VGTlNVbENRMmRMUTBGUlJVRTFWSE5pV204dlpFazJkVFVLU1ZsV2VtaDRTMjFwTlZnMkwydEZXRFZDZFVOVE1VOUVVVXgxU1hsT1FrRnFZMFZFUmpOemFWcG1kbEpLY0VGT0wyTlljRzAxY2xkNlZqTnFkVGRrYlFvd2QwbHJiak0yV21kQ1VGbGlValV5TjB4Rk9IZFFUbkJhTjIxVVRHTmpVVmxuTm5ocGRHWkdOMVp2VVZrMmJVSm9kakYyWTBOTFpFdzVjMGRqWTA5akNrdDNOSHBsYVhocmFWcFhiMnRqYmtkc1QxSmhkVUpHVUhKSFUyWmxVWEEyYzJGTU5tSnJSVGxSTjJKblZFOTZPWGhxWTI5VE5VWkVLMDVETDNkVlUyb0tNVWcwZERReGNISldObkZaUzFsYU1tSTRXbVk1UkVwelNEVjNPREZpVUc1NFpEQnplVEppU1VaS1RIbHVLMUF4UlhBclJqRTJSbEZoU0VWUmNrcFRXUXBNUjNkbWNFVlBWa1JTT1dSV2RtdEtUMG95YTI5RGMyUjRNR05XUlZGQmFHSm5aVGszZW5vMlZuSkhielZPU21oVWFGcFRSM0F3UTFFeFdXdDVka0l6Q21Wa2JEVldObU5PVG5kSlJFRlJRVUp2TUVsM1VVUkJUMEpuVGxaSVVUaENRV1k0UlVKQlRVTkJjVkYzUkhkWlJGWlNNRlJCVVVndlFrRlZkMEYzUlVJS0wzcEJaRUpuVGxaSVVUUkZSbWRSVlZOTVVTdG9SRUpDY1VkVFRHSnFNVlJ4UkVNcmMwTXlNMlptVlhkRVVWbEtTMjlhU1doMlkwNUJVVVZNUWxGQlJBcG5aMFZDUVVwdk1HWlhNMGxWUkZWbFFqaDRNa3RUVWsxdFlsRk5NMnR1YW5neWFubEVUbXRIVG1Wa2NXRnNTRkJPZFhGWGRGSmljM3BJYm5VdmREazJDazEwYXpSV05UTnFSMnBTYldkRFVXUjVhR013T0dSWE1FTkZibUZCTldGWVdscE5NVXRoVUZWTlZuZEVlVVJaUjNCUFNWbGpOSGg0Wms1d1F6RnZTbGtLWTJWcFJ6SmhMMDlGUzJGWlVYcFFZbTVOSzFkak1VcGFXbEJ2VTNwcVNuVkZOMnBzU0VSV2RtTTJRbkJqTnpKNlpUQktlRGhLVlRZMVFUQjFhWE5zU2dwTmJWUnFOMjVEWVhZdlJqRTRRa2cxYVRGMFNHNDVjSFpEWTJKbGJHWlBhVUZvYjJWWlJYUk9jVEoxYjBNNU9XVlVhUzlPWW0xcFZuY3pZVTlvWVVGWUNsUm1XWGRtV210VGJHaGhLM2t2U1hKd09EQTNRazE2VkZKR05EQnVUREJpV2pGaFpWTmFUbE53Wm5KNGF6WlFTRXRxTWtKSmNrUmFUVkJ6V0RneFdrUUthamwxY21JM2NYUjRaR3M1VkhFdmRUWkVjMDVDT1RseloyTlZQUW90TFMwdExVVk9SQ0JEUlZKVVNVWkpRMEZVUlMwdExTMHRDZz09IiwidmVyaWZpY2F0aW9uIjp7fX1dfX0sInRpbWVvdXRzIjp7fSwidmVyc2lvbiI6IjIuMi4wIn0sIm5ldHdvcmtkIjp7fSwicGFzc3dkIjp7fSwic3RvcmFnZSI6e30sInN5c3RlbWQiOnt9fQoK\",\"verification\":{}}]},\"timeouts\":{},\"version\":\"2.1.0\"},\"networkd\":{},\"passwd\":{},\"storage\":{\"files\":[{\"filesystem\":\"root\",\"group\":{},\"path\":\"/etc/hostname\",\"user\":{},\"contents\":{\"source\":\"data:text/plain;charset=utf-8;base64,Q05QLU9DUC1DT01QMC0w\",\"verification\":{}},\"mode\":420},{\"filesystem\":\"root\",\"group\":{},\"path\":\"/etc/sysconfig/network-scripts/ifcfg-ens192\",\"user\":{},\"contents\":{\"source\":\"data:text/plain;charset=utf-8;base64,VFlQRT1FdGhlcm5ldApCT09UUFJPVE89bm9uZQpOQU1FPWVuczE5MgpERVZJQ0U9ZW5zMTkyCk9OQk9PVD15ZXMKSVBBRERSPSRsb2NhbC5pcF9hZGRyZXNzZXNbY291bnQuaW5kZXhdClBSRUZJWD0xNgpHQVRFV0FZPTE3Mi4yNS4wLjEKRE9NQUlOPW9jcC5icm9rZXIuc2FpYy5jb20KRE5TMT0xNzIuMTguMjAuMTEK\",\"verification\":{}},\"mode\":420}]},\"systemd\":{\"units\":[{\"contents\":\"[Unit]\\nConditionFirstBoot=yes\\n[Service]\\nType=idle\\nExecStart=/sbin/reboot\\n[Install]\\nWantedBy=multi-user.target\\n\",\"enabled\":true,\"name\":\"restart.service\"}]}}",
            "replace": null,
            "systemd": [
              "2b2088c1732c1d1acffcbbe6386c2952e57ca2903cec0dc24bd4cb0f42abc300"
            ],
            "users": null
          },
          "depends_on": [
            "data.ignition_file.hostname",
            "data.ignition_file.static_ip",
            "data.ignition_systemd_unit.restart"
          ]
        },
        {
          "index_key": 1,
          "schema_version": 0,
          "attributes": {
            "append": [
              {
                "source": "data:text/plain;charset=utf-8;base64,CnsiaWduaXRpb24iOnsiY29uZmlnIjp7ImFwcGVuZCI6W3sic291cmNlIjoiaHR0cHM6Ly9hcGktaW50LnVwaS5icm9rZXIuc2FpYy5jb206MjI2MjMvY29uZmlnL3dvcmtlciIsInZlcmlmaWNhdGlvbiI6e319XX0sInNlY3VyaXR5Ijp7InRscyI6eyJjZXJ0aWZpY2F0ZUF1dGhvcml0aWVzIjpbeyJzb3VyY2UiOiJkYXRhOnRleHQvcGxhaW47Y2hhcnNldD11dGYtODtiYXNlNjQsTFMwdExTMUNSVWRKVGlCRFJWSlVTVVpKUTBGVVJTMHRMUzB0Q2sxSlNVUkZSRU5EUVdacFowRjNTVUpCWjBsSlZ6WnRZbTgwYzA1R0szTjNSRkZaU2t0dldrbG9kbU5PUVZGRlRFSlJRWGRLYWtWVFRVSkJSMEV4VlVVS1EzaE5TbUl6UW14aWJrNXZZVmRhTUUxU1FYZEVaMWxFVmxGUlJFVjNaSGxpTWprd1RGZE9hRTFDTkZoRVZFVTFUVVJuZVU5RVFYcE5lazE1VGtadldBcEVWRWsxVFVSbmVVNVVRWHBOZWsxNVRrWnZkMHBxUlZOTlFrRkhRVEZWUlVONFRVcGlNMEpzWW01T2IyRlhXakJOVWtGM1JHZFpSRlpSVVVSRmQyUjVDbUl5T1RCTVYwNW9UVWxKUWtscVFVNUNaMnR4YUd0cFJ6bDNNRUpCVVVWR1FVRlBRMEZST0VGTlNVbENRMmRMUTBGUlJVRTFWSE5pV204dlpFazJkVFVLU1ZsV2VtaDRTMjFwTlZnMkwydEZXRFZDZFVOVE1VOUVVVXgxU1hsT1FrRnFZMFZFUmpOemFWcG1kbEpLY0VGT0wyTlljRzAxY2xkNlZqTnFkVGRrYlFvd2QwbHJiak0yV21kQ1VGbGlValV5TjB4Rk9IZFFUbkJhTjIxVVRHTmpVVmxuTm5ocGRHWkdOMVp2VVZrMmJVSm9kakYyWTBOTFpFdzVjMGRqWTA5akNrdDNOSHBsYVhocmFWcFhiMnRqYmtkc1QxSmhkVUpHVUhKSFUyWmxVWEEyYzJGTU5tSnJSVGxSTjJKblZFOTZPWGhxWTI5VE5VWkVLMDVETDNkVlUyb0tNVWcwZERReGNISldObkZaUzFsYU1tSTRXbVk1UkVwelNEVjNPREZpVUc1NFpEQnplVEppU1VaS1RIbHVLMUF4UlhBclJqRTJSbEZoU0VWUmNrcFRXUXBNUjNkbWNFVlBWa1JTT1dSV2RtdEtUMG95YTI5RGMyUjRNR05XUlZGQmFHSm5aVGszZW5vMlZuSkhielZPU21oVWFGcFRSM0F3UTFFeFdXdDVka0l6Q21Wa2JEVldObU5PVG5kSlJFRlJRVUp2TUVsM1VVUkJUMEpuVGxaSVVUaENRV1k0UlVKQlRVTkJjVkYzUkhkWlJGWlNNRlJCVVVndlFrRlZkMEYzUlVJS0wzcEJaRUpuVGxaSVVUUkZSbWRSVlZOTVVTdG9SRUpDY1VkVFRHSnFNVlJ4UkVNcmMwTXlNMlptVlhkRVVWbEtTMjlhU1doMlkwNUJVVVZNUWxGQlJBcG5aMFZDUVVwdk1HWlhNMGxWUkZWbFFqaDRNa3RUVWsxdFlsRk5NMnR1YW5neWFubEVUbXRIVG1Wa2NXRnNTRkJPZFhGWGRGSmljM3BJYm5VdmREazJDazEwYXpSV05UTnFSMnBTYldkRFVXUjVhR013T0dSWE1FTkZibUZCTldGWVdscE5NVXRoVUZWTlZuZEVlVVJaUjNCUFNWbGpOSGg0Wms1d1F6RnZTbGtLWTJWcFJ6SmhMMDlGUzJGWlVYcFFZbTVOSzFkak1VcGFXbEJ2VTNwcVNuVkZOMnBzU0VSV2RtTTJRbkJqTnpKNlpUQktlRGhLVlRZMVFUQjFhWE5zU2dwTmJWUnFOMjVEWVhZdlJqRTRRa2cxYVRGMFNHNDVjSFpEWTJKbGJHWlBhVUZvYjJWWlJYUk9jVEoxYjBNNU9XVlVhUzlPWW0xcFZuY3pZVTlvWVVGWUNsUm1XWGRtV210VGJHaGhLM2t2U1hKd09EQTNRazE2VkZKR05EQnVUREJpV2pGaFpWTmFUbE53Wm5KNGF6WlFTRXRxTWtKSmNrUmFUVkJ6V0RneFdrUUthamwxY21JM2NYUjRaR3M1VkhFdmRUWkVjMDVDT1RseloyTlZQUW90TFMwdExVVk9SQ0JEUlZKVVNVWkpRMEZVUlMwdExTMHRDZz09IiwidmVyaWZpY2F0aW9uIjp7fX1dfX0sInRpbWVvdXRzIjp7fSwidmVyc2lvbiI6IjIuMi4wIn0sIm5ldHdvcmtkIjp7fSwicGFzc3dkIjp7fSwic3RvcmFnZSI6e30sInN5c3RlbWQiOnt9fQoK",
                "verification": ""
              }
            ],
            "arrays": null,
            "directories": null,
            "disks": null,
            "files": [
              "23e6237e07a1764437a9be84dd52ffbc4532c42fa4189654205d8ac146447670",
              "11dc9e80bbfceaa44c3796d05851293f7d01730e66fa9a989cbe38da3035e5db"
            ],
            "filesystems": null,
            "groups": null,
            "id": "49ffa3990b6fa6f3be64b0b727e33b6d7ff81c775dc43b5ce556d30f771c3c6b",
            "links": null,
            "networkd": null,
            "rendered": "{\"ignition\":{\"config\":{\"append\":[{\"source\":\"data:text/plain;charset=utf-8;base64,CnsiaWduaXRpb24iOnsiY29uZmlnIjp7ImFwcGVuZCI6W3sic291cmNlIjoiaHR0cHM6Ly9hcGktaW50LnVwaS5icm9rZXIuc2FpYy5jb206MjI2MjMvY29uZmlnL3dvcmtlciIsInZlcmlmaWNhdGlvbiI6e319XX0sInNlY3VyaXR5Ijp7InRscyI6eyJjZXJ0aWZpY2F0ZUF1dGhvcml0aWVzIjpbeyJzb3VyY2UiOiJkYXRhOnRleHQvcGxhaW47Y2hhcnNldD11dGYtODtiYXNlNjQsTFMwdExTMUNSVWRKVGlCRFJWSlVTVVpKUTBGVVJTMHRMUzB0Q2sxSlNVUkZSRU5EUVdacFowRjNTVUpCWjBsSlZ6WnRZbTgwYzA1R0szTjNSRkZaU2t0dldrbG9kbU5PUVZGRlRFSlJRWGRLYWtWVFRVSkJSMEV4VlVVS1EzaE5TbUl6UW14aWJrNXZZVmRhTUUxU1FYZEVaMWxFVmxGUlJFVjNaSGxpTWprd1RGZE9hRTFDTkZoRVZFVTFUVVJuZVU5RVFYcE5lazE1VGtadldBcEVWRWsxVFVSbmVVNVVRWHBOZWsxNVRrWnZkMHBxUlZOTlFrRkhRVEZWUlVONFRVcGlNMEpzWW01T2IyRlhXakJOVWtGM1JHZFpSRlpSVVVSRmQyUjVDbUl5T1RCTVYwNW9UVWxKUWtscVFVNUNaMnR4YUd0cFJ6bDNNRUpCVVVWR1FVRlBRMEZST0VGTlNVbENRMmRMUTBGUlJVRTFWSE5pV204dlpFazJkVFVLU1ZsV2VtaDRTMjFwTlZnMkwydEZXRFZDZFVOVE1VOUVVVXgxU1hsT1FrRnFZMFZFUmpOemFWcG1kbEpLY0VGT0wyTlljRzAxY2xkNlZqTnFkVGRrYlFvd2QwbHJiak0yV21kQ1VGbGlValV5TjB4Rk9IZFFUbkJhTjIxVVRHTmpVVmxuTm5ocGRHWkdOMVp2VVZrMmJVSm9kakYyWTBOTFpFdzVjMGRqWTA5akNrdDNOSHBsYVhocmFWcFhiMnRqYmtkc1QxSmhkVUpHVUhKSFUyWmxVWEEyYzJGTU5tSnJSVGxSTjJKblZFOTZPWGhxWTI5VE5VWkVLMDVETDNkVlUyb0tNVWcwZERReGNISldObkZaUzFsYU1tSTRXbVk1UkVwelNEVjNPREZpVUc1NFpEQnplVEppU1VaS1RIbHVLMUF4UlhBclJqRTJSbEZoU0VWUmNrcFRXUXBNUjNkbWNFVlBWa1JTT1dSV2RtdEtUMG95YTI5RGMyUjRNR05XUlZGQmFHSm5aVGszZW5vMlZuSkhielZPU21oVWFGcFRSM0F3UTFFeFdXdDVka0l6Q21Wa2JEVldObU5PVG5kSlJFRlJRVUp2TUVsM1VVUkJUMEpuVGxaSVVUaENRV1k0UlVKQlRVTkJjVkYzUkhkWlJGWlNNRlJCVVVndlFrRlZkMEYzUlVJS0wzcEJaRUpuVGxaSVVUUkZSbWRSVlZOTVVTdG9SRUpDY1VkVFRHSnFNVlJ4UkVNcmMwTXlNMlptVlhkRVVWbEtTMjlhU1doMlkwNUJVVVZNUWxGQlJBcG5aMFZDUVVwdk1HWlhNMGxWUkZWbFFqaDRNa3RUVWsxdFlsRk5NMnR1YW5neWFubEVUbXRIVG1Wa2NXRnNTRkJPZFhGWGRGSmljM3BJYm5VdmREazJDazEwYXpSV05UTnFSMnBTYldkRFVXUjVhR013T0dSWE1FTkZibUZCTldGWVdscE5NVXRoVUZWTlZuZEVlVVJaUjNCUFNWbGpOSGg0Wms1d1F6RnZTbGtLWTJWcFJ6SmhMMDlGUzJGWlVYcFFZbTVOSzFkak1VcGFXbEJ2VTNwcVNuVkZOMnBzU0VSV2RtTTJRbkJqTnpKNlpUQktlRGhLVlRZMVFUQjFhWE5zU2dwTmJWUnFOMjVEWVhZdlJqRTRRa2cxYVRGMFNHNDVjSFpEWTJKbGJHWlBhVUZvYjJWWlJYUk9jVEoxYjBNNU9XVlVhUzlPWW0xcFZuY3pZVTlvWVVGWUNsUm1XWGRtV210VGJHaGhLM2t2U1hKd09EQTNRazE2VkZKR05EQnVUREJpV2pGaFpWTmFUbE53Wm5KNGF6WlFTRXRxTWtKSmNrUmFUVkJ6V0RneFdrUUthamwxY21JM2NYUjRaR3M1VkhFdmRUWkVjMDVDT1RseloyTlZQUW90TFMwdExVVk9SQ0JEUlZKVVNVWkpRMEZVUlMwdExTMHRDZz09IiwidmVyaWZpY2F0aW9uIjp7fX1dfX0sInRpbWVvdXRzIjp7fSwidmVyc2lvbiI6IjIuMi4wIn0sIm5ldHdvcmtkIjp7fSwicGFzc3dkIjp7fSwic3RvcmFnZSI6e30sInN5c3RlbWQiOnt9fQoK\",\"verification\":{}}]},\"timeouts\":{},\"version\":\"2.1.0\"},\"networkd\":{},\"passwd\":{},\"storage\":{\"files\":[{\"filesystem\":\"root\",\"group\":{},\"path\":\"/etc/hostname\",\"user\":{},\"contents\":{\"source\":\"data:text/plain;charset=utf-8;base64,Q05QLU9DUC1DT01QMC0x\",\"verification\":{}},\"mode\":420},{\"filesystem\":\"root\",\"group\":{},\"path\":\"/etc/sysconfig/network-scripts/ifcfg-ens192\",\"user\":{},\"contents\":{\"source\":\"data:text/plain;charset=utf-8;base64,VFlQRT1FdGhlcm5ldApCT09UUFJPVE89bm9uZQpOQU1FPWVuczE5MgpERVZJQ0U9ZW5zMTkyCk9OQk9PVD15ZXMKSVBBRERSPSRsb2NhbC5pcF9hZGRyZXNzZXNbY291bnQuaW5kZXhdClBSRUZJWD0xNgpHQVRFV0FZPTE3Mi4yNS4wLjEKRE9NQUlOPW9jcC5icm9rZXIuc2FpYy5jb20KRE5TMT0xNzIuMTguMjAuMTEK\",\"verification\":{}},\"mode\":420}]},\"systemd\":{\"units\":[{\"contents\":\"[Unit]\\nConditionFirstBoot=yes\\n[Service]\\nType=idle\\nExecStart=/sbin/reboot\\n[Install]\\nWantedBy=multi-user.target\\n\",\"enabled\":true,\"name\":\"restart.service\"}]}}",
            "replace": null,
            "systemd": [
              "2b2088c1732c1d1acffcbbe6386c2952e57ca2903cec0dc24bd4cb0f42abc300"
            ],
            "users": null
          },
          "depends_on": [
            "data.ignition_file.hostname",
            "data.ignition_file.static_ip",
            "data.ignition_systemd_unit.restart"
          ]
        },
        {
          "index_key": 2,
          "schema_version": 0,
          "attributes": {
            "append": [
              {
                "source": "data:text/plain;charset=utf-8;base64,CnsiaWduaXRpb24iOnsiY29uZmlnIjp7ImFwcGVuZCI6W3sic291cmNlIjoiaHR0cHM6Ly9hcGktaW50LnVwaS5icm9rZXIuc2FpYy5jb206MjI2MjMvY29uZmlnL3dvcmtlciIsInZlcmlmaWNhdGlvbiI6e319XX0sInNlY3VyaXR5Ijp7InRscyI6eyJjZXJ0aWZpY2F0ZUF1dGhvcml0aWVzIjpbeyJzb3VyY2UiOiJkYXRhOnRleHQvcGxhaW47Y2hhcnNldD11dGYtODtiYXNlNjQsTFMwdExTMUNSVWRKVGlCRFJWSlVTVVpKUTBGVVJTMHRMUzB0Q2sxSlNVUkZSRU5EUVdacFowRjNTVUpCWjBsSlZ6WnRZbTgwYzA1R0szTjNSRkZaU2t0dldrbG9kbU5PUVZGRlRFSlJRWGRLYWtWVFRVSkJSMEV4VlVVS1EzaE5TbUl6UW14aWJrNXZZVmRhTUUxU1FYZEVaMWxFVmxGUlJFVjNaSGxpTWprd1RGZE9hRTFDTkZoRVZFVTFUVVJuZVU5RVFYcE5lazE1VGtadldBcEVWRWsxVFVSbmVVNVVRWHBOZWsxNVRrWnZkMHBxUlZOTlFrRkhRVEZWUlVONFRVcGlNMEpzWW01T2IyRlhXakJOVWtGM1JHZFpSRlpSVVVSRmQyUjVDbUl5T1RCTVYwNW9UVWxKUWtscVFVNUNaMnR4YUd0cFJ6bDNNRUpCVVVWR1FVRlBRMEZST0VGTlNVbENRMmRMUTBGUlJVRTFWSE5pV204dlpFazJkVFVLU1ZsV2VtaDRTMjFwTlZnMkwydEZXRFZDZFVOVE1VOUVVVXgxU1hsT1FrRnFZMFZFUmpOemFWcG1kbEpLY0VGT0wyTlljRzAxY2xkNlZqTnFkVGRrYlFvd2QwbHJiak0yV21kQ1VGbGlValV5TjB4Rk9IZFFUbkJhTjIxVVRHTmpVVmxuTm5ocGRHWkdOMVp2VVZrMmJVSm9kakYyWTBOTFpFdzVjMGRqWTA5akNrdDNOSHBsYVhocmFWcFhiMnRqYmtkc1QxSmhkVUpHVUhKSFUyWmxVWEEyYzJGTU5tSnJSVGxSTjJKblZFOTZPWGhxWTI5VE5VWkVLMDVETDNkVlUyb0tNVWcwZERReGNISldObkZaUzFsYU1tSTRXbVk1UkVwelNEVjNPREZpVUc1NFpEQnplVEppU1VaS1RIbHVLMUF4UlhBclJqRTJSbEZoU0VWUmNrcFRXUXBNUjNkbWNFVlBWa1JTT1dSV2RtdEtUMG95YTI5RGMyUjRNR05XUlZGQmFHSm5aVGszZW5vMlZuSkhielZPU21oVWFGcFRSM0F3UTFFeFdXdDVka0l6Q21Wa2JEVldObU5PVG5kSlJFRlJRVUp2TUVsM1VVUkJUMEpuVGxaSVVUaENRV1k0UlVKQlRVTkJjVkYzUkhkWlJGWlNNRlJCVVVndlFrRlZkMEYzUlVJS0wzcEJaRUpuVGxaSVVUUkZSbWRSVlZOTVVTdG9SRUpDY1VkVFRHSnFNVlJ4UkVNcmMwTXlNMlptVlhkRVVWbEtTMjlhU1doMlkwNUJVVVZNUWxGQlJBcG5aMFZDUVVwdk1HWlhNMGxWUkZWbFFqaDRNa3RUVWsxdFlsRk5NMnR1YW5neWFubEVUbXRIVG1Wa2NXRnNTRkJPZFhGWGRGSmljM3BJYm5VdmREazJDazEwYXpSV05UTnFSMnBTYldkRFVXUjVhR013T0dSWE1FTkZibUZCTldGWVdscE5NVXRoVUZWTlZuZEVlVVJaUjNCUFNWbGpOSGg0Wms1d1F6RnZTbGtLWTJWcFJ6SmhMMDlGUzJGWlVYcFFZbTVOSzFkak1VcGFXbEJ2VTNwcVNuVkZOMnBzU0VSV2RtTTJRbkJqTnpKNlpUQktlRGhLVlRZMVFUQjFhWE5zU2dwTmJWUnFOMjVEWVhZdlJqRTRRa2cxYVRGMFNHNDVjSFpEWTJKbGJHWlBhVUZvYjJWWlJYUk9jVEoxYjBNNU9XVlVhUzlPWW0xcFZuY3pZVTlvWVVGWUNsUm1XWGRtV210VGJHaGhLM2t2U1hKd09EQTNRazE2VkZKR05EQnVUREJpV2pGaFpWTmFUbE53Wm5KNGF6WlFTRXRxTWtKSmNrUmFUVkJ6V0RneFdrUUthamwxY21JM2NYUjRaR3M1VkhFdmRUWkVjMDVDT1RseloyTlZQUW90TFMwdExVVk9SQ0JEUlZKVVNVWkpRMEZVUlMwdExTMHRDZz09IiwidmVyaWZpY2F0aW9uIjp7fX1dfX0sInRpbWVvdXRzIjp7fSwidmVyc2lvbiI6IjIuMi4wIn0sIm5ldHdvcmtkIjp7fSwicGFzc3dkIjp7fSwic3RvcmFnZSI6e30sInN5c3RlbWQiOnt9fQoK",
                "verification": ""
              }
            ],
            "arrays": null,
            "directories": null,
            "disks": null,
            "files": [
              "96e6f69b4df27fddfa648dc559e197b28d9cd2ff05467294d35d8795848c13f3",
              "11dc9e80bbfceaa44c3796d05851293f7d01730e66fa9a989cbe38da3035e5db"
            ],
            "filesystems": null,
            "groups": null,
            "id": "e48263059bb810a660e2c3d12ed84234af6bc8439c99085cadf2e3e8a3584167",
            "links": null,
            "networkd": null,
            "rendered": "{\"ignition\":{\"config\":{\"append\":[{\"source\":\"data:text/plain;charset=utf-8;base64,CnsiaWduaXRpb24iOnsiY29uZmlnIjp7ImFwcGVuZCI6W3sic291cmNlIjoiaHR0cHM6Ly9hcGktaW50LnVwaS5icm9rZXIuc2FpYy5jb206MjI2MjMvY29uZmlnL3dvcmtlciIsInZlcmlmaWNhdGlvbiI6e319XX0sInNlY3VyaXR5Ijp7InRscyI6eyJjZXJ0aWZpY2F0ZUF1dGhvcml0aWVzIjpbeyJzb3VyY2UiOiJkYXRhOnRleHQvcGxhaW47Y2hhcnNldD11dGYtODtiYXNlNjQsTFMwdExTMUNSVWRKVGlCRFJWSlVTVVpKUTBGVVJTMHRMUzB0Q2sxSlNVUkZSRU5EUVdacFowRjNTVUpCWjBsSlZ6WnRZbTgwYzA1R0szTjNSRkZaU2t0dldrbG9kbU5PUVZGRlRFSlJRWGRLYWtWVFRVSkJSMEV4VlVVS1EzaE5TbUl6UW14aWJrNXZZVmRhTUUxU1FYZEVaMWxFVmxGUlJFVjNaSGxpTWprd1RGZE9hRTFDTkZoRVZFVTFUVVJuZVU5RVFYcE5lazE1VGtadldBcEVWRWsxVFVSbmVVNVVRWHBOZWsxNVRrWnZkMHBxUlZOTlFrRkhRVEZWUlVONFRVcGlNMEpzWW01T2IyRlhXakJOVWtGM1JHZFpSRlpSVVVSRmQyUjVDbUl5T1RCTVYwNW9UVWxKUWtscVFVNUNaMnR4YUd0cFJ6bDNNRUpCVVVWR1FVRlBRMEZST0VGTlNVbENRMmRMUTBGUlJVRTFWSE5pV204dlpFazJkVFVLU1ZsV2VtaDRTMjFwTlZnMkwydEZXRFZDZFVOVE1VOUVVVXgxU1hsT1FrRnFZMFZFUmpOemFWcG1kbEpLY0VGT0wyTlljRzAxY2xkNlZqTnFkVGRrYlFvd2QwbHJiak0yV21kQ1VGbGlValV5TjB4Rk9IZFFUbkJhTjIxVVRHTmpVVmxuTm5ocGRHWkdOMVp2VVZrMmJVSm9kakYyWTBOTFpFdzVjMGRqWTA5akNrdDNOSHBsYVhocmFWcFhiMnRqYmtkc1QxSmhkVUpHVUhKSFUyWmxVWEEyYzJGTU5tSnJSVGxSTjJKblZFOTZPWGhxWTI5VE5VWkVLMDVETDNkVlUyb0tNVWcwZERReGNISldObkZaUzFsYU1tSTRXbVk1UkVwelNEVjNPREZpVUc1NFpEQnplVEppU1VaS1RIbHVLMUF4UlhBclJqRTJSbEZoU0VWUmNrcFRXUXBNUjNkbWNFVlBWa1JTT1dSV2RtdEtUMG95YTI5RGMyUjRNR05XUlZGQmFHSm5aVGszZW5vMlZuSkhielZPU21oVWFGcFRSM0F3UTFFeFdXdDVka0l6Q21Wa2JEVldObU5PVG5kSlJFRlJRVUp2TUVsM1VVUkJUMEpuVGxaSVVUaENRV1k0UlVKQlRVTkJjVkYzUkhkWlJGWlNNRlJCVVVndlFrRlZkMEYzUlVJS0wzcEJaRUpuVGxaSVVUUkZSbWRSVlZOTVVTdG9SRUpDY1VkVFRHSnFNVlJ4UkVNcmMwTXlNMlptVlhkRVVWbEtTMjlhU1doMlkwNUJVVVZNUWxGQlJBcG5aMFZDUVVwdk1HWlhNMGxWUkZWbFFqaDRNa3RUVWsxdFlsRk5NMnR1YW5neWFubEVUbXRIVG1Wa2NXRnNTRkJPZFhGWGRGSmljM3BJYm5VdmREazJDazEwYXpSV05UTnFSMnBTYldkRFVXUjVhR013T0dSWE1FTkZibUZCTldGWVdscE5NVXRoVUZWTlZuZEVlVVJaUjNCUFNWbGpOSGg0Wms1d1F6RnZTbGtLWTJWcFJ6SmhMMDlGUzJGWlVYcFFZbTVOSzFkak1VcGFXbEJ2VTNwcVNuVkZOMnBzU0VSV2RtTTJRbkJqTnpKNlpUQktlRGhLVlRZMVFUQjFhWE5zU2dwTmJWUnFOMjVEWVhZdlJqRTRRa2cxYVRGMFNHNDVjSFpEWTJKbGJHWlBhVUZvYjJWWlJYUk9jVEoxYjBNNU9XVlVhUzlPWW0xcFZuY3pZVTlvWVVGWUNsUm1XWGRtV210VGJHaGhLM2t2U1hKd09EQTNRazE2VkZKR05EQnVUREJpV2pGaFpWTmFUbE53Wm5KNGF6WlFTRXRxTWtKSmNrUmFUVkJ6V0RneFdrUUthamwxY21JM2NYUjRaR3M1VkhFdmRUWkVjMDVDT1RseloyTlZQUW90TFMwdExVVk9SQ0JEUlZKVVNVWkpRMEZVUlMwdExTMHRDZz09IiwidmVyaWZpY2F0aW9uIjp7fX1dfX0sInRpbWVvdXRzIjp7fSwidmVyc2lvbiI6IjIuMi4wIn0sIm5ldHdvcmtkIjp7fSwicGFzc3dkIjp7fSwic3RvcmFnZSI6e30sInN5c3RlbWQiOnt9fQoK\",\"verification\":{}}]},\"timeouts\":{},\"version\":\"2.1.0\"},\"networkd\":{},\"passwd\":{},\"storage\":{\"files\":[{\"filesystem\":\"root\",\"group\":{},\"path\":\"/etc/hostname\",\"user\":{},\"contents\":{\"source\":\"data:text/plain;charset=utf-8;base64,Q05QLU9DUC1DT01QMC0y\",\"verification\":{}},\"mode\":420},{\"filesystem\":\"root\",\"group\":{},\"path\":\"/etc/sysconfig/network-scripts/ifcfg-ens192\",\"user\":{},\"contents\":{\"source\":\"data:text/plain;charset=utf-8;base64,VFlQRT1FdGhlcm5ldApCT09UUFJPVE89bm9uZQpOQU1FPWVuczE5MgpERVZJQ0U9ZW5zMTkyCk9OQk9PVD15ZXMKSVBBRERSPSRsb2NhbC5pcF9hZGRyZXNzZXNbY291bnQuaW5kZXhdClBSRUZJWD0xNgpHQVRFV0FZPTE3Mi4yNS4wLjEKRE9NQUlOPW9jcC5icm9rZXIuc2FpYy5jb20KRE5TMT0xNzIuMTguMjAuMTEK\",\"verification\":{}},\"mode\":420}]},\"systemd\":{\"units\":[{\"contents\":\"[Unit]\\nConditionFirstBoot=yes\\n[Service]\\nType=idle\\nExecStart=/sbin/reboot\\n[Install]\\nWantedBy=multi-user.target\\n\",\"enabled\":true,\"name\":\"restart.service\"}]}}",
            "replace": null,
            "systemd": [
              "2b2088c1732c1d1acffcbbe6386c2952e57ca2903cec0dc24bd4cb0f42abc300"
            ],
            "users": null
          },
          "depends_on": [
            "data.ignition_file.hostname",
            "data.ignition_file.static_ip",
            "data.ignition_systemd_unit.restart"
          ]
        }
      ]
    },
    {
      "module": "module.control_plane",
      "mode": "data",
      "type": "ignition_config",
      "name": "ign",
      "each": "list",
      "provider": "provider.ignition",
      "instances": [
        {
          "index_key": 0,
          "schema_version": 0,
          "attributes": {
            "append": [
              {
                "source": "data:text/plain;charset=utf-8;base64,CnsiaWduaXRpb24iOnsiY29uZmlnIjp7ImFwcGVuZCI6W3sic291cmNlIjoiaHR0cHM6Ly9hcGktaW50LnVwaS5icm9rZXIuc2FpYy5jb206MjI2MjMvY29uZmlnL21hc3RlciIsInZlcmlmaWNhdGlvbiI6e319XX0sInNlY3VyaXR5Ijp7InRscyI6eyJjZXJ0aWZpY2F0ZUF1dGhvcml0aWVzIjpbeyJzb3VyY2UiOiJkYXRhOnRleHQvcGxhaW47Y2hhcnNldD11dGYtODtiYXNlNjQsTFMwdExTMUNSVWRKVGlCRFJWSlVTVVpKUTBGVVJTMHRMUzB0Q2sxSlNVUkZSRU5EUVdacFowRjNTVUpCWjBsSlZ6WnRZbTgwYzA1R0szTjNSRkZaU2t0dldrbG9kbU5PUVZGRlRFSlJRWGRLYWtWVFRVSkJSMEV4VlVVS1EzaE5TbUl6UW14aWJrNXZZVmRhTUUxU1FYZEVaMWxFVmxGUlJFVjNaSGxpTWprd1RGZE9hRTFDTkZoRVZFVTFUVVJuZVU5RVFYcE5lazE1VGtadldBcEVWRWsxVFVSbmVVNVVRWHBOZWsxNVRrWnZkMHBxUlZOTlFrRkhRVEZWUlVONFRVcGlNMEpzWW01T2IyRlhXakJOVWtGM1JHZFpSRlpSVVVSRmQyUjVDbUl5T1RCTVYwNW9UVWxKUWtscVFVNUNaMnR4YUd0cFJ6bDNNRUpCVVVWR1FVRlBRMEZST0VGTlNVbENRMmRMUTBGUlJVRTFWSE5pV204dlpFazJkVFVLU1ZsV2VtaDRTMjFwTlZnMkwydEZXRFZDZFVOVE1VOUVVVXgxU1hsT1FrRnFZMFZFUmpOemFWcG1kbEpLY0VGT0wyTlljRzAxY2xkNlZqTnFkVGRrYlFvd2QwbHJiak0yV21kQ1VGbGlValV5TjB4Rk9IZFFUbkJhTjIxVVRHTmpVVmxuTm5ocGRHWkdOMVp2VVZrMmJVSm9kakYyWTBOTFpFdzVjMGRqWTA5akNrdDNOSHBsYVhocmFWcFhiMnRqYmtkc1QxSmhkVUpHVUhKSFUyWmxVWEEyYzJGTU5tSnJSVGxSTjJKblZFOTZPWGhxWTI5VE5VWkVLMDVETDNkVlUyb0tNVWcwZERReGNISldObkZaUzFsYU1tSTRXbVk1UkVwelNEVjNPREZpVUc1NFpEQnplVEppU1VaS1RIbHVLMUF4UlhBclJqRTJSbEZoU0VWUmNrcFRXUXBNUjNkbWNFVlBWa1JTT1dSV2RtdEtUMG95YTI5RGMyUjRNR05XUlZGQmFHSm5aVGszZW5vMlZuSkhielZPU21oVWFGcFRSM0F3UTFFeFdXdDVka0l6Q21Wa2JEVldObU5PVG5kSlJFRlJRVUp2TUVsM1VVUkJUMEpuVGxaSVVUaENRV1k0UlVKQlRVTkJjVkYzUkhkWlJGWlNNRlJCVVVndlFrRlZkMEYzUlVJS0wzcEJaRUpuVGxaSVVUUkZSbWRSVlZOTVVTdG9SRUpDY1VkVFRHSnFNVlJ4UkVNcmMwTXlNMlptVlhkRVVWbEtTMjlhU1doMlkwNUJVVVZNUWxGQlJBcG5aMFZDUVVwdk1HWlhNMGxWUkZWbFFqaDRNa3RUVWsxdFlsRk5NMnR1YW5neWFubEVUbXRIVG1Wa2NXRnNTRkJPZFhGWGRGSmljM3BJYm5VdmREazJDazEwYXpSV05UTnFSMnBTYldkRFVXUjVhR013T0dSWE1FTkZibUZCTldGWVdscE5NVXRoVUZWTlZuZEVlVVJaUjNCUFNWbGpOSGg0Wms1d1F6RnZTbGtLWTJWcFJ6SmhMMDlGUzJGWlVYcFFZbTVOSzFkak1VcGFXbEJ2VTNwcVNuVkZOMnBzU0VSV2RtTTJRbkJqTnpKNlpUQktlRGhLVlRZMVFUQjFhWE5zU2dwTmJWUnFOMjVEWVhZdlJqRTRRa2cxYVRGMFNHNDVjSFpEWTJKbGJHWlBhVUZvYjJWWlJYUk9jVEoxYjBNNU9XVlVhUzlPWW0xcFZuY3pZVTlvWVVGWUNsUm1XWGRtV210VGJHaGhLM2t2U1hKd09EQTNRazE2VkZKR05EQnVUREJpV2pGaFpWTmFUbE53Wm5KNGF6WlFTRXRxTWtKSmNrUmFUVkJ6V0RneFdrUUthamwxY21JM2NYUjRaR3M1VkhFdmRUWkVjMDVDT1RseloyTlZQUW90TFMwdExVVk9SQ0JEUlZKVVNVWkpRMEZVUlMwdExTMHRDZz09IiwidmVyaWZpY2F0aW9uIjp7fX1dfX0sInRpbWVvdXRzIjp7fSwidmVyc2lvbiI6IjIuMi4wIn0sIm5ldHdvcmtkIjp7fSwicGFzc3dkIjp7fSwic3RvcmFnZSI6e30sInN5c3RlbWQiOnt9fQoK",
                "verification": ""
              }
            ],
            "arrays": null,
            "directories": null,
            "disks": null,
            "files": [
              "858c0401bce28b6045b94a062b467653e4c5213c14ad2bcce3c53005ba5b9cac",
              "11dc9e80bbfceaa44c3796d05851293f7d01730e66fa9a989cbe38da3035e5db"
            ],
            "filesystems": null,
            "groups": null,
            "id": "3f53b8a51fa5e8d5ff58de3d2b544fae2e04693a0ea238bb172d9c4dfe87aa7d",
            "links": null,
            "networkd": null,
            "rendered": "{\"ignition\":{\"config\":{\"append\":[{\"source\":\"data:text/plain;charset=utf-8;base64,CnsiaWduaXRpb24iOnsiY29uZmlnIjp7ImFwcGVuZCI6W3sic291cmNlIjoiaHR0cHM6Ly9hcGktaW50LnVwaS5icm9rZXIuc2FpYy5jb206MjI2MjMvY29uZmlnL21hc3RlciIsInZlcmlmaWNhdGlvbiI6e319XX0sInNlY3VyaXR5Ijp7InRscyI6eyJjZXJ0aWZpY2F0ZUF1dGhvcml0aWVzIjpbeyJzb3VyY2UiOiJkYXRhOnRleHQvcGxhaW47Y2hhcnNldD11dGYtODtiYXNlNjQsTFMwdExTMUNSVWRKVGlCRFJWSlVTVVpKUTBGVVJTMHRMUzB0Q2sxSlNVUkZSRU5EUVdacFowRjNTVUpCWjBsSlZ6WnRZbTgwYzA1R0szTjNSRkZaU2t0dldrbG9kbU5PUVZGRlRFSlJRWGRLYWtWVFRVSkJSMEV4VlVVS1EzaE5TbUl6UW14aWJrNXZZVmRhTUUxU1FYZEVaMWxFVmxGUlJFVjNaSGxpTWprd1RGZE9hRTFDTkZoRVZFVTFUVVJuZVU5RVFYcE5lazE1VGtadldBcEVWRWsxVFVSbmVVNVVRWHBOZWsxNVRrWnZkMHBxUlZOTlFrRkhRVEZWUlVONFRVcGlNMEpzWW01T2IyRlhXakJOVWtGM1JHZFpSRlpSVVVSRmQyUjVDbUl5T1RCTVYwNW9UVWxKUWtscVFVNUNaMnR4YUd0cFJ6bDNNRUpCVVVWR1FVRlBRMEZST0VGTlNVbENRMmRMUTBGUlJVRTFWSE5pV204dlpFazJkVFVLU1ZsV2VtaDRTMjFwTlZnMkwydEZXRFZDZFVOVE1VOUVVVXgxU1hsT1FrRnFZMFZFUmpOemFWcG1kbEpLY0VGT0wyTlljRzAxY2xkNlZqTnFkVGRrYlFvd2QwbHJiak0yV21kQ1VGbGlValV5TjB4Rk9IZFFUbkJhTjIxVVRHTmpVVmxuTm5ocGRHWkdOMVp2VVZrMmJVSm9kakYyWTBOTFpFdzVjMGRqWTA5akNrdDNOSHBsYVhocmFWcFhiMnRqYmtkc1QxSmhkVUpHVUhKSFUyWmxVWEEyYzJGTU5tSnJSVGxSTjJKblZFOTZPWGhxWTI5VE5VWkVLMDVETDNkVlUyb0tNVWcwZERReGNISldObkZaUzFsYU1tSTRXbVk1UkVwelNEVjNPREZpVUc1NFpEQnplVEppU1VaS1RIbHVLMUF4UlhBclJqRTJSbEZoU0VWUmNrcFRXUXBNUjNkbWNFVlBWa1JTT1dSV2RtdEtUMG95YTI5RGMyUjRNR05XUlZGQmFHSm5aVGszZW5vMlZuSkhielZPU21oVWFGcFRSM0F3UTFFeFdXdDVka0l6Q21Wa2JEVldObU5PVG5kSlJFRlJRVUp2TUVsM1VVUkJUMEpuVGxaSVVUaENRV1k0UlVKQlRVTkJjVkYzUkhkWlJGWlNNRlJCVVVndlFrRlZkMEYzUlVJS0wzcEJaRUpuVGxaSVVUUkZSbWRSVlZOTVVTdG9SRUpDY1VkVFRHSnFNVlJ4UkVNcmMwTXlNMlptVlhkRVVWbEtTMjlhU1doMlkwNUJVVVZNUWxGQlJBcG5aMFZDUVVwdk1HWlhNMGxWUkZWbFFqaDRNa3RUVWsxdFlsRk5NMnR1YW5neWFubEVUbXRIVG1Wa2NXRnNTRkJPZFhGWGRGSmljM3BJYm5VdmREazJDazEwYXpSV05UTnFSMnBTYldkRFVXUjVhR013T0dSWE1FTkZibUZCTldGWVdscE5NVXRoVUZWTlZuZEVlVVJaUjNCUFNWbGpOSGg0Wms1d1F6RnZTbGtLWTJWcFJ6SmhMMDlGUzJGWlVYcFFZbTVOSzFkak1VcGFXbEJ2VTNwcVNuVkZOMnBzU0VSV2RtTTJRbkJqTnpKNlpUQktlRGhLVlRZMVFUQjFhWE5zU2dwTmJWUnFOMjVEWVhZdlJqRTRRa2cxYVRGMFNHNDVjSFpEWTJKbGJHWlBhVUZvYjJWWlJYUk9jVEoxYjBNNU9XVlVhUzlPWW0xcFZuY3pZVTlvWVVGWUNsUm1XWGRtV210VGJHaGhLM2t2U1hKd09EQTNRazE2VkZKR05EQnVUREJpV2pGaFpWTmFUbE53Wm5KNGF6WlFTRXRxTWtKSmNrUmFUVkJ6V0RneFdrUUthamwxY21JM2NYUjRaR3M1VkhFdmRUWkVjMDVDT1RseloyTlZQUW90TFMwdExVVk9SQ0JEUlZKVVNVWkpRMEZVUlMwdExTMHRDZz09IiwidmVyaWZpY2F0aW9uIjp7fX1dfX0sInRpbWVvdXRzIjp7fSwidmVyc2lvbiI6IjIuMi4wIn0sIm5ldHdvcmtkIjp7fSwicGFzc3dkIjp7fSwic3RvcmFnZSI6e30sInN5c3RlbWQiOnt9fQoK\",\"verification\":{}}]},\"timeouts\":{},\"version\":\"2.1.0\"},\"networkd\":{},\"passwd\":{},\"storage\":{\"files\":[{\"filesystem\":\"root\",\"group\":{},\"path\":\"/etc/hostname\",\"user\":{},\"contents\":{\"source\":\"data:text/plain;charset=utf-8;base64,Q05QLU9DUC1DVEwwLTA=\",\"verification\":{}},\"mode\":420},{\"filesystem\":\"root\",\"group\":{},\"path\":\"/etc/sysconfig/network-scripts/ifcfg-ens192\",\"user\":{},\"contents\":{\"source\":\"data:text/plain;charset=utf-8;base64,VFlQRT1FdGhlcm5ldApCT09UUFJPVE89bm9uZQpOQU1FPWVuczE5MgpERVZJQ0U9ZW5zMTkyCk9OQk9PVD15ZXMKSVBBRERSPSRsb2NhbC5pcF9hZGRyZXNzZXNbY291bnQuaW5kZXhdClBSRUZJWD0xNgpHQVRFV0FZPTE3Mi4yNS4wLjEKRE9NQUlOPW9jcC5icm9rZXIuc2FpYy5jb20KRE5TMT0xNzIuMTguMjAuMTEK\",\"verification\":{}},\"mode\":420}]},\"systemd\":{\"units\":[{\"contents\":\"[Unit]\\nConditionFirstBoot=yes\\n[Service]\\nType=idle\\nExecStart=/sbin/reboot\\n[Install]\\nWantedBy=multi-user.target\\n\",\"enabled\":true,\"name\":\"restart.service\"}]}}",
            "replace": null,
            "systemd": [
              "2b2088c1732c1d1acffcbbe6386c2952e57ca2903cec0dc24bd4cb0f42abc300"
            ],
            "users": null
          },
          "depends_on": [
            "data.ignition_file.hostname",
            "data.ignition_file.static_ip",
            "data.ignition_systemd_unit.restart"
          ]
        },
        {
          "index_key": 1,
          "schema_version": 0,
          "attributes": {
            "append": [
              {
                "source": "data:text/plain;charset=utf-8;base64,CnsiaWduaXRpb24iOnsiY29uZmlnIjp7ImFwcGVuZCI6W3sic291cmNlIjoiaHR0cHM6Ly9hcGktaW50LnVwaS5icm9rZXIuc2FpYy5jb206MjI2MjMvY29uZmlnL21hc3RlciIsInZlcmlmaWNhdGlvbiI6e319XX0sInNlY3VyaXR5Ijp7InRscyI6eyJjZXJ0aWZpY2F0ZUF1dGhvcml0aWVzIjpbeyJzb3VyY2UiOiJkYXRhOnRleHQvcGxhaW47Y2hhcnNldD11dGYtODtiYXNlNjQsTFMwdExTMUNSVWRKVGlCRFJWSlVTVVpKUTBGVVJTMHRMUzB0Q2sxSlNVUkZSRU5EUVdacFowRjNTVUpCWjBsSlZ6WnRZbTgwYzA1R0szTjNSRkZaU2t0dldrbG9kbU5PUVZGRlRFSlJRWGRLYWtWVFRVSkJSMEV4VlVVS1EzaE5TbUl6UW14aWJrNXZZVmRhTUUxU1FYZEVaMWxFVmxGUlJFVjNaSGxpTWprd1RGZE9hRTFDTkZoRVZFVTFUVVJuZVU5RVFYcE5lazE1VGtadldBcEVWRWsxVFVSbmVVNVVRWHBOZWsxNVRrWnZkMHBxUlZOTlFrRkhRVEZWUlVONFRVcGlNMEpzWW01T2IyRlhXakJOVWtGM1JHZFpSRlpSVVVSRmQyUjVDbUl5T1RCTVYwNW9UVWxKUWtscVFVNUNaMnR4YUd0cFJ6bDNNRUpCVVVWR1FVRlBRMEZST0VGTlNVbENRMmRMUTBGUlJVRTFWSE5pV204dlpFazJkVFVLU1ZsV2VtaDRTMjFwTlZnMkwydEZXRFZDZFVOVE1VOUVVVXgxU1hsT1FrRnFZMFZFUmpOemFWcG1kbEpLY0VGT0wyTlljRzAxY2xkNlZqTnFkVGRrYlFvd2QwbHJiak0yV21kQ1VGbGlValV5TjB4Rk9IZFFUbkJhTjIxVVRHTmpVVmxuTm5ocGRHWkdOMVp2VVZrMmJVSm9kakYyWTBOTFpFdzVjMGRqWTA5akNrdDNOSHBsYVhocmFWcFhiMnRqYmtkc1QxSmhkVUpHVUhKSFUyWmxVWEEyYzJGTU5tSnJSVGxSTjJKblZFOTZPWGhxWTI5VE5VWkVLMDVETDNkVlUyb0tNVWcwZERReGNISldObkZaUzFsYU1tSTRXbVk1UkVwelNEVjNPREZpVUc1NFpEQnplVEppU1VaS1RIbHVLMUF4UlhBclJqRTJSbEZoU0VWUmNrcFRXUXBNUjNkbWNFVlBWa1JTT1dSV2RtdEtUMG95YTI5RGMyUjRNR05XUlZGQmFHSm5aVGszZW5vMlZuSkhielZPU21oVWFGcFRSM0F3UTFFeFdXdDVka0l6Q21Wa2JEVldObU5PVG5kSlJFRlJRVUp2TUVsM1VVUkJUMEpuVGxaSVVUaENRV1k0UlVKQlRVTkJjVkYzUkhkWlJGWlNNRlJCVVVndlFrRlZkMEYzUlVJS0wzcEJaRUpuVGxaSVVUUkZSbWRSVlZOTVVTdG9SRUpDY1VkVFRHSnFNVlJ4UkVNcmMwTXlNMlptVlhkRVVWbEtTMjlhU1doMlkwNUJVVVZNUWxGQlJBcG5aMFZDUVVwdk1HWlhNMGxWUkZWbFFqaDRNa3RUVWsxdFlsRk5NMnR1YW5neWFubEVUbXRIVG1Wa2NXRnNTRkJPZFhGWGRGSmljM3BJYm5VdmREazJDazEwYXpSV05UTnFSMnBTYldkRFVXUjVhR013T0dSWE1FTkZibUZCTldGWVdscE5NVXRoVUZWTlZuZEVlVVJaUjNCUFNWbGpOSGg0Wms1d1F6RnZTbGtLWTJWcFJ6SmhMMDlGUzJGWlVYcFFZbTVOSzFkak1VcGFXbEJ2VTNwcVNuVkZOMnBzU0VSV2RtTTJRbkJqTnpKNlpUQktlRGhLVlRZMVFUQjFhWE5zU2dwTmJWUnFOMjVEWVhZdlJqRTRRa2cxYVRGMFNHNDVjSFpEWTJKbGJHWlBhVUZvYjJWWlJYUk9jVEoxYjBNNU9XVlVhUzlPWW0xcFZuY3pZVTlvWVVGWUNsUm1XWGRtV210VGJHaGhLM2t2U1hKd09EQTNRazE2VkZKR05EQnVUREJpV2pGaFpWTmFUbE53Wm5KNGF6WlFTRXRxTWtKSmNrUmFUVkJ6V0RneFdrUUthamwxY21JM2NYUjRaR3M1VkhFdmRUWkVjMDVDT1RseloyTlZQUW90TFMwdExVVk9SQ0JEUlZKVVNVWkpRMEZVUlMwdExTMHRDZz09IiwidmVyaWZpY2F0aW9uIjp7fX1dfX0sInRpbWVvdXRzIjp7fSwidmVyc2lvbiI6IjIuMi4wIn0sIm5ldHdvcmtkIjp7fSwicGFzc3dkIjp7fSwic3RvcmFnZSI6e30sInN5c3RlbWQiOnt9fQoK",
                "verification": ""
              }
            ],
            "arrays": null,
            "directories": null,
            "disks": null,
            "files": [
              "3709e1ddd530571000dcb3cbce389558bce84af0bb96c3b10a9924172f5a1255",
              "11dc9e80bbfceaa44c3796d05851293f7d01730e66fa9a989cbe38da3035e5db"
            ],
            "filesystems": null,
            "groups": null,
            "id": "b4277a23672c0760ad36a5492bd37358aa7c94f71d5029fd863110bc3e6f2da2",
            "links": null,
            "networkd": null,
            "rendered": "{\"ignition\":{\"config\":{\"append\":[{\"source\":\"data:text/plain;charset=utf-8;base64,CnsiaWduaXRpb24iOnsiY29uZmlnIjp7ImFwcGVuZCI6W3sic291cmNlIjoiaHR0cHM6Ly9hcGktaW50LnVwaS5icm9rZXIuc2FpYy5jb206MjI2MjMvY29uZmlnL21hc3RlciIsInZlcmlmaWNhdGlvbiI6e319XX0sInNlY3VyaXR5Ijp7InRscyI6eyJjZXJ0aWZpY2F0ZUF1dGhvcml0aWVzIjpbeyJzb3VyY2UiOiJkYXRhOnRleHQvcGxhaW47Y2hhcnNldD11dGYtODtiYXNlNjQsTFMwdExTMUNSVWRKVGlCRFJWSlVTVVpKUTBGVVJTMHRMUzB0Q2sxSlNVUkZSRU5EUVdacFowRjNTVUpCWjBsSlZ6WnRZbTgwYzA1R0szTjNSRkZaU2t0dldrbG9kbU5PUVZGRlRFSlJRWGRLYWtWVFRVSkJSMEV4VlVVS1EzaE5TbUl6UW14aWJrNXZZVmRhTUUxU1FYZEVaMWxFVmxGUlJFVjNaSGxpTWprd1RGZE9hRTFDTkZoRVZFVTFUVVJuZVU5RVFYcE5lazE1VGtadldBcEVWRWsxVFVSbmVVNVVRWHBOZWsxNVRrWnZkMHBxUlZOTlFrRkhRVEZWUlVONFRVcGlNMEpzWW01T2IyRlhXakJOVWtGM1JHZFpSRlpSVVVSRmQyUjVDbUl5T1RCTVYwNW9UVWxKUWtscVFVNUNaMnR4YUd0cFJ6bDNNRUpCVVVWR1FVRlBRMEZST0VGTlNVbENRMmRMUTBGUlJVRTFWSE5pV204dlpFazJkVFVLU1ZsV2VtaDRTMjFwTlZnMkwydEZXRFZDZFVOVE1VOUVVVXgxU1hsT1FrRnFZMFZFUmpOemFWcG1kbEpLY0VGT0wyTlljRzAxY2xkNlZqTnFkVGRrYlFvd2QwbHJiak0yV21kQ1VGbGlValV5TjB4Rk9IZFFUbkJhTjIxVVRHTmpVVmxuTm5ocGRHWkdOMVp2VVZrMmJVSm9kakYyWTBOTFpFdzVjMGRqWTA5akNrdDNOSHBsYVhocmFWcFhiMnRqYmtkc1QxSmhkVUpHVUhKSFUyWmxVWEEyYzJGTU5tSnJSVGxSTjJKblZFOTZPWGhxWTI5VE5VWkVLMDVETDNkVlUyb0tNVWcwZERReGNISldObkZaUzFsYU1tSTRXbVk1UkVwelNEVjNPREZpVUc1NFpEQnplVEppU1VaS1RIbHVLMUF4UlhBclJqRTJSbEZoU0VWUmNrcFRXUXBNUjNkbWNFVlBWa1JTT1dSV2RtdEtUMG95YTI5RGMyUjRNR05XUlZGQmFHSm5aVGszZW5vMlZuSkhielZPU21oVWFGcFRSM0F3UTFFeFdXdDVka0l6Q21Wa2JEVldObU5PVG5kSlJFRlJRVUp2TUVsM1VVUkJUMEpuVGxaSVVUaENRV1k0UlVKQlRVTkJjVkYzUkhkWlJGWlNNRlJCVVVndlFrRlZkMEYzUlVJS0wzcEJaRUpuVGxaSVVUUkZSbWRSVlZOTVVTdG9SRUpDY1VkVFRHSnFNVlJ4UkVNcmMwTXlNMlptVlhkRVVWbEtTMjlhU1doMlkwNUJVVVZNUWxGQlJBcG5aMFZDUVVwdk1HWlhNMGxWUkZWbFFqaDRNa3RUVWsxdFlsRk5NMnR1YW5neWFubEVUbXRIVG1Wa2NXRnNTRkJPZFhGWGRGSmljM3BJYm5VdmREazJDazEwYXpSV05UTnFSMnBTYldkRFVXUjVhR013T0dSWE1FTkZibUZCTldGWVdscE5NVXRoVUZWTlZuZEVlVVJaUjNCUFNWbGpOSGg0Wms1d1F6RnZTbGtLWTJWcFJ6SmhMMDlGUzJGWlVYcFFZbTVOSzFkak1VcGFXbEJ2VTNwcVNuVkZOMnBzU0VSV2RtTTJRbkJqTnpKNlpUQktlRGhLVlRZMVFUQjFhWE5zU2dwTmJWUnFOMjVEWVhZdlJqRTRRa2cxYVRGMFNHNDVjSFpEWTJKbGJHWlBhVUZvYjJWWlJYUk9jVEoxYjBNNU9XVlVhUzlPWW0xcFZuY3pZVTlvWVVGWUNsUm1XWGRtV210VGJHaGhLM2t2U1hKd09EQTNRazE2VkZKR05EQnVUREJpV2pGaFpWTmFUbE53Wm5KNGF6WlFTRXRxTWtKSmNrUmFUVkJ6V0RneFdrUUthamwxY21JM2NYUjRaR3M1VkhFdmRUWkVjMDVDT1RseloyTlZQUW90TFMwdExVVk9SQ0JEUlZKVVNVWkpRMEZVUlMwdExTMHRDZz09IiwidmVyaWZpY2F0aW9uIjp7fX1dfX0sInRpbWVvdXRzIjp7fSwidmVyc2lvbiI6IjIuMi4wIn0sIm5ldHdvcmtkIjp7fSwicGFzc3dkIjp7fSwic3RvcmFnZSI6e30sInN5c3RlbWQiOnt9fQoK\",\"verification\":{}}]},\"timeouts\":{},\"version\":\"2.1.0\"},\"networkd\":{},\"passwd\":{},\"storage\":{\"files\":[{\"filesystem\":\"root\",\"group\":{},\"path\":\"/etc/hostname\",\"user\":{},\"contents\":{\"source\":\"data:text/plain;charset=utf-8;base64,Q05QLU9DUC1DVEwwLTE=\",\"verification\":{}},\"mode\":420},{\"filesystem\":\"root\",\"group\":{},\"path\":\"/etc/sysconfig/network-scripts/ifcfg-ens192\",\"user\":{},\"contents\":{\"source\":\"data:text/plain;charset=utf-8;base64,VFlQRT1FdGhlcm5ldApCT09UUFJPVE89bm9uZQpOQU1FPWVuczE5MgpERVZJQ0U9ZW5zMTkyCk9OQk9PVD15ZXMKSVBBRERSPSRsb2NhbC5pcF9hZGRyZXNzZXNbY291bnQuaW5kZXhdClBSRUZJWD0xNgpHQVRFV0FZPTE3Mi4yNS4wLjEKRE9NQUlOPW9jcC5icm9rZXIuc2FpYy5jb20KRE5TMT0xNzIuMTguMjAuMTEK\",\"verification\":{}},\"mode\":420}]},\"systemd\":{\"units\":[{\"contents\":\"[Unit]\\nConditionFirstBoot=yes\\n[Service]\\nType=idle\\nExecStart=/sbin/reboot\\n[Install]\\nWantedBy=multi-user.target\\n\",\"enabled\":true,\"name\":\"restart.service\"}]}}",
            "replace": null,
            "systemd": [
              "2b2088c1732c1d1acffcbbe6386c2952e57ca2903cec0dc24bd4cb0f42abc300"
            ],
            "users": null
          },
          "depends_on": [
            "data.ignition_file.hostname",
            "data.ignition_file.static_ip",
            "data.ignition_systemd_unit.restart"
          ]
        },
        {
          "index_key": 2,
          "schema_version": 0,
          "attributes": {
            "append": [
              {
                "source": "data:text/plain;charset=utf-8;base64,CnsiaWduaXRpb24iOnsiY29uZmlnIjp7ImFwcGVuZCI6W3sic291cmNlIjoiaHR0cHM6Ly9hcGktaW50LnVwaS5icm9rZXIuc2FpYy5jb206MjI2MjMvY29uZmlnL21hc3RlciIsInZlcmlmaWNhdGlvbiI6e319XX0sInNlY3VyaXR5Ijp7InRscyI6eyJjZXJ0aWZpY2F0ZUF1dGhvcml0aWVzIjpbeyJzb3VyY2UiOiJkYXRhOnRleHQvcGxhaW47Y2hhcnNldD11dGYtODtiYXNlNjQsTFMwdExTMUNSVWRKVGlCRFJWSlVTVVpKUTBGVVJTMHRMUzB0Q2sxSlNVUkZSRU5EUVdacFowRjNTVUpCWjBsSlZ6WnRZbTgwYzA1R0szTjNSRkZaU2t0dldrbG9kbU5PUVZGRlRFSlJRWGRLYWtWVFRVSkJSMEV4VlVVS1EzaE5TbUl6UW14aWJrNXZZVmRhTUUxU1FYZEVaMWxFVmxGUlJFVjNaSGxpTWprd1RGZE9hRTFDTkZoRVZFVTFUVVJuZVU5RVFYcE5lazE1VGtadldBcEVWRWsxVFVSbmVVNVVRWHBOZWsxNVRrWnZkMHBxUlZOTlFrRkhRVEZWUlVONFRVcGlNMEpzWW01T2IyRlhXakJOVWtGM1JHZFpSRlpSVVVSRmQyUjVDbUl5T1RCTVYwNW9UVWxKUWtscVFVNUNaMnR4YUd0cFJ6bDNNRUpCVVVWR1FVRlBRMEZST0VGTlNVbENRMmRMUTBGUlJVRTFWSE5pV204dlpFazJkVFVLU1ZsV2VtaDRTMjFwTlZnMkwydEZXRFZDZFVOVE1VOUVVVXgxU1hsT1FrRnFZMFZFUmpOemFWcG1kbEpLY0VGT0wyTlljRzAxY2xkNlZqTnFkVGRrYlFvd2QwbHJiak0yV21kQ1VGbGlValV5TjB4Rk9IZFFUbkJhTjIxVVRHTmpVVmxuTm5ocGRHWkdOMVp2VVZrMmJVSm9kakYyWTBOTFpFdzVjMGRqWTA5akNrdDNOSHBsYVhocmFWcFhiMnRqYmtkc1QxSmhkVUpHVUhKSFUyWmxVWEEyYzJGTU5tSnJSVGxSTjJKblZFOTZPWGhxWTI5VE5VWkVLMDVETDNkVlUyb0tNVWcwZERReGNISldObkZaUzFsYU1tSTRXbVk1UkVwelNEVjNPREZpVUc1NFpEQnplVEppU1VaS1RIbHVLMUF4UlhBclJqRTJSbEZoU0VWUmNrcFRXUXBNUjNkbWNFVlBWa1JTT1dSV2RtdEtUMG95YTI5RGMyUjRNR05XUlZGQmFHSm5aVGszZW5vMlZuSkhielZPU21oVWFGcFRSM0F3UTFFeFdXdDVka0l6Q21Wa2JEVldObU5PVG5kSlJFRlJRVUp2TUVsM1VVUkJUMEpuVGxaSVVUaENRV1k0UlVKQlRVTkJjVkYzUkhkWlJGWlNNRlJCVVVndlFrRlZkMEYzUlVJS0wzcEJaRUpuVGxaSVVUUkZSbWRSVlZOTVVTdG9SRUpDY1VkVFRHSnFNVlJ4UkVNcmMwTXlNMlptVlhkRVVWbEtTMjlhU1doMlkwNUJVVVZNUWxGQlJBcG5aMFZDUVVwdk1HWlhNMGxWUkZWbFFqaDRNa3RUVWsxdFlsRk5NMnR1YW5neWFubEVUbXRIVG1Wa2NXRnNTRkJPZFhGWGRGSmljM3BJYm5VdmREazJDazEwYXpSV05UTnFSMnBTYldkRFVXUjVhR013T0dSWE1FTkZibUZCTldGWVdscE5NVXRoVUZWTlZuZEVlVVJaUjNCUFNWbGpOSGg0Wms1d1F6RnZTbGtLWTJWcFJ6SmhMMDlGUzJGWlVYcFFZbTVOSzFkak1VcGFXbEJ2VTNwcVNuVkZOMnBzU0VSV2RtTTJRbkJqTnpKNlpUQktlRGhLVlRZMVFUQjFhWE5zU2dwTmJWUnFOMjVEWVhZdlJqRTRRa2cxYVRGMFNHNDVjSFpEWTJKbGJHWlBhVUZvYjJWWlJYUk9jVEoxYjBNNU9XVlVhUzlPWW0xcFZuY3pZVTlvWVVGWUNsUm1XWGRtV210VGJHaGhLM2t2U1hKd09EQTNRazE2VkZKR05EQnVUREJpV2pGaFpWTmFUbE53Wm5KNGF6WlFTRXRxTWtKSmNrUmFUVkJ6V0RneFdrUUthamwxY21JM2NYUjRaR3M1VkhFdmRUWkVjMDVDT1RseloyTlZQUW90TFMwdExVVk9SQ0JEUlZKVVNVWkpRMEZVUlMwdExTMHRDZz09IiwidmVyaWZpY2F0aW9uIjp7fX1dfX0sInRpbWVvdXRzIjp7fSwidmVyc2lvbiI6IjIuMi4wIn0sIm5ldHdvcmtkIjp7fSwicGFzc3dkIjp7fSwic3RvcmFnZSI6e30sInN5c3RlbWQiOnt9fQoK",
                "verification": ""
              }
            ],
            "arrays": null,
            "directories": null,
            "disks": null,
            "files": [
              "b211bf4298daa7ec45fad7e837050a9f0372403a1ba99befb4e32223c30df6ce",
              "11dc9e80bbfceaa44c3796d05851293f7d01730e66fa9a989cbe38da3035e5db"
            ],
            "filesystems": null,
            "groups": null,
            "id": "2e345f7dda97234f762304c8446433fb4109517418934447eef983c7aa5e4215",
            "links": null,
            "networkd": null,
            "rendered": "{\"ignition\":{\"config\":{\"append\":[{\"source\":\"data:text/plain;charset=utf-8;base64,CnsiaWduaXRpb24iOnsiY29uZmlnIjp7ImFwcGVuZCI6W3sic291cmNlIjoiaHR0cHM6Ly9hcGktaW50LnVwaS5icm9rZXIuc2FpYy5jb206MjI2MjMvY29uZmlnL21hc3RlciIsInZlcmlmaWNhdGlvbiI6e319XX0sInNlY3VyaXR5Ijp7InRscyI6eyJjZXJ0aWZpY2F0ZUF1dGhvcml0aWVzIjpbeyJzb3VyY2UiOiJkYXRhOnRleHQvcGxhaW47Y2hhcnNldD11dGYtODtiYXNlNjQsTFMwdExTMUNSVWRKVGlCRFJWSlVTVVpKUTBGVVJTMHRMUzB0Q2sxSlNVUkZSRU5EUVdacFowRjNTVUpCWjBsSlZ6WnRZbTgwYzA1R0szTjNSRkZaU2t0dldrbG9kbU5PUVZGRlRFSlJRWGRLYWtWVFRVSkJSMEV4VlVVS1EzaE5TbUl6UW14aWJrNXZZVmRhTUUxU1FYZEVaMWxFVmxGUlJFVjNaSGxpTWprd1RGZE9hRTFDTkZoRVZFVTFUVVJuZVU5RVFYcE5lazE1VGtadldBcEVWRWsxVFVSbmVVNVVRWHBOZWsxNVRrWnZkMHBxUlZOTlFrRkhRVEZWUlVONFRVcGlNMEpzWW01T2IyRlhXakJOVWtGM1JHZFpSRlpSVVVSRmQyUjVDbUl5T1RCTVYwNW9UVWxKUWtscVFVNUNaMnR4YUd0cFJ6bDNNRUpCVVVWR1FVRlBRMEZST0VGTlNVbENRMmRMUTBGUlJVRTFWSE5pV204dlpFazJkVFVLU1ZsV2VtaDRTMjFwTlZnMkwydEZXRFZDZFVOVE1VOUVVVXgxU1hsT1FrRnFZMFZFUmpOemFWcG1kbEpLY0VGT0wyTlljRzAxY2xkNlZqTnFkVGRrYlFvd2QwbHJiak0yV21kQ1VGbGlValV5TjB4Rk9IZFFUbkJhTjIxVVRHTmpVVmxuTm5ocGRHWkdOMVp2VVZrMmJVSm9kakYyWTBOTFpFdzVjMGRqWTA5akNrdDNOSHBsYVhocmFWcFhiMnRqYmtkc1QxSmhkVUpHVUhKSFUyWmxVWEEyYzJGTU5tSnJSVGxSTjJKblZFOTZPWGhxWTI5VE5VWkVLMDVETDNkVlUyb0tNVWcwZERReGNISldObkZaUzFsYU1tSTRXbVk1UkVwelNEVjNPREZpVUc1NFpEQnplVEppU1VaS1RIbHVLMUF4UlhBclJqRTJSbEZoU0VWUmNrcFRXUXBNUjNkbWNFVlBWa1JTT1dSV2RtdEtUMG95YTI5RGMyUjRNR05XUlZGQmFHSm5aVGszZW5vMlZuSkhielZPU21oVWFGcFRSM0F3UTFFeFdXdDVka0l6Q21Wa2JEVldObU5PVG5kSlJFRlJRVUp2TUVsM1VVUkJUMEpuVGxaSVVUaENRV1k0UlVKQlRVTkJjVkYzUkhkWlJGWlNNRlJCVVVndlFrRlZkMEYzUlVJS0wzcEJaRUpuVGxaSVVUUkZSbWRSVlZOTVVTdG9SRUpDY1VkVFRHSnFNVlJ4UkVNcmMwTXlNMlptVlhkRVVWbEtTMjlhU1doMlkwNUJVVVZNUWxGQlJBcG5aMFZDUVVwdk1HWlhNMGxWUkZWbFFqaDRNa3RUVWsxdFlsRk5NMnR1YW5neWFubEVUbXRIVG1Wa2NXRnNTRkJPZFhGWGRGSmljM3BJYm5VdmREazJDazEwYXpSV05UTnFSMnBTYldkRFVXUjVhR013T0dSWE1FTkZibUZCTldGWVdscE5NVXRoVUZWTlZuZEVlVVJaUjNCUFNWbGpOSGg0Wms1d1F6RnZTbGtLWTJWcFJ6SmhMMDlGUzJGWlVYcFFZbTVOSzFkak1VcGFXbEJ2VTNwcVNuVkZOMnBzU0VSV2RtTTJRbkJqTnpKNlpUQktlRGhLVlRZMVFUQjFhWE5zU2dwTmJWUnFOMjVEWVhZdlJqRTRRa2cxYVRGMFNHNDVjSFpEWTJKbGJHWlBhVUZvYjJWWlJYUk9jVEoxYjBNNU9XVlVhUzlPWW0xcFZuY3pZVTlvWVVGWUNsUm1XWGRtV210VGJHaGhLM2t2U1hKd09EQTNRazE2VkZKR05EQnVUREJpV2pGaFpWTmFUbE53Wm5KNGF6WlFTRXRxTWtKSmNrUmFUVkJ6V0RneFdrUUthamwxY21JM2NYUjRaR3M1VkhFdmRUWkVjMDVDT1RseloyTlZQUW90TFMwdExVVk9SQ0JEUlZKVVNVWkpRMEZVUlMwdExTMHRDZz09IiwidmVyaWZpY2F0aW9uIjp7fX1dfX0sInRpbWVvdXRzIjp7fSwidmVyc2lvbiI6IjIuMi4wIn0sIm5ldHdvcmtkIjp7fSwicGFzc3dkIjp7fSwic3RvcmFnZSI6e30sInN5c3RlbWQiOnt9fQoK\",\"verification\":{}}]},\"timeouts\":{},\"version\":\"2.1.0\"},\"networkd\":{},\"passwd\":{},\"storage\":{\"files\":[{\"filesystem\":\"root\",\"group\":{},\"path\":\"/etc/hostname\",\"user\":{},\"contents\":{\"source\":\"data:text/plain;charset=utf-8;base64,Q05QLU9DUC1DVEwwLTI=\",\"verification\":{}},\"mode\":420},{\"filesystem\":\"root\",\"group\":{},\"path\":\"/etc/sysconfig/network-scripts/ifcfg-ens192\",\"user\":{},\"contents\":{\"source\":\"data:text/plain;charset=utf-8;base64,VFlQRT1FdGhlcm5ldApCT09UUFJPVE89bm9uZQpOQU1FPWVuczE5MgpERVZJQ0U9ZW5zMTkyCk9OQk9PVD15ZXMKSVBBRERSPSRsb2NhbC5pcF9hZGRyZXNzZXNbY291bnQuaW5kZXhdClBSRUZJWD0xNgpHQVRFV0FZPTE3Mi4yNS4wLjEKRE9NQUlOPW9jcC5icm9rZXIuc2FpYy5jb20KRE5TMT0xNzIuMTguMjAuMTEK\",\"verification\":{}},\"mode\":420}]},\"systemd\":{\"units\":[{\"contents\":\"[Unit]\\nConditionFirstBoot=yes\\n[Service]\\nType=idle\\nExecStart=/sbin/reboot\\n[Install]\\nWantedBy=multi-user.target\\n\",\"enabled\":true,\"name\":\"restart.service\"}]}}",
            "replace": null,
            "systemd": [
              "2b2088c1732c1d1acffcbbe6386c2952e57ca2903cec0dc24bd4cb0f42abc300"
            ],
            "users": null
          },
          "depends_on": [
            "data.ignition_file.hostname",
            "data.ignition_file.static_ip",
            "data.ignition_systemd_unit.restart"
          ]
        }
      ]
    },
    {
      "module": "module.bootstrap",
      "mode": "data",
      "type": "ignition_config",
      "name": "ign",
      "each": "list",
      "provider": "provider.ignition",
      "instances": [
        {
          "index_key": 0,
          "schema_version": 0,
          "attributes": {
            "append": [
              {
                "source": "https://fergusontrabucket.s3.amazonaws.com/bootstrap.ign",
                "verification": ""
              }
            ],
            "arrays": null,
            "directories": null,
            "disks": null,
            "files": [
              "6fe1f13c3f7bc27b4ed437c915a7b6c58b7af80f2ea349258cdafefa4cde5db5",
              "11dc9e80bbfceaa44c3796d05851293f7d01730e66fa9a989cbe38da3035e5db"
            ],
            "filesystems": null,
            "groups": null,
            "id": "d590e276e4a46c231a65ce0d52de7859bfe20ecfa751ca1f86106f9b2d501599",
            "links": null,
            "networkd": null,
            "rendered": "{\"ignition\":{\"config\":{\"append\":[{\"source\":\"https://fergusontrabucket.s3.amazonaws.com/bootstrap.ign\",\"verification\":{}}]},\"timeouts\":{},\"version\":\"2.1.0\"},\"networkd\":{},\"passwd\":{},\"storage\":{\"files\":[{\"filesystem\":\"root\",\"group\":{},\"path\":\"/etc/hostname\",\"user\":{},\"contents\":{\"source\":\"data:text/plain;charset=utf-8;base64,Q05QLU9DUC1CT09UMC0w\",\"verification\":{}},\"mode\":420},{\"filesystem\":\"root\",\"group\":{},\"path\":\"/etc/sysconfig/network-scripts/ifcfg-ens192\",\"user\":{},\"contents\":{\"source\":\"data:text/plain;charset=utf-8;base64,VFlQRT1FdGhlcm5ldApCT09UUFJPVE89bm9uZQpOQU1FPWVuczE5MgpERVZJQ0U9ZW5zMTkyCk9OQk9PVD15ZXMKSVBBRERSPSRsb2NhbC5pcF9hZGRyZXNzZXNbY291bnQuaW5kZXhdClBSRUZJWD0xNgpHQVRFV0FZPTE3Mi4yNS4wLjEKRE9NQUlOPW9jcC5icm9rZXIuc2FpYy5jb20KRE5TMT0xNzIuMTguMjAuMTEK\",\"verification\":{}},\"mode\":420}]},\"systemd\":{\"units\":[{\"contents\":\"[Unit]\\nConditionFirstBoot=yes\\n[Service]\\nType=idle\\nExecStart=/sbin/reboot\\n[Install]\\nWantedBy=multi-user.target\\n\",\"enabled\":true,\"name\":\"restart.service\"}]}}",
            "replace": null,
            "systemd": [
              "2b2088c1732c1d1acffcbbe6386c2952e57ca2903cec0dc24bd4cb0f42abc300"
            ],
            "users": null
          },
          "depends_on": [
            "data.ignition_file.hostname",
            "data.ignition_file.static_ip",
            "data.ignition_systemd_unit.restart"
          ]
        }
      ]
    },
    {
      "module": "module.compute",
      "mode": "data",
      "type": "ignition_file",
      "name": "hostname",
      "each": "list",
      "provider": "provider.ignition",
      "instances": [
        {
          "index_key": 0,
          "schema_version": 0,
          "attributes": {
            "content": [
              {
                "content": "CNP-OCP-COMP0-0",
                "mime": "text/plain"
              }
            ],
            "filesystem": "root",
            "gid": null,
            "id": "72fa6b55c4305848b4c7d52b30cb6022f7509a7b2995433a856795a2fb01796c",
            "mode": 420,
            "path": "/etc/hostname",
            "source": null,
            "uid": null
          }
        },
        {
          "index_key": 1,
          "schema_version": 0,
          "attributes": {
            "content": [
              {
                "content": "CNP-OCP-COMP0-1",
                "mime": "text/plain"
              }
            ],
            "filesystem": "root",
            "gid": null,
            "id": "23e6237e07a1764437a9be84dd52ffbc4532c42fa4189654205d8ac146447670",
            "mode": 420,
            "path": "/etc/hostname",
            "source": null,
            "uid": null
          }
        },
        {
          "index_key": 2,
          "schema_version": 0,
          "attributes": {
            "content": [
              {
                "content": "CNP-OCP-COMP0-2",
                "mime": "text/plain"
              }
            ],
            "filesystem": "root",
            "gid": null,
            "id": "96e6f69b4df27fddfa648dc559e197b28d9cd2ff05467294d35d8795848c13f3",
            "mode": 420,
            "path": "/etc/hostname",
            "source": null,
            "uid": null
          }
        }
      ]
    },
    {
      "module": "module.control_plane",
      "mode": "data",
      "type": "ignition_file",
      "name": "hostname",
      "each": "list",
      "provider": "provider.ignition",
      "instances": [
        {
          "index_key": 0,
          "schema_version": 0,
          "attributes": {
            "content": [
              {
                "content": "CNP-OCP-CTL0-0",
                "mime": "text/plain"
              }
            ],
            "filesystem": "root",
            "gid": null,
            "id": "858c0401bce28b6045b94a062b467653e4c5213c14ad2bcce3c53005ba5b9cac",
            "mode": 420,
            "path": "/etc/hostname",
            "source": null,
            "uid": null
          }
        },
        {
          "index_key": 1,
          "schema_version": 0,
          "attributes": {
            "content": [
              {
                "content": "CNP-OCP-CTL0-1",
                "mime": "text/plain"
              }
            ],
            "filesystem": "root",
            "gid": null,
            "id": "3709e1ddd530571000dcb3cbce389558bce84af0bb96c3b10a9924172f5a1255",
            "mode": 420,
            "path": "/etc/hostname",
            "source": null,
            "uid": null
          }
        },
        {
          "index_key": 2,
          "schema_version": 0,
          "attributes": {
            "content": [
              {
                "content": "CNP-OCP-CTL0-2",
                "mime": "text/plain"
              }
            ],
            "filesystem": "root",
            "gid": null,
            "id": "b211bf4298daa7ec45fad7e837050a9f0372403a1ba99befb4e32223c30df6ce",
            "mode": 420,
            "path": "/etc/hostname",
            "source": null,
            "uid": null
          }
        }
      ]
    },
    {
      "module": "module.bootstrap",
      "mode": "data",
      "type": "ignition_file",
      "name": "hostname",
      "each": "list",
      "provider": "provider.ignition",
      "instances": [
        {
          "index_key": 0,
          "schema_version": 0,
          "attributes": {
            "content": [
              {
                "content": "CNP-OCP-BOOT0-0",
                "mime": "text/plain"
              }
            ],
            "filesystem": "root",
            "gid": null,
            "id": "6fe1f13c3f7bc27b4ed437c915a7b6c58b7af80f2ea349258cdafefa4cde5db5",
            "mode": 420,
            "path": "/etc/hostname",
            "source": null,
            "uid": null
          }
        }
      ]
    },
    {
      "module": "module.compute",
      "mode": "data",
      "type": "ignition_file",
      "name": "static_ip",
      "each": "list",
      "provider": "provider.ignition",
      "instances": [
        {
          "index_key": 0,
          "schema_version": 0,
          "attributes": {
            "content": [
              {
                "content": "TYPE=Ethernet\nBOOTPROTO=none\nNAME=ens192\nDEVICE=ens192\nONBOOT=yes\nIPADDR=$local.ip_addresses[count.index]\nPREFIX=16\nGATEWAY=172.25.0.1\nDOMAIN=ocp.broker.saic.com\nDNS1=172.18.20.11\n",
                "mime": "text/plain"
              }
            ],
            "filesystem": "root",
            "gid": null,
            "id": "11dc9e80bbfceaa44c3796d05851293f7d01730e66fa9a989cbe38da3035e5db",
            "mode": 420,
            "path": "/etc/sysconfig/network-scripts/ifcfg-ens192",
            "source": null,
            "uid": null
          }
        },
        {
          "index_key": 1,
          "schema_version": 0,
          "attributes": {
            "content": [
              {
                "content": "TYPE=Ethernet\nBOOTPROTO=none\nNAME=ens192\nDEVICE=ens192\nONBOOT=yes\nIPADDR=$local.ip_addresses[count.index]\nPREFIX=16\nGATEWAY=172.25.0.1\nDOMAIN=ocp.broker.saic.com\nDNS1=172.18.20.11\n",
                "mime": "text/plain"
              }
            ],
            "filesystem": "root",
            "gid": null,
            "id": "11dc9e80bbfceaa44c3796d05851293f7d01730e66fa9a989cbe38da3035e5db",
            "mode": 420,
            "path": "/etc/sysconfig/network-scripts/ifcfg-ens192",
            "source": null,
            "uid": null
          }
        },
        {
          "index_key": 2,
          "schema_version": 0,
          "attributes": {
            "content": [
              {
                "content": "TYPE=Ethernet\nBOOTPROTO=none\nNAME=ens192\nDEVICE=ens192\nONBOOT=yes\nIPADDR=$local.ip_addresses[count.index]\nPREFIX=16\nGATEWAY=172.25.0.1\nDOMAIN=ocp.broker.saic.com\nDNS1=172.18.20.11\n",
                "mime": "text/plain"
              }
            ],
            "filesystem": "root",
            "gid": null,
            "id": "11dc9e80bbfceaa44c3796d05851293f7d01730e66fa9a989cbe38da3035e5db",
            "mode": 420,
            "path": "/etc/sysconfig/network-scripts/ifcfg-ens192",
            "source": null,
            "uid": null
          }
        }
      ]
    },
    {
      "module": "module.control_plane",
      "mode": "data",
      "type": "ignition_file",
      "name": "static_ip",
      "each": "list",
      "provider": "provider.ignition",
      "instances": [
        {
          "index_key": 0,
          "schema_version": 0,
          "attributes": {
            "content": [
              {
                "content": "TYPE=Ethernet\nBOOTPROTO=none\nNAME=ens192\nDEVICE=ens192\nONBOOT=yes\nIPADDR=$local.ip_addresses[count.index]\nPREFIX=16\nGATEWAY=172.25.0.1\nDOMAIN=ocp.broker.saic.com\nDNS1=172.18.20.11\n",
                "mime": "text/plain"
              }
            ],
            "filesystem": "root",
            "gid": null,
            "id": "11dc9e80bbfceaa44c3796d05851293f7d01730e66fa9a989cbe38da3035e5db",
            "mode": 420,
            "path": "/etc/sysconfig/network-scripts/ifcfg-ens192",
            "source": null,
            "uid": null
          }
        },
        {
          "index_key": 1,
          "schema_version": 0,
          "attributes": {
            "content": [
              {
                "content": "TYPE=Ethernet\nBOOTPROTO=none\nNAME=ens192\nDEVICE=ens192\nONBOOT=yes\nIPADDR=$local.ip_addresses[count.index]\nPREFIX=16\nGATEWAY=172.25.0.1\nDOMAIN=ocp.broker.saic.com\nDNS1=172.18.20.11\n",
                "mime": "text/plain"
              }
            ],
            "filesystem": "root",
            "gid": null,
            "id": "11dc9e80bbfceaa44c3796d05851293f7d01730e66fa9a989cbe38da3035e5db",
            "mode": 420,
            "path": "/etc/sysconfig/network-scripts/ifcfg-ens192",
            "source": null,
            "uid": null
          }
        },
        {
          "index_key": 2,
          "schema_version": 0,
          "attributes": {
            "content": [
              {
                "content": "TYPE=Ethernet\nBOOTPROTO=none\nNAME=ens192\nDEVICE=ens192\nONBOOT=yes\nIPADDR=$local.ip_addresses[count.index]\nPREFIX=16\nGATEWAY=172.25.0.1\nDOMAIN=ocp.broker.saic.com\nDNS1=172.18.20.11\n",
                "mime": "text/plain"
              }
            ],
            "filesystem": "root",
            "gid": null,
            "id": "11dc9e80bbfceaa44c3796d05851293f7d01730e66fa9a989cbe38da3035e5db",
            "mode": 420,
            "path": "/etc/sysconfig/network-scripts/ifcfg-ens192",
            "source": null,
            "uid": null
          }
        }
      ]
    },
    {
      "module": "module.bootstrap",
      "mode": "data",
      "type": "ignition_file",
      "name": "static_ip",
      "each": "list",
      "provider": "provider.ignition",
      "instances": [
        {
          "index_key": 0,
          "schema_version": 0,
          "attributes": {
            "content": [
              {
                "content": "TYPE=Ethernet\nBOOTPROTO=none\nNAME=ens192\nDEVICE=ens192\nONBOOT=yes\nIPADDR=$local.ip_addresses[count.index]\nPREFIX=16\nGATEWAY=172.25.0.1\nDOMAIN=ocp.broker.saic.com\nDNS1=172.18.20.11\n",
                "mime": "text/plain"
              }
            ],
            "filesystem": "root",
            "gid": null,
            "id": "11dc9e80bbfceaa44c3796d05851293f7d01730e66fa9a989cbe38da3035e5db",
            "mode": 420,
            "path": "/etc/sysconfig/network-scripts/ifcfg-ens192",
            "source": null,
            "uid": null
          }
        }
      ]
    },
    {
      "module": "module.compute",
      "mode": "data",
      "type": "ignition_systemd_unit",
      "name": "restart",
      "each": "list",
      "provider": "provider.ignition",
      "instances": [
        {
          "index_key": 0,
          "schema_version": 0,
          "attributes": {
            "content": "[Unit]\nConditionFirstBoot=yes\n[Service]\nType=idle\nExecStart=/sbin/reboot\n[Install]\nWantedBy=multi-user.target\n",
            "dropin": null,
            "enabled": true,
            "id": "2b2088c1732c1d1acffcbbe6386c2952e57ca2903cec0dc24bd4cb0f42abc300",
            "mask": null,
            "name": "restart.service"
          }
        },
        {
          "index_key": 1,
          "schema_version": 0,
          "attributes": {
            "content": "[Unit]\nConditionFirstBoot=yes\n[Service]\nType=idle\nExecStart=/sbin/reboot\n[Install]\nWantedBy=multi-user.target\n",
            "dropin": null,
            "enabled": true,
            "id": "2b2088c1732c1d1acffcbbe6386c2952e57ca2903cec0dc24bd4cb0f42abc300",
            "mask": null,
            "name": "restart.service"
          }
        },
        {
          "index_key": 2,
          "schema_version": 0,
          "attributes": {
            "content": "[Unit]\nConditionFirstBoot=yes\n[Service]\nType=idle\nExecStart=/sbin/reboot\n[Install]\nWantedBy=multi-user.target\n",
            "dropin": null,
            "enabled": true,
            "id": "2b2088c1732c1d1acffcbbe6386c2952e57ca2903cec0dc24bd4cb0f42abc300",
            "mask": null,
            "name": "restart.service"
          }
        }
      ]
    },
    {
      "module": "module.control_plane",
      "mode": "data",
      "type": "ignition_systemd_unit",
      "name": "restart",
      "each": "list",
      "provider": "provider.ignition",
      "instances": [
        {
          "index_key": 0,
          "schema_version": 0,
          "attributes": {
            "content": "[Unit]\nConditionFirstBoot=yes\n[Service]\nType=idle\nExecStart=/sbin/reboot\n[Install]\nWantedBy=multi-user.target\n",
            "dropin": null,
            "enabled": true,
            "id": "2b2088c1732c1d1acffcbbe6386c2952e57ca2903cec0dc24bd4cb0f42abc300",
            "mask": null,
            "name": "restart.service"
          }
        },
        {
          "index_key": 1,
          "schema_version": 0,
          "attributes": {
            "content": "[Unit]\nConditionFirstBoot=yes\n[Service]\nType=idle\nExecStart=/sbin/reboot\n[Install]\nWantedBy=multi-user.target\n",
            "dropin": null,
            "enabled": true,
            "id": "2b2088c1732c1d1acffcbbe6386c2952e57ca2903cec0dc24bd4cb0f42abc300",
            "mask": null,
            "name": "restart.service"
          }
        },
        {
          "index_key": 2,
          "schema_version": 0,
          "attributes": {
            "content": "[Unit]\nConditionFirstBoot=yes\n[Service]\nType=idle\nExecStart=/sbin/reboot\n[Install]\nWantedBy=multi-user.target\n",
            "dropin": null,
            "enabled": true,
            "id": "2b2088c1732c1d1acffcbbe6386c2952e57ca2903cec0dc24bd4cb0f42abc300",
            "mask": null,
            "name": "restart.service"
          }
        }
      ]
    },
    {
      "module": "module.bootstrap",
      "mode": "data",
      "type": "ignition_systemd_unit",
      "name": "restart",
      "each": "list",
      "provider": "provider.ignition",
      "instances": [
        {
          "index_key": 0,
          "schema_version": 0,
          "attributes": {
            "content": "[Unit]\nConditionFirstBoot=yes\n[Service]\nType=idle\nExecStart=/sbin/reboot\n[Install]\nWantedBy=multi-user.target\n",
            "dropin": null,
            "enabled": true,
            "id": "2b2088c1732c1d1acffcbbe6386c2952e57ca2903cec0dc24bd4cb0f42abc300",
            "mask": null,
            "name": "restart.service"
          }
        }
      ]
    },
    {
      "module": "module.compute",
      "mode": "data",
      "type": "template_file",
      "name": "ip_address",
      "each": "list",
      "provider": "provider.template",
      "instances": []
    },
    {
      "module": "module.control_plane",
      "mode": "data",
      "type": "template_file",
      "name": "ip_address",
      "each": "list",
      "provider": "provider.template",
      "instances": []
    },
    {
      "module": "module.bootstrap",
      "mode": "data",
      "type": "template_file",
      "name": "ip_address",
      "each": "list",
      "provider": "provider.template",
      "instances": []
    },
    {
      "module": "module.resource_pool",
      "mode": "data",
      "type": "vsphere_compute_cluster",
      "name": "compute_cluster",
      "provider": "provider.vsphere",
      "instances": [
        {
          "schema_version": 0,
          "attributes": {
            "datacenter_id": "datacenter-21",
            "id": "domain-c26",
            "name": "OKR01-M01-MGMT01",
            "resource_pool_id": "resgroup-27"
          }
        }
      ]
    },
    {
      "mode": "data",
      "type": "vsphere_datacenter",
      "name": "dc",
      "provider": "provider.vsphere",
      "instances": [
        {
          "schema_version": 0,
          "attributes": {
            "id": "datacenter-21",
            "name": "OKR01-M01"
          }
        }
      ]
    },
    {
      "module": "module.compute",
      "mode": "data",
      "type": "vsphere_datastore",
      "name": "datastore",
      "provider": "provider.vsphere",
      "instances": [
        {
          "schema_version": 0,
          "attributes": {
            "datacenter_id": "datacenter-21",
            "id": "datastore-41",
            "name": "OKR01-M01-VSAN"
          }
        }
      ]
    },
    {
      "module": "module.control_plane",
      "mode": "data",
      "type": "vsphere_datastore",
      "name": "datastore",
      "provider": "provider.vsphere",
      "instances": [
        {
          "schema_version": 0,
          "attributes": {
            "datacenter_id": "datacenter-21",
            "id": "datastore-41",
            "name": "OKR01-M01-VSAN"
          }
        }
      ]
    },
    {
      "module": "module.bootstrap",
      "mode": "data",
      "type": "vsphere_datastore",
      "name": "datastore",
      "provider": "provider.vsphere",
      "instances": [
        {
          "schema_version": 0,
          "attributes": {
            "datacenter_id": "datacenter-21",
            "id": "datastore-41",
            "name": "OKR01-M01-VSAN"
          }
        }
      ]
    },
    {
      "module": "module.compute",
      "mode": "data",
      "type": "vsphere_network",
      "name": "network",
      "provider": "provider.vsphere",
      "instances": [
        {
          "schema_version": 0,
          "attributes": {
            "datacenter_id": "datacenter-21",
            "id": "network-609",
            "name": "VM Network",
            "type": "Network"
          }
        }
      ]
    },
    {
      "module": "module.control_plane",
      "mode": "data",
      "type": "vsphere_network",
      "name": "network",
      "provider": "provider.vsphere",
      "instances": [
        {
          "schema_version": 0,
          "attributes": {
            "datacenter_id": "datacenter-21",
            "id": "network-609",
            "name": "VM Network",
            "type": "Network"
          }
        }
      ]
    },
    {
      "module": "module.bootstrap",
      "mode": "data",
      "type": "vsphere_network",
      "name": "network",
      "provider": "provider.vsphere",
      "instances": [
        {
          "schema_version": 0,
          "attributes": {
            "datacenter_id": "datacenter-21",
            "id": "network-609",
            "name": "VM Network",
            "type": "Network"
          }
        }
      ]
    },
    {
      "module": "module.compute",
      "mode": "data",
      "type": "vsphere_virtual_machine",
      "name": "template",
      "provider": "provider.vsphere",
      "instances": [
        {
          "schema_version": 0,
          "attributes": {
            "alternate_guest_name": "",
            "datacenter_id": "datacenter-21",
            "disks": [
              {
                "eagerly_scrub": false,
                "size": 8,
                "thin_provisioned": true
              }
            ],
            "firmware": "bios",
            "guest_id": "other4xLinux64Guest",
            "id": "423fe7cf-42cb-0acb-2351-211c306133d7",
            "name": "TMPL-SVR-RHCOS01",
            "network_interface_types": [
              "vmxnet3"
            ],
            "scsi_bus_sharing": "noSharing",
            "scsi_controller_scan_count": 1,
            "scsi_type": "pvscsi"
          }
        }
      ]
    },
    {
      "module": "module.control_plane",
      "mode": "data",
      "type": "vsphere_virtual_machine",
      "name": "template",
      "provider": "provider.vsphere",
      "instances": [
        {
          "schema_version": 0,
          "attributes": {
            "alternate_guest_name": "",
            "datacenter_id": "datacenter-21",
            "disks": [
              {
                "eagerly_scrub": false,
                "size": 8,
                "thin_provisioned": true
              }
            ],
            "firmware": "bios",
            "guest_id": "other4xLinux64Guest",
            "id": "423fe7cf-42cb-0acb-2351-211c306133d7",
            "name": "TMPL-SVR-RHCOS01",
            "network_interface_types": [
              "vmxnet3"
            ],
            "scsi_bus_sharing": "noSharing",
            "scsi_controller_scan_count": 1,
            "scsi_type": "pvscsi"
          }
        }
      ]
    },
    {
      "module": "module.bootstrap",
      "mode": "data",
      "type": "vsphere_virtual_machine",
      "name": "template",
      "provider": "provider.vsphere",
      "instances": [
        {
          "schema_version": 0,
          "attributes": {
            "alternate_guest_name": "",
            "datacenter_id": "datacenter-21",
            "disks": [
              {
                "eagerly_scrub": false,
                "size": 8,
                "thin_provisioned": true
              }
            ],
            "firmware": "bios",
            "guest_id": "other4xLinux64Guest",
            "id": "423fe7cf-42cb-0acb-2351-211c306133d7",
            "name": "TMPL-SVR-RHCOS01",
            "network_interface_types": [
              "vmxnet3"
            ],
            "scsi_bus_sharing": "noSharing",
            "scsi_controller_scan_count": 1,
            "scsi_type": "pvscsi"
          }
        }
      ]
    },
    {
      "module": "module.compute",
      "mode": "managed",
      "type": "null_resource",
      "name": "ip_address",
      "each": "list",
      "provider": "provider.null",
      "instances": []
    },
    {
      "module": "module.control_plane",
      "mode": "managed",
      "type": "null_resource",
      "name": "ip_address",
      "each": "list",
      "provider": "provider.null",
      "instances": []
    },
    {
      "module": "module.bootstrap",
      "mode": "managed",
      "type": "null_resource",
      "name": "ip_address",
      "each": "list",
      "provider": "provider.null",
      "instances": []
    },
    {
      "module": "module.folder",
      "mode": "managed",
      "type": "vsphere_folder",
      "name": "folder",
      "provider": "provider.vsphere",
      "instances": [
        {
          "schema_version": 1,
          "attributes": {
            "custom_attributes": null,
            "datacenter_id": "datacenter-21",
            "id": "group-v1021",
            "path": "Red Hat ocp",
            "tags": null,
            "type": "vm"
          }
        }
      ]
    },
    {
      "module": "module.resource_pool",
      "mode": "managed",
      "type": "vsphere_resource_pool",
      "name": "resource_pool",
      "provider": "provider.vsphere",
      "instances": [
        {
          "schema_version": 0,
          "attributes": {
            "cpu_expandable": true,
            "cpu_limit": -1,
            "cpu_reservation": 0,
            "cpu_share_level": "normal",
            "cpu_shares": 4000,
            "custom_attributes": null,
            "id": "resgroup-1020",
            "memory_expandable": true,
            "memory_limit": -1,
            "memory_reservation": 0,
            "memory_share_level": "normal",
            "memory_shares": 163840,
            "name": "Red Hat ocp",
            "parent_resource_pool_id": "resgroup-27",
            "tags": null
          },
          "depends_on": [
            "data.vsphere_compute_cluster.compute_cluster"
          ]
        }
      ]
    },
    {
      "module": "module.compute",
      "mode": "managed",
      "type": "vsphere_virtual_machine",
      "name": "vm",
      "each": "list",
      "provider": "provider.vsphere",
      "instances": [
        {
          "index_key": 0,
          "status": "tainted",
          "schema_version": 3,
          "attributes": {
            "alternate_guest_name": null,
            "annotation": null,
            "boot_delay": null,
            "boot_retry_delay": 10000,
            "boot_retry_enabled": null,
            "cdrom": [],
            "change_version": null,
            "clone": [
              {
                "customize": [],
                "linked_clone": false,
                "template_uuid": "423fe7cf-42cb-0acb-2351-211c306133d7",
                "timeout": 30
              }
            ],
            "cpu_hot_add_enabled": null,
            "cpu_hot_remove_enabled": null,
            "cpu_limit": -1,
            "cpu_performance_counters_enabled": null,
            "cpu_reservation": null,
            "cpu_share_count": null,
            "cpu_share_level": "normal",
            "custom_attributes": null,
            "datastore_cluster_id": null,
            "datastore_id": "datastore-41",
            "default_ip_address": null,
            "disk": [
              {
                "attach": false,
                "datastore_id": "datastore-41",
                "device_address": "scsi:0:0",
                "disk_mode": "persistent",
                "disk_sharing": "sharingNone",
                "eagerly_scrub": false,
                "io_limit": -1,
                "io_reservation": 0,
                "io_share_count": 1000,
                "io_share_level": "normal",
                "keep_on_remove": false,
                "key": 2000,
                "label": "disk0",
                "name": "",
                "path": "35efc15d-f4c2-84a7-d8fa-000af7ef6ff0/CNP-OCP-COMP0-0.vmdk",
                "size": 60,
                "thin_provisioned": true,
                "unit_number": 0,
                "uuid": "6000C29b-4248-ee25-30cd-7f56f0c9546a",
                "write_through": false
              }
            ],
            "efi_secure_boot_enabled": null,
            "enable_disk_uuid": true,
            "enable_logging": null,
            "ept_rvi_mode": "automatic",
            "extra_config": null,
            "firmware": "bios",
            "folder": "Red Hat ocp",
            "force_power_off": true,
            "guest_id": "other4xLinux64Guest",
            "guest_ip_addresses": null,
            "host_system_id": null,
            "hv_mode": "hvAuto",
            "id": "423f4fc3-96d9-9994-83e1-06c398a686a6",
            "ignored_guest_ips": null,
            "imported": null,
            "latency_sensitivity": "normal",
            "memory": 8192,
            "memory_hot_add_enabled": null,
            "memory_limit": -1,
            "memory_reservation": null,
            "memory_share_count": null,
            "memory_share_level": "normal",
            "migrate_wait_timeout": 30,
            "moid": null,
            "name": "CNP-OCP-COMP0-0",
            "nested_hv_enabled": null,
            "network_interface": [
              {
                "adapter_type": "vmxnet3",
                "bandwidth_limit": -1,
                "bandwidth_reservation": 0,
                "bandwidth_share_count": 0,
                "bandwidth_share_level": "normal",
                "device_address": "pci:0:7",
                "key": 4000,
                "mac_address": "",
                "network_id": "network-609",
                "use_static_mac": false
              }
            ],
            "num_cores_per_socket": 1,
            "num_cpus": 4,
            "reboot_required": true,
            "resource_pool_id": "resgroup-1020",
            "run_tools_scripts_after_power_on": true,
            "run_tools_scripts_after_resume": true,
            "run_tools_scripts_before_guest_reboot": null,
            "run_tools_scripts_before_guest_shutdown": true,
            "run_tools_scripts_before_guest_standby": true,
            "scsi_bus_sharing": "noSharing",
            "scsi_controller_count": 1,
            "scsi_type": "pvscsi",
            "shutdown_wait_timeout": 3,
            "swap_placement_policy": "inherit",
            "sync_time_with_host": null,
            "tags": null,
            "uuid": null,
            "vapp": [
              {
                "properties": {}
              }
            ],
            "vapp_transport": [
              "com.vmware.guestInfo"
            ],
            "vmware_tools_status": null,
            "vmx_path": null,
            "wait_for_guest_ip_timeout": 0,
            "wait_for_guest_net_routable": false,
            "wait_for_guest_net_timeout": 0
          },
          "depends_on": [
            "data.ignition_config.ign",
            "data.vsphere_datastore.datastore",
            "data.vsphere_network.network",
            "data.vsphere_virtual_machine.template"
          ]
        },
        {
          "index_key": 1,
          "status": "tainted",
          "schema_version": 3,
          "attributes": {
            "alternate_guest_name": null,
            "annotation": null,
            "boot_delay": null,
            "boot_retry_delay": 10000,
            "boot_retry_enabled": null,
            "cdrom": [],
            "change_version": null,
            "clone": [
              {
                "customize": [],
                "linked_clone": false,
                "template_uuid": "423fe7cf-42cb-0acb-2351-211c306133d7",
                "timeout": 30
              }
            ],
            "cpu_hot_add_enabled": null,
            "cpu_hot_remove_enabled": null,
            "cpu_limit": -1,
            "cpu_performance_counters_enabled": null,
            "cpu_reservation": null,
            "cpu_share_count": null,
            "cpu_share_level": "normal",
            "custom_attributes": null,
            "datastore_cluster_id": null,
            "datastore_id": "datastore-41",
            "default_ip_address": null,
            "disk": [
              {
                "attach": false,
                "datastore_id": "datastore-41",
                "device_address": "scsi:0:0",
                "disk_mode": "persistent",
                "disk_sharing": "sharingNone",
                "eagerly_scrub": false,
                "io_limit": -1,
                "io_reservation": 0,
                "io_share_count": 1000,
                "io_share_level": "normal",
                "keep_on_remove": false,
                "key": 2000,
                "label": "disk0",
                "name": "",
                "path": "35efc15d-9881-72a7-855a-000af7ef6ff0/CNP-OCP-COMP0-1.vmdk",
                "size": 60,
                "thin_provisioned": true,
                "unit_number": 0,
                "uuid": "6000C29b-2df1-addd-6764-cc0516c37205",
                "write_through": false
              }
            ],
            "efi_secure_boot_enabled": null,
            "enable_disk_uuid": true,
            "enable_logging": null,
            "ept_rvi_mode": "automatic",
            "extra_config": null,
            "firmware": "bios",
            "folder": "Red Hat ocp",
            "force_power_off": true,
            "guest_id": "other4xLinux64Guest",
            "guest_ip_addresses": null,
            "host_system_id": null,
            "hv_mode": "hvAuto",
            "id": "423f2fbf-95d7-b381-2b34-508e4e2507e9",
            "ignored_guest_ips": null,
            "imported": null,
            "latency_sensitivity": "normal",
            "memory": 8192,
            "memory_hot_add_enabled": null,
            "memory_limit": -1,
            "memory_reservation": null,
            "memory_share_count": null,
            "memory_share_level": "normal",
            "migrate_wait_timeout": 30,
            "moid": null,
            "name": "CNP-OCP-COMP0-1",
            "nested_hv_enabled": null,
            "network_interface": [
              {
                "adapter_type": "vmxnet3",
                "bandwidth_limit": -1,
                "bandwidth_reservation": 0,
                "bandwidth_share_count": 0,
                "bandwidth_share_level": "normal",
                "device_address": "pci:0:7",
                "key": 4000,
                "mac_address": "",
                "network_id": "network-609",
                "use_static_mac": false
              }
            ],
            "num_cores_per_socket": 1,
            "num_cpus": 4,
            "reboot_required": true,
            "resource_pool_id": "resgroup-1020",
            "run_tools_scripts_after_power_on": true,
            "run_tools_scripts_after_resume": true,
            "run_tools_scripts_before_guest_reboot": null,
            "run_tools_scripts_before_guest_shutdown": true,
            "run_tools_scripts_before_guest_standby": true,
            "scsi_bus_sharing": "noSharing",
            "scsi_controller_count": 1,
            "scsi_type": "pvscsi",
            "shutdown_wait_timeout": 3,
            "swap_placement_policy": "inherit",
            "sync_time_with_host": null,
            "tags": null,
            "uuid": null,
            "vapp": [
              {
                "properties": {}
              }
            ],
            "vapp_transport": [
              "com.vmware.guestInfo"
            ],
            "vmware_tools_status": null,
            "vmx_path": null,
            "wait_for_guest_ip_timeout": 0,
            "wait_for_guest_net_routable": false,
            "wait_for_guest_net_timeout": 0
          },
          "depends_on": [
            "data.ignition_config.ign",
            "data.vsphere_datastore.datastore",
            "data.vsphere_network.network",
            "data.vsphere_virtual_machine.template"
          ]
        },
        {
          "index_key": 2,
          "status": "tainted",
          "schema_version": 3,
          "attributes": {
            "alternate_guest_name": null,
            "annotation": null,
            "boot_delay": null,
            "boot_retry_delay": 10000,
            "boot_retry_enabled": null,
            "cdrom": [],
            "change_version": null,
            "clone": [
              {
                "customize": [],
                "linked_clone": false,
                "template_uuid": "423fe7cf-42cb-0acb-2351-211c306133d7",
                "timeout": 30
              }
            ],
            "cpu_hot_add_enabled": null,
            "cpu_hot_remove_enabled": null,
            "cpu_limit": -1,
            "cpu_performance_counters_enabled": null,
            "cpu_reservation": null,
            "cpu_share_count": null,
            "cpu_share_level": "normal",
            "custom_attributes": null,
            "datastore_cluster_id": null,
            "datastore_id": "datastore-41",
            "default_ip_address": null,
            "disk": [
              {
                "attach": false,
                "datastore_id": "datastore-41",
                "device_address": "scsi:0:0",
                "disk_mode": "persistent",
                "disk_sharing": "sharingNone",
                "eagerly_scrub": false,
                "io_limit": -1,
                "io_reservation": 0,
                "io_share_count": 1000,
                "io_share_level": "normal",
                "keep_on_remove": false,
                "key": 2000,
                "label": "disk0",
                "name": "",
                "path": "35efc15d-ee70-7ba3-978d-000af7ef6ff0/CNP-OCP-COMP0-2.vmdk",
                "size": 60,
                "thin_provisioned": true,
                "unit_number": 0,
                "uuid": "6000C298-00a7-833b-78a0-c02df6258f04",
                "write_through": false
              }
            ],
            "efi_secure_boot_enabled": null,
            "enable_disk_uuid": true,
            "enable_logging": null,
            "ept_rvi_mode": "automatic",
            "extra_config": null,
            "firmware": "bios",
            "folder": "Red Hat ocp",
            "force_power_off": true,
            "guest_id": "other4xLinux64Guest",
            "guest_ip_addresses": null,
            "host_system_id": null,
            "hv_mode": "hvAuto",
            "id": "423fbdf4-4aea-d8b4-1834-d6ac6efac5ed",
            "ignored_guest_ips": null,
            "imported": null,
            "latency_sensitivity": "normal",
            "memory": 8192,
            "memory_hot_add_enabled": null,
            "memory_limit": -1,
            "memory_reservation": null,
            "memory_share_count": null,
            "memory_share_level": "normal",
            "migrate_wait_timeout": 30,
            "moid": null,
            "name": "CNP-OCP-COMP0-2",
            "nested_hv_enabled": null,
            "network_interface": [
              {
                "adapter_type": "vmxnet3",
                "bandwidth_limit": -1,
                "bandwidth_reservation": 0,
                "bandwidth_share_count": 0,
                "bandwidth_share_level": "normal",
                "device_address": "pci:0:7",
                "key": 4000,
                "mac_address": "",
                "network_id": "network-609",
                "use_static_mac": false
              }
            ],
            "num_cores_per_socket": 1,
            "num_cpus": 4,
            "reboot_required": true,
            "resource_pool_id": "resgroup-1020",
            "run_tools_scripts_after_power_on": true,
            "run_tools_scripts_after_resume": true,
            "run_tools_scripts_before_guest_reboot": null,
            "run_tools_scripts_before_guest_shutdown": true,
            "run_tools_scripts_before_guest_standby": true,
            "scsi_bus_sharing": "noSharing",
            "scsi_controller_count": 1,
            "scsi_type": "pvscsi",
            "shutdown_wait_timeout": 3,
            "swap_placement_policy": "inherit",
            "sync_time_with_host": null,
            "tags": null,
            "uuid": null,
            "vapp": [
              {
                "properties": {}
              }
            ],
            "vapp_transport": [
              "com.vmware.guestInfo"
            ],
            "vmware_tools_status": null,
            "vmx_path": null,
            "wait_for_guest_ip_timeout": 0,
            "wait_for_guest_net_routable": false,
            "wait_for_guest_net_timeout": 0
          },
          "depends_on": [
            "data.ignition_config.ign",
            "data.vsphere_datastore.datastore",
            "data.vsphere_network.network",
            "data.vsphere_virtual_machine.template"
          ]
        }
      ]
    },
    {
      "module": "module.control_plane",
      "mode": "managed",
      "type": "vsphere_virtual_machine",
      "name": "vm",
      "each": "list",
      "provider": "provider.vsphere",
      "instances": [
        {
          "index_key": 0,
          "status": "tainted",
          "schema_version": 3,
          "attributes": {
            "alternate_guest_name": null,
            "annotation": null,
            "boot_delay": null,
            "boot_retry_delay": 10000,
            "boot_retry_enabled": null,
            "cdrom": [],
            "change_version": null,
            "clone": [
              {
                "customize": [],
                "linked_clone": false,
                "template_uuid": "423fe7cf-42cb-0acb-2351-211c306133d7",
                "timeout": 30
              }
            ],
            "cpu_hot_add_enabled": null,
            "cpu_hot_remove_enabled": null,
            "cpu_limit": -1,
            "cpu_performance_counters_enabled": null,
            "cpu_reservation": null,
            "cpu_share_count": null,
            "cpu_share_level": "normal",
            "custom_attributes": null,
            "datastore_cluster_id": null,
            "datastore_id": "datastore-41",
            "default_ip_address": null,
            "disk": [
              {
                "attach": false,
                "datastore_id": "datastore-41",
                "device_address": "scsi:0:0",
                "disk_mode": "persistent",
                "disk_sharing": "sharingNone",
                "eagerly_scrub": false,
                "io_limit": -1,
                "io_reservation": 0,
                "io_share_count": 1000,
                "io_share_level": "normal",
                "keep_on_remove": false,
                "key": 2000,
                "label": "disk0",
                "name": "",
                "path": "35efc15d-e491-c144-8c95-000af7ef6f70/CNP-OCP-CTL0-0.vmdk",
                "size": 60,
                "thin_provisioned": true,
                "unit_number": 0,
                "uuid": "6000C29a-8b64-1610-7a3b-9e243bf699fe",
                "write_through": false
              }
            ],
            "efi_secure_boot_enabled": null,
            "enable_disk_uuid": true,
            "enable_logging": null,
            "ept_rvi_mode": "automatic",
            "extra_config": null,
            "firmware": "bios",
            "folder": "Red Hat ocp",
            "force_power_off": true,
            "guest_id": "other4xLinux64Guest",
            "guest_ip_addresses": null,
            "host_system_id": null,
            "hv_mode": "hvAuto",
            "id": "423f30fd-8df4-615d-2154-cdc94574c40f",
            "ignored_guest_ips": null,
            "imported": null,
            "latency_sensitivity": "normal",
            "memory": 8192,
            "memory_hot_add_enabled": null,
            "memory_limit": -1,
            "memory_reservation": null,
            "memory_share_count": null,
            "memory_share_level": "normal",
            "migrate_wait_timeout": 30,
            "moid": null,
            "name": "CNP-OCP-CTL0-0",
            "nested_hv_enabled": null,
            "network_interface": [
              {
                "adapter_type": "vmxnet3",
                "bandwidth_limit": -1,
                "bandwidth_reservation": 0,
                "bandwidth_share_count": 0,
                "bandwidth_share_level": "normal",
                "device_address": "pci:0:7",
                "key": 4000,
                "mac_address": "",
                "network_id": "network-609",
                "use_static_mac": false
              }
            ],
            "num_cores_per_socket": 1,
            "num_cpus": 4,
            "reboot_required": true,
            "resource_pool_id": "resgroup-1020",
            "run_tools_scripts_after_power_on": true,
            "run_tools_scripts_after_resume": true,
            "run_tools_scripts_before_guest_reboot": null,
            "run_tools_scripts_before_guest_shutdown": true,
            "run_tools_scripts_before_guest_standby": true,
            "scsi_bus_sharing": "noSharing",
            "scsi_controller_count": 1,
            "scsi_type": "pvscsi",
            "shutdown_wait_timeout": 3,
            "swap_placement_policy": "inherit",
            "sync_time_with_host": null,
            "tags": null,
            "uuid": null,
            "vapp": [
              {
                "properties": {}
              }
            ],
            "vapp_transport": [
              "com.vmware.guestInfo"
            ],
            "vmware_tools_status": null,
            "vmx_path": null,
            "wait_for_guest_ip_timeout": 0,
            "wait_for_guest_net_routable": false,
            "wait_for_guest_net_timeout": 0
          },
          "depends_on": [
            "data.ignition_config.ign",
            "data.vsphere_datastore.datastore",
            "data.vsphere_network.network",
            "data.vsphere_virtual_machine.template"
          ]
        },
        {
          "index_key": 1,
          "status": "tainted",
          "schema_version": 3,
          "attributes": {
            "alternate_guest_name": null,
            "annotation": null,
            "boot_delay": null,
            "boot_retry_delay": 10000,
            "boot_retry_enabled": null,
            "cdrom": [],
            "change_version": null,
            "clone": [
              {
                "customize": [],
                "linked_clone": false,
                "template_uuid": "423fe7cf-42cb-0acb-2351-211c306133d7",
                "timeout": 30
              }
            ],
            "cpu_hot_add_enabled": null,
            "cpu_hot_remove_enabled": null,
            "cpu_limit": -1,
            "cpu_performance_counters_enabled": null,
            "cpu_reservation": null,
            "cpu_share_count": null,
            "cpu_share_level": "normal",
            "custom_attributes": null,
            "datastore_cluster_id": null,
            "datastore_id": "datastore-41",
            "default_ip_address": null,
            "disk": [
              {
                "attach": false,
                "datastore_id": "datastore-41",
                "device_address": "scsi:0:0",
                "disk_mode": "persistent",
                "disk_sharing": "sharingNone",
                "eagerly_scrub": false,
                "io_limit": -1,
                "io_reservation": 0,
                "io_share_count": 1000,
                "io_share_level": "normal",
                "keep_on_remove": false,
                "key": 2000,
                "label": "disk0",
                "name": "",
                "path": "35efc15d-44b9-87bc-fafd-000af7ef7c40/CNP-OCP-CTL0-1.vmdk",
                "size": 60,
                "thin_provisioned": true,
                "unit_number": 0,
                "uuid": "6000C290-5c24-25f8-2788-c20666bb6c66",
                "write_through": false
              }
            ],
            "efi_secure_boot_enabled": null,
            "enable_disk_uuid": true,
            "enable_logging": null,
            "ept_rvi_mode": "automatic",
            "extra_config": null,
            "firmware": "bios",
            "folder": "Red Hat ocp",
            "force_power_off": true,
            "guest_id": "other4xLinux64Guest",
            "guest_ip_addresses": null,
            "host_system_id": null,
            "hv_mode": "hvAuto",
            "id": "423fd9ed-ebdc-6b5c-fcc9-aa4e073f16d4",
            "ignored_guest_ips": null,
            "imported": null,
            "latency_sensitivity": "normal",
            "memory": 8192,
            "memory_hot_add_enabled": null,
            "memory_limit": -1,
            "memory_reservation": null,
            "memory_share_count": null,
            "memory_share_level": "normal",
            "migrate_wait_timeout": 30,
            "moid": null,
            "name": "CNP-OCP-CTL0-1",
            "nested_hv_enabled": null,
            "network_interface": [
              {
                "adapter_type": "vmxnet3",
                "bandwidth_limit": -1,
                "bandwidth_reservation": 0,
                "bandwidth_share_count": 0,
                "bandwidth_share_level": "normal",
                "device_address": "pci:0:7",
                "key": 4000,
                "mac_address": "",
                "network_id": "network-609",
                "use_static_mac": false
              }
            ],
            "num_cores_per_socket": 1,
            "num_cpus": 4,
            "reboot_required": true,
            "resource_pool_id": "resgroup-1020",
            "run_tools_scripts_after_power_on": true,
            "run_tools_scripts_after_resume": true,
            "run_tools_scripts_before_guest_reboot": null,
            "run_tools_scripts_before_guest_shutdown": true,
            "run_tools_scripts_before_guest_standby": true,
            "scsi_bus_sharing": "noSharing",
            "scsi_controller_count": 1,
            "scsi_type": "pvscsi",
            "shutdown_wait_timeout": 3,
            "swap_placement_policy": "inherit",
            "sync_time_with_host": null,
            "tags": null,
            "uuid": null,
            "vapp": [
              {
                "properties": {}
              }
            ],
            "vapp_transport": [
              "com.vmware.guestInfo"
            ],
            "vmware_tools_status": null,
            "vmx_path": null,
            "wait_for_guest_ip_timeout": 0,
            "wait_for_guest_net_routable": false,
            "wait_for_guest_net_timeout": 0
          },
          "depends_on": [
            "data.ignition_config.ign",
            "data.vsphere_datastore.datastore",
            "data.vsphere_network.network",
            "data.vsphere_virtual_machine.template"
          ]
        },
        {
          "index_key": 2,
          "status": "tainted",
          "schema_version": 3,
          "attributes": {
            "alternate_guest_name": null,
            "annotation": null,
            "boot_delay": null,
            "boot_retry_delay": 10000,
            "boot_retry_enabled": null,
            "cdrom": [],
            "change_version": null,
            "clone": [
              {
                "customize": [],
                "linked_clone": false,
                "template_uuid": "423fe7cf-42cb-0acb-2351-211c306133d7",
                "timeout": 30
              }
            ],
            "cpu_hot_add_enabled": null,
            "cpu_hot_remove_enabled": null,
            "cpu_limit": -1,
            "cpu_performance_counters_enabled": null,
            "cpu_reservation": null,
            "cpu_share_count": null,
            "cpu_share_level": "normal",
            "custom_attributes": null,
            "datastore_cluster_id": null,
            "datastore_id": "datastore-41",
            "default_ip_address": null,
            "disk": [
              {
                "attach": false,
                "datastore_id": "datastore-41",
                "device_address": "scsi:0:0",
                "disk_mode": "persistent",
                "disk_sharing": "sharingNone",
                "eagerly_scrub": false,
                "io_limit": -1,
                "io_reservation": 0,
                "io_share_count": 1000,
                "io_share_level": "normal",
                "keep_on_remove": false,
                "key": 2000,
                "label": "disk0",
                "name": "",
                "path": "35efc15d-deee-6fc9-418f-000af7ef6f60/CNP-OCP-CTL0-2.vmdk",
                "size": 60,
                "thin_provisioned": true,
                "unit_number": 0,
                "uuid": "6000C293-7b3d-ed5f-50ac-ef32cd5f1d52",
                "write_through": false
              }
            ],
            "efi_secure_boot_enabled": null,
            "enable_disk_uuid": true,
            "enable_logging": null,
            "ept_rvi_mode": "automatic",
            "extra_config": null,
            "firmware": "bios",
            "folder": "Red Hat ocp",
            "force_power_off": true,
            "guest_id": "other4xLinux64Guest",
            "guest_ip_addresses": null,
            "host_system_id": null,
            "hv_mode": "hvAuto",
            "id": "423f3a69-21b7-b919-1555-e759c710bddc",
            "ignored_guest_ips": null,
            "imported": null,
            "latency_sensitivity": "normal",
            "memory": 8192,
            "memory_hot_add_enabled": null,
            "memory_limit": -1,
            "memory_reservation": null,
            "memory_share_count": null,
            "memory_share_level": "normal",
            "migrate_wait_timeout": 30,
            "moid": null,
            "name": "CNP-OCP-CTL0-2",
            "nested_hv_enabled": null,
            "network_interface": [
              {
                "adapter_type": "vmxnet3",
                "bandwidth_limit": -1,
                "bandwidth_reservation": 0,
                "bandwidth_share_count": 0,
                "bandwidth_share_level": "normal",
                "device_address": "pci:0:7",
                "key": 4000,
                "mac_address": "",
                "network_id": "network-609",
                "use_static_mac": false
              }
            ],
            "num_cores_per_socket": 1,
            "num_cpus": 4,
            "reboot_required": true,
            "resource_pool_id": "resgroup-1020",
            "run_tools_scripts_after_power_on": true,
            "run_tools_scripts_after_resume": true,
            "run_tools_scripts_before_guest_reboot": null,
            "run_tools_scripts_before_guest_shutdown": true,
            "run_tools_scripts_before_guest_standby": true,
            "scsi_bus_sharing": "noSharing",
            "scsi_controller_count": 1,
            "scsi_type": "pvscsi",
            "shutdown_wait_timeout": 3,
            "swap_placement_policy": "inherit",
            "sync_time_with_host": null,
            "tags": null,
            "uuid": null,
            "vapp": [
              {
                "properties": {}
              }
            ],
            "vapp_transport": [
              "com.vmware.guestInfo"
            ],
            "vmware_tools_status": null,
            "vmx_path": null,
            "wait_for_guest_ip_timeout": 0,
            "wait_for_guest_net_routable": false,
            "wait_for_guest_net_timeout": 0
          },
          "depends_on": [
            "data.ignition_config.ign",
            "data.vsphere_datastore.datastore",
            "data.vsphere_network.network",
            "data.vsphere_virtual_machine.template"
          ]
        }
      ]
    },
    {
      "module": "module.bootstrap",
      "mode": "managed",
      "type": "vsphere_virtual_machine",
      "name": "vm",
      "each": "list",
      "provider": "provider.vsphere",
      "instances": [
        {
          "index_key": 0,
          "status": "tainted",
          "schema_version": 3,
          "attributes": {
            "alternate_guest_name": null,
            "annotation": null,
            "boot_delay": null,
            "boot_retry_delay": 10000,
            "boot_retry_enabled": null,
            "cdrom": [],
            "change_version": null,
            "clone": [
              {
                "customize": [],
                "linked_clone": false,
                "template_uuid": "423fe7cf-42cb-0acb-2351-211c306133d7",
                "timeout": 30
              }
            ],
            "cpu_hot_add_enabled": null,
            "cpu_hot_remove_enabled": null,
            "cpu_limit": -1,
            "cpu_performance_counters_enabled": null,
            "cpu_reservation": null,
            "cpu_share_count": null,
            "cpu_share_level": "normal",
            "custom_attributes": null,
            "datastore_cluster_id": null,
            "datastore_id": "datastore-41",
            "default_ip_address": null,
            "disk": [
              {
                "attach": false,
                "datastore_id": "datastore-41",
                "device_address": "scsi:0:0",
                "disk_mode": "persistent",
                "disk_sharing": "sharingNone",
                "eagerly_scrub": false,
                "io_limit": -1,
                "io_reservation": 0,
                "io_share_count": 1000,
                "io_share_level": "normal",
                "keep_on_remove": false,
                "key": 2000,
                "label": "disk0",
                "name": "",
                "path": "35efc15d-8e05-7cb7-3025-000af7ef7c40/CNP-OCP-BOOT0-0.vmdk",
                "size": 60,
                "thin_provisioned": true,
                "unit_number": 0,
                "uuid": "6000C299-a2bb-d47e-a2aa-e6206a9dbfc8",
                "write_through": false
              }
            ],
            "efi_secure_boot_enabled": null,
            "enable_disk_uuid": true,
            "enable_logging": null,
            "ept_rvi_mode": "automatic",
            "extra_config": null,
            "firmware": "bios",
            "folder": "Red Hat ocp",
            "force_power_off": true,
            "guest_id": "other4xLinux64Guest",
            "guest_ip_addresses": null,
            "host_system_id": null,
            "hv_mode": "hvAuto",
            "id": "423fd419-d364-0014-e580-4701de07c8d1",
            "ignored_guest_ips": null,
            "imported": null,
            "latency_sensitivity": "normal",
            "memory": 8192,
            "memory_hot_add_enabled": null,
            "memory_limit": -1,
            "memory_reservation": null,
            "memory_share_count": null,
            "memory_share_level": "normal",
            "migrate_wait_timeout": 30,
            "moid": null,
            "name": "CNP-OCP-BOOT0-0",
            "nested_hv_enabled": null,
            "network_interface": [
              {
                "adapter_type": "vmxnet3",
                "bandwidth_limit": -1,
                "bandwidth_reservation": 0,
                "bandwidth_share_count": 0,
                "bandwidth_share_level": "normal",
                "device_address": "pci:0:7",
                "key": 4000,
                "mac_address": "",
                "network_id": "network-609",
                "use_static_mac": false
              }
            ],
            "num_cores_per_socket": 1,
            "num_cpus": 4,
            "reboot_required": true,
            "resource_pool_id": "resgroup-1020",
            "run_tools_scripts_after_power_on": true,
            "run_tools_scripts_after_resume": true,
            "run_tools_scripts_before_guest_reboot": null,
            "run_tools_scripts_before_guest_shutdown": true,
            "run_tools_scripts_before_guest_standby": true,
            "scsi_bus_sharing": "noSharing",
            "scsi_controller_count": 1,
            "scsi_type": "pvscsi",
            "shutdown_wait_timeout": 3,
            "swap_placement_policy": "inherit",
            "sync_time_with_host": null,
            "tags": null,
            "uuid": null,
            "vapp": [
              {
                "properties": {}
              }
            ],
            "vapp_transport": [
              "com.vmware.guestInfo"
            ],
            "vmware_tools_status": null,
            "vmx_path": null,
            "wait_for_guest_ip_timeout": 0,
            "wait_for_guest_net_routable": false,
            "wait_for_guest_net_timeout": 0
          },
          "depends_on": [
            "data.ignition_config.ign",
            "data.vsphere_datastore.datastore",
            "data.vsphere_network.network",
            "data.vsphere_virtual_machine.template"
          ]
        }
      ]
    }
  ]
}
